
Microsoft Visual Studio Solution File, Format Version 12.00
# Visual Studio Version 17
VisualStudioVersion = 17.7.34031.279
MinimumVisualStudioVersion = 10.0.40219.1
Project("{8BC9CEB8-8B4A-11D0-8D11-00A0C91BC942}") = "Bai167", "Bai167\Bai167.vcxproj", "{B48E03E1-5C45-41E9-ACE9-7A10D7CFB177}"
EndProject
Project("{8BC9CEB8-8B4A-11D0-8D11-00A0C91BC942}") = "Bai166", "Bai166\Bai166.vcxproj", "{FADB1714-D62F-4EFF-AF72-2C0D855A9574}"
EndProject
Project("{8BC9CEB8-8B4A-11D0-8D11-00A0C91BC942}") = "Bai165", "Bai165\Bai165.vcxproj", "{A5A17125-AA1C-491E-BF63-71FF88DE33DB}"
EndProject
Project("{8BC9CEB8-8B4A-11D0-8D11-00A0C91BC942}") = "Bai164", "Bai164\Bai164.vcxproj", "{1366936A-A8BE-474E-83B1-FD6471519CA8}"
EndProject
Project("{8BC9CEB8-8B4A-11D0-8D11-00A0C91BC942}") = "Bai163", "Bai163\Bai163.vcxproj", "{F91CE3E8-EFA8-4176-95C6-8B0973AA000B}"
EndProject
Project("{8BC9CEB8-8B4A-11D0-8D11-00A0C91BC942}") = "Bai162", "Bai162\Bai162.vcxproj", "{9C9ED87F-0AAE-41AB-896C-695FB410A758}"
EndProject
Project("{8BC9CEB8-8B4A-11D0-8D11-00A0C91BC942}") = "Bai161", "Bai161\Bai161.vcxproj", "{C58588B6-96D9-42D1-9008-2DE437A08619}"
EndProject
Project("{8BC9CEB8-8B4A-11D0-8D11-00A0C91BC942}") = "Bai160", "Bai160\Bai160.vcxproj", "{6D9E4916-07EA-42A9-A2DF-C04992ECA0BB}"
EndProject
Project("{8BC9CEB8-8B4A-11D0-8D11-00A0C91BC942}") = "Bai159", "Bai159\Bai159.vcxproj", "{04B64CD4-A25B-4333-8FD0-83E480573F50}"
EndProject
Project("{8BC9CEB8-8B4A-11D0-8D11-00A0C91BC942}") = "Bai158", "Bai158\Bai158.vcxproj", "{7B966B57-BC2D-4B8C-AECA-A5314E8EBAED}"
EndProject
Project("{8BC9CEB8-8B4A-11D0-8D11-00A0C91BC942}") = "Bai157", "Bai157\Bai157.vcxproj", "{5DCB38CE-41C7-4EB1-B6A9-1ED2E7F2568F}"
EndProject
Project("{8BC9CEB8-8B4A-11D0-8D11-00A0C91BC942}") = "Bai156", "Bai156\Bai156.vcxproj", "{EB049BE8-8F3B-4CAF-8824-6F47A9CCA6FE}"
EndProject
Project("{8BC9CEB8-8B4A-11D0-8D11-00A0C91BC942}") = "Bai155", "Bai155\Bai155.vcxproj", "{B5817EF5-D8D0-403F-8E48-692B0E69E997}"
EndProject
Project("{8BC9CEB8-8B4A-11D0-8D11-00A0C91BC942}") = "Bai154", "Bai154\Bai154.vcxproj", "{EEAE8EF1-2D53-44DF-A3BE-A575DE06931F}"
EndProject
Project("{8BC9CEB8-8B4A-11D0-8D11-00A0C91BC942}") = "Bai153", "Bai153\Bai153.vcxproj", "{A0DC5FD3-5B1A-4E9A-8C6D-02C8680203D8}"
EndProject
Project("{8BC9CEB8-8B4A-11D0-8D11-00A0C91BC942}") = "Bai152", "Bai152\Bai152.vcxproj", "{9112E80D-F188-49B8-AFF1-5317AD94622E}"
EndProject
Project("{8BC9CEB8-8B4A-11D0-8D11-00A0C91BC942}") = "Bai151", "Bai151\Bai151.vcxproj", "{42224C01-29AA-4FC2-A595-88B040BF71D0}"
EndProject
Project("{8BC9CEB8-8B4A-11D0-8D11-00A0C91BC942}") = "Bai150", "Bai150\Bai150.vcxproj", "{5C699EB5-5A5D-486D-B454-4C7A1745CD01}"
EndProject
Project("{8BC9CEB8-8B4A-11D0-8D11-00A0C91BC942}") = "Bai149", "Bai149\Bai149.vcxproj", "{9E172F31-9B17-49AE-AE73-9BC32267E478}"
EndProject
Project("{8BC9CEB8-8B4A-11D0-8D11-00A0C91BC942}") = "Bai148", "Bai148\Bai148.vcxproj", "{2ACC5B80-BC39-481F-90FE-B939EC944172}"
EndProject
Project("{8BC9CEB8-8B4A-11D0-8D11-00A0C91BC942}") = "Bai147", "Bai147\Bai147.vcxproj", "{39684EB8-77E2-4233-A722-4A7F60E48953}"
EndProject
Project("{8BC9CEB8-8B4A-11D0-8D11-00A0C91BC942}") = "Bai146", "Bai146\Bai146.vcxproj", "{4A793C37-2034-475D-8B49-F5998F7490F3}"
EndProject
Project("{8BC9CEB8-8B4A-11D0-8D11-00A0C91BC942}") = "Bai145", "Bai145\Bai145.vcxproj", "{98BEAD1D-2892-4E9D-B7E8-9D7C965FC596}"
EndProject
Project("{8BC9CEB8-8B4A-11D0-8D11-00A0C91BC942}") = "Bai144", "Bai144\Bai144.vcxproj", "{65CC8775-B174-4BF6-8436-8493FE3690A8}"
EndProject
Project("{8BC9CEB8-8B4A-11D0-8D11-00A0C91BC942}") = "Bai143", "Bai143\Bai143.vcxproj", "{DDB0AE4C-A90B-4420-8CFD-24D6FFF33F48}"
EndProject
Project("{8BC9CEB8-8B4A-11D0-8D11-00A0C91BC942}") = "Bai142", "Bai142\Bai142.vcxproj", "{A547F6F3-18FF-43A3-88FA-429C7851F725}"
EndProject
Project("{8BC9CEB8-8B4A-11D0-8D11-00A0C91BC942}") = "Bai141", "Bai141\Bai141.vcxproj", "{4AAF4714-B0ED-448F-952E-474B5F28FA34}"
EndProject
Project("{8BC9CEB8-8B4A-11D0-8D11-00A0C91BC942}") = "Bai140", "Bai140\Bai140.vcxproj", "{75494475-6444-4C9A-A6E2-A68CFFEC2F60}"
EndProject
Project("{8BC9CEB8-8B4A-11D0-8D11-00A0C91BC942}") = "Bai139", "Bai139\Bai139.vcxproj", "{845CEF24-615E-4A0C-A450-3BD06B026544}"
EndProject
Project("{8BC9CEB8-8B4A-11D0-8D11-00A0C91BC942}") = "Bai138", "Bai138\Bai138.vcxproj", "{80D53DEA-A349-4EAA-968B-56D95DA2E47E}"
EndProject
Project("{8BC9CEB8-8B4A-11D0-8D11-00A0C91BC942}") = "Bai137", "Bai137\Bai137.vcxproj", "{B3249050-8F15-415A-8B4B-7AAE191B424E}"
EndProject
Project("{8BC9CEB8-8B4A-11D0-8D11-00A0C91BC942}") = "Bai136", "Bai136\Bai136.vcxproj", "{68797853-B9E0-46EA-B7B1-D70CEDCB1DFB}"
EndProject
Project("{8BC9CEB8-8B4A-11D0-8D11-00A0C91BC942}") = "Bai135", "Bai135\Bai135.vcxproj", "{F9F69DB1-B164-4089-B057-E2D9E20D0978}"
EndProject
Project("{8BC9CEB8-8B4A-11D0-8D11-00A0C91BC942}") = "Bai134", "Bai134\Bai134.vcxproj", "{8ABE43DA-208F-420B-BA0E-886EA65C512E}"
EndProject
Project("{8BC9CEB8-8B4A-11D0-8D11-00A0C91BC942}") = "Bai133", "Bai133\Bai133.vcxproj", "{D55DF2FC-A1F2-4795-9AB7-25C88D9198AC}"
EndProject
Project("{8BC9CEB8-8B4A-11D0-8D11-00A0C91BC942}") = "Bai132", "Bai132\Bai132.vcxproj", "{3515270F-8E50-4A97-92BF-144510EA8922}"
EndProject
Project("{8BC9CEB8-8B4A-11D0-8D11-00A0C91BC942}") = "Bai131", "Bai131\Bai131.vcxproj", "{7282473C-D3A7-4239-8E02-54E022C64377}"
EndProject
Project("{8BC9CEB8-8B4A-11D0-8D11-00A0C91BC942}") = "Bai130", "Bai130\Bai130.vcxproj", "{0F7FA4BF-12DF-4F69-B476-54265F3524EB}"
EndProject
Project("{8BC9CEB8-8B4A-11D0-8D11-00A0C91BC942}") = "Bai129", "Bai129\Bai129.vcxproj", "{E0A6A0F0-3B2D-45B4-A7E3-CF74C25AB848}"
EndProject
Project("{8BC9CEB8-8B4A-11D0-8D11-00A0C91BC942}") = "Bai128", "Bai128\Bai128.vcxproj", "{804A5873-C389-45DA-BEEF-70C1E46EFF0A}"
EndProject
Project("{8BC9CEB8-8B4A-11D0-8D11-00A0C91BC942}") = "Bai127", "Bai127\Bai127.vcxproj", "{1B2A3E6C-7896-4FDB-8F53-B3EB0B9D2CC2}"
EndProject
Project("{8BC9CEB8-8B4A-11D0-8D11-00A0C91BC942}") = "Bai085", "Bai085\Bai085.vcxproj", "{D8999173-CCCC-470D-932C-40271B00485A}"
EndProject
Project("{8BC9CEB8-8B4A-11D0-8D11-00A0C91BC942}") = "Bai086", "Bai086\Bai086.vcxproj", "{577D9115-637B-49B0-8C1C-839D80E817C0}"
EndProject
Project("{8BC9CEB8-8B4A-11D0-8D11-00A0C91BC942}") = "Bai087", "Bai087\Bai087.vcxproj", "{AA35E3D8-185A-466C-9F4C-E2CCDF455A8A}"
EndProject
Project("{8BC9CEB8-8B4A-11D0-8D11-00A0C91BC942}") = "Bai089", "Bai089\Bai089.vcxproj", "{7D0A104D-D4A6-4B7B-AD71-43F86240FA5C}"
EndProject
Project("{8BC9CEB8-8B4A-11D0-8D11-00A0C91BC942}") = "Bai090", "Bai090\Bai090.vcxproj", "{9D0B6879-AF63-4C06-A9D0-1A38D755ADC2}"
EndProject
Project("{8BC9CEB8-8B4A-11D0-8D11-00A0C91BC942}") = "Bai091", "Bai091\Bai091.vcxproj", "{9C0A4F16-2448-47AA-8A57-103F54F22423}"
EndProject
Project("{8BC9CEB8-8B4A-11D0-8D11-00A0C91BC942}") = "Bai092", "Bai092\Bai092.vcxproj", "{8AA72E03-91C3-48F2-B97A-F7EF29F61767}"
EndProject
Project("{8BC9CEB8-8B4A-11D0-8D11-00A0C91BC942}") = "Bai093", "Bai093\Bai093.vcxproj", "{B1638509-3A5E-4963-AEAC-B207CD9EE906}"
EndProject
Project("{8BC9CEB8-8B4A-11D0-8D11-00A0C91BC942}") = "Bai094", "Bai094\Bai094.vcxproj", "{9D29D12D-9E59-42C4-8BC9-64E1FCF76331}"
EndProject
Project("{8BC9CEB8-8B4A-11D0-8D11-00A0C91BC942}") = "Bai095", "Bai095\Bai095.vcxproj", "{34CC3B45-3B83-4EDA-A9A6-4076F0DC5DDE}"
EndProject
Project("{8BC9CEB8-8B4A-11D0-8D11-00A0C91BC942}") = "Bai096", "Bai096\Bai096.vcxproj", "{B1BC6278-E97D-470F-8DFC-AB2E506FBEBB}"
EndProject
Project("{8BC9CEB8-8B4A-11D0-8D11-00A0C91BC942}") = "Bai097", "Bai097\Bai097.vcxproj", "{02CF67C6-EF7D-4BCB-843E-75852D9C7A06}"
EndProject
Project("{8BC9CEB8-8B4A-11D0-8D11-00A0C91BC942}") = "Bai098", "Bai098\Bai098.vcxproj", "{956C89F5-B771-4605-BF58-5D2B49E4DD7F}"
EndProject
Project("{8BC9CEB8-8B4A-11D0-8D11-00A0C91BC942}") = "Bai099", "Bai099\Bai099.vcxproj", "{B02E412B-8A69-473D-91CB-6E0C2F9B1CD0}"
EndProject
Project("{8BC9CEB8-8B4A-11D0-8D11-00A0C91BC942}") = "Bai100", "Bai100\Bai100.vcxproj", "{7392A3A1-3370-409C-9944-DBB589083FE9}"
EndProject
Project("{8BC9CEB8-8B4A-11D0-8D11-00A0C91BC942}") = "Bai101", "Bai101\Bai101.vcxproj", "{50D4A90F-1FB6-4734-856A-CA71ABA62CD0}"
EndProject
Project("{8BC9CEB8-8B4A-11D0-8D11-00A0C91BC942}") = "Bai102", "Bai102\Bai102.vcxproj", "{DE983617-0244-4016-B090-5B0736814AA0}"
EndProject
Project("{8BC9CEB8-8B4A-11D0-8D11-00A0C91BC942}") = "Bai103", "Bai103\Bai103.vcxproj", "{A77E0474-C353-41E5-8BE2-962F532E959E}"
EndProject
Project("{8BC9CEB8-8B4A-11D0-8D11-00A0C91BC942}") = "Bai104", "Bai104\Bai104.vcxproj", "{A6112CBB-7421-40CC-BE94-DCCEDC9C8FB2}"
EndProject
Project("{8BC9CEB8-8B4A-11D0-8D11-00A0C91BC942}") = "Bai105", "Bai105\Bai105.vcxproj", "{0897151F-DA8A-47A7-8C9F-537F621B75F6}"
EndProject
Project("{8BC9CEB8-8B4A-11D0-8D11-00A0C91BC942}") = "Bai106", "Bai106\Bai106.vcxproj", "{25B5E52A-C72D-403E-B506-89A23E911742}"
EndProject
Project("{8BC9CEB8-8B4A-11D0-8D11-00A0C91BC942}") = "Bai107", "Bai107\Bai107.vcxproj", "{6803A0F3-16CB-4222-8398-2A2A821DE4B4}"
EndProject
Project("{8BC9CEB8-8B4A-11D0-8D11-00A0C91BC942}") = "Bai108", "Bai108\Bai108.vcxproj", "{9CE9DBB4-A6E0-47F6-8D87-0C8EED932CA3}"
EndProject
Project("{8BC9CEB8-8B4A-11D0-8D11-00A0C91BC942}") = "Bai109", "Bai109\Bai109.vcxproj", "{046ABB82-C965-4DDE-ABC8-5213D1C53599}"
EndProject
Project("{8BC9CEB8-8B4A-11D0-8D11-00A0C91BC942}") = "Bai110", "Bai110\Bai110.vcxproj", "{CA8DC096-D825-4071-B64D-2985C04D541C}"
EndProject
Project("{8BC9CEB8-8B4A-11D0-8D11-00A0C91BC942}") = "Bai111", "Bai111\Bai111.vcxproj", "{DEEE0CDC-F4B7-4CE4-9A09-F274D2399B6E}"
EndProject
Project("{8BC9CEB8-8B4A-11D0-8D11-00A0C91BC942}") = "Bai112", "Bai112\Bai112.vcxproj", "{DA699820-9DF7-46EF-BD80-924B3CE10104}"
EndProject
Project("{8BC9CEB8-8B4A-11D0-8D11-00A0C91BC942}") = "Bai113", "Bai113\Bai113.vcxproj", "{AD4DC7E9-EFE4-43B0-9847-A16C388EC08E}"
EndProject
Project("{8BC9CEB8-8B4A-11D0-8D11-00A0C91BC942}") = "Bai114", "Bai114\Bai114.vcxproj", "{855AC1A2-7362-46E7-9DBB-FBC735CAC2C0}"
EndProject
Project("{8BC9CEB8-8B4A-11D0-8D11-00A0C91BC942}") = "Bai115", "Bai115\Bai115.vcxproj", "{DF4F8BBD-1883-4555-91D8-4107CD005083}"
EndProject
Project("{8BC9CEB8-8B4A-11D0-8D11-00A0C91BC942}") = "Bai116", "Bai116\Bai116.vcxproj", "{FB229DED-74FB-43B4-86BF-4F972506DB07}"
EndProject
Project("{8BC9CEB8-8B4A-11D0-8D11-00A0C91BC942}") = "Bai117", "Bai117\Bai117.vcxproj", "{9F61A55C-EB09-4C7C-9125-0340CFA10C96}"
EndProject
Project("{8BC9CEB8-8B4A-11D0-8D11-00A0C91BC942}") = "Bai118", "Bai118\Bai118.vcxproj", "{3F955D82-3342-4A94-8248-E3749456E9AD}"
EndProject
Project("{8BC9CEB8-8B4A-11D0-8D11-00A0C91BC942}") = "Bai119", "Bai119\Bai119.vcxproj", "{1B0D2868-9EEC-4783-B1AB-06F6E32345B7}"
EndProject
Project("{8BC9CEB8-8B4A-11D0-8D11-00A0C91BC942}") = "Bai120", "Bai120\Bai120.vcxproj", "{A1CCAE07-7DD0-4AE9-8EB5-7C84F1B57EEA}"
EndProject
Project("{8BC9CEB8-8B4A-11D0-8D11-00A0C91BC942}") = "Bai121", "Bai121\Bai121.vcxproj", "{37EDBB6D-8785-4329-8872-FE141A064F2E}"
EndProject
Project("{8BC9CEB8-8B4A-11D0-8D11-00A0C91BC942}") = "Bai122", "Bai122\Bai122.vcxproj", "{D4BE6975-021A-4B0B-BD8F-7378E80C7E88}"
EndProject
Project("{8BC9CEB8-8B4A-11D0-8D11-00A0C91BC942}") = "Bai123", "Bai123\Bai123.vcxproj", "{A9912B27-950B-4C7E-AFCA-1E4F9CD5E561}"
EndProject
Project("{8BC9CEB8-8B4A-11D0-8D11-00A0C91BC942}") = "Bai124", "Bai124\Bai124.vcxproj", "{802760A5-F84D-4C45-BF6F-84F588A16201}"
EndProject
Project("{8BC9CEB8-8B4A-11D0-8D11-00A0C91BC942}") = "Bai125", "Bai125\Bai125.vcxproj", "{F6EE158D-611B-4BFA-8A3B-2416F88C98C9}"
EndProject
Project("{8BC9CEB8-8B4A-11D0-8D11-00A0C91BC942}") = "Bai126", "Bai126\Bai126.vcxproj", "{A36A4CDF-DA6F-4578-88E1-394C885A24CA}"
EndProject
Project("{8BC9CEB8-8B4A-11D0-8D11-00A0C91BC942}") = "Bai088", "Bai088\Bai088.vcxproj", "{8C7CA70C-B287-42C4-A2CF-6712BAA759EF}"
EndProject
Global
	GlobalSection(SolutionConfigurationPlatforms) = preSolution
		Debug|x64 = Debug|x64
		Debug|x86 = Debug|x86
		Release|x64 = Release|x64
		Release|x86 = Release|x86
	EndGlobalSection
	GlobalSection(ProjectConfigurationPlatforms) = postSolution
		{B48E03E1-5C45-41E9-ACE9-7A10D7CFB177}.Debug|x64.ActiveCfg = Debug|x64
		{B48E03E1-5C45-41E9-ACE9-7A10D7CFB177}.Debug|x64.Build.0 = Debug|x64
		{B48E03E1-5C45-41E9-ACE9-7A10D7CFB177}.Debug|x86.ActiveCfg = Debug|Win32
		{B48E03E1-5C45-41E9-ACE9-7A10D7CFB177}.Debug|x86.Build.0 = Debug|Win32
		{B48E03E1-5C45-41E9-ACE9-7A10D7CFB177}.Release|x64.ActiveCfg = Release|x64
		{B48E03E1-5C45-41E9-ACE9-7A10D7CFB177}.Release|x64.Build.0 = Release|x64
		{B48E03E1-5C45-41E9-ACE9-7A10D7CFB177}.Release|x86.ActiveCfg = Release|Win32
		{B48E03E1-5C45-41E9-ACE9-7A10D7CFB177}.Release|x86.Build.0 = Release|Win32
		{FADB1714-D62F-4EFF-AF72-2C0D855A9574}.Debug|x64.ActiveCfg = Debug|x64
		{FADB1714-D62F-4EFF-AF72-2C0D855A9574}.Debug|x64.Build.0 = Debug|x64
		{FADB1714-D62F-4EFF-AF72-2C0D855A9574}.Debug|x86.ActiveCfg = Debug|Win32
		{FADB1714-D62F-4EFF-AF72-2C0D855A9574}.Debug|x86.Build.0 = Debug|Win32
		{FADB1714-D62F-4EFF-AF72-2C0D855A9574}.Release|x64.ActiveCfg = Release|x64
		{FADB1714-D62F-4EFF-AF72-2C0D855A9574}.Release|x64.Build.0 = Release|x64
		{FADB1714-D62F-4EFF-AF72-2C0D855A9574}.Release|x86.ActiveCfg = Release|Win32
		{FADB1714-D62F-4EFF-AF72-2C0D855A9574}.Release|x86.Build.0 = Release|Win32
		{A5A17125-AA1C-491E-BF63-71FF88DE33DB}.Debug|x64.ActiveCfg = Debug|x64
		{A5A17125-AA1C-491E-BF63-71FF88DE33DB}.Debug|x64.Build.0 = Debug|x64
		{A5A17125-AA1C-491E-BF63-71FF88DE33DB}.Debug|x86.ActiveCfg = Debug|Win32
		{A5A17125-AA1C-491E-BF63-71FF88DE33DB}.Debug|x86.Build.0 = Debug|Win32
		{A5A17125-AA1C-491E-BF63-71FF88DE33DB}.Release|x64.ActiveCfg = Release|x64
		{A5A17125-AA1C-491E-BF63-71FF88DE33DB}.Release|x64.Build.0 = Release|x64
		{A5A17125-AA1C-491E-BF63-71FF88DE33DB}.Release|x86.ActiveCfg = Release|Win32
		{A5A17125-AA1C-491E-BF63-71FF88DE33DB}.Release|x86.Build.0 = Release|Win32
		{1366936A-A8BE-474E-83B1-FD6471519CA8}.Debug|x64.ActiveCfg = Debug|x64
		{1366936A-A8BE-474E-83B1-FD6471519CA8}.Debug|x64.Build.0 = Debug|x64
		{1366936A-A8BE-474E-83B1-FD6471519CA8}.Debug|x86.ActiveCfg = Debug|Win32
		{1366936A-A8BE-474E-83B1-FD6471519CA8}.Debug|x86.Build.0 = Debug|Win32
		{1366936A-A8BE-474E-83B1-FD6471519CA8}.Release|x64.ActiveCfg = Release|x64
		{1366936A-A8BE-474E-83B1-FD6471519CA8}.Release|x64.Build.0 = Release|x64
		{1366936A-A8BE-474E-83B1-FD6471519CA8}.Release|x86.ActiveCfg = Release|Win32
		{1366936A-A8BE-474E-83B1-FD6471519CA8}.Release|x86.Build.0 = Release|Win32
		{F91CE3E8-EFA8-4176-95C6-8B0973AA000B}.Debug|x64.ActiveCfg = Debug|x64
		{F91CE3E8-EFA8-4176-95C6-8B0973AA000B}.Debug|x64.Build.0 = Debug|x64
		{F91CE3E8-EFA8-4176-95C6-8B0973AA000B}.Debug|x86.ActiveCfg = Debug|Win32
		{F91CE3E8-EFA8-4176-95C6-8B0973AA000B}.Debug|x86.Build.0 = Debug|Win32
		{F91CE3E8-EFA8-4176-95C6-8B0973AA000B}.Release|x64.ActiveCfg = Release|x64
		{F91CE3E8-EFA8-4176-95C6-8B0973AA000B}.Release|x64.Build.0 = Release|x64
		{F91CE3E8-EFA8-4176-95C6-8B0973AA000B}.Release|x86.ActiveCfg = Release|Win32
		{F91CE3E8-EFA8-4176-95C6-8B0973AA000B}.Release|x86.Build.0 = Release|Win32
		{9C9ED87F-0AAE-41AB-896C-695FB410A758}.Debug|x64.ActiveCfg = Debug|x64
		{9C9ED87F-0AAE-41AB-896C-695FB410A758}.Debug|x64.Build.0 = Debug|x64
		{9C9ED87F-0AAE-41AB-896C-695FB410A758}.Debug|x86.ActiveCfg = Debug|Win32
		{9C9ED87F-0AAE-41AB-896C-695FB410A758}.Debug|x86.Build.0 = Debug|Win32
		{9C9ED87F-0AAE-41AB-896C-695FB410A758}.Release|x64.ActiveCfg = Release|x64
		{9C9ED87F-0AAE-41AB-896C-695FB410A758}.Release|x64.Build.0 = Release|x64
		{9C9ED87F-0AAE-41AB-896C-695FB410A758}.Release|x86.ActiveCfg = Release|Win32
		{9C9ED87F-0AAE-41AB-896C-695FB410A758}.Release|x86.Build.0 = Release|Win32
		{C58588B6-96D9-42D1-9008-2DE437A08619}.Debug|x64.ActiveCfg = Debug|x64
		{C58588B6-96D9-42D1-9008-2DE437A08619}.Debug|x64.Build.0 = Debug|x64
		{C58588B6-96D9-42D1-9008-2DE437A08619}.Debug|x86.ActiveCfg = Debug|Win32
		{C58588B6-96D9-42D1-9008-2DE437A08619}.Debug|x86.Build.0 = Debug|Win32
		{C58588B6-96D9-42D1-9008-2DE437A08619}.Release|x64.ActiveCfg = Release|x64
		{C58588B6-96D9-42D1-9008-2DE437A08619}.Release|x64.Build.0 = Release|x64
		{C58588B6-96D9-42D1-9008-2DE437A08619}.Release|x86.ActiveCfg = Release|Win32
		{C58588B6-96D9-42D1-9008-2DE437A08619}.Release|x86.Build.0 = Release|Win32
		{6D9E4916-07EA-42A9-A2DF-C04992ECA0BB}.Debug|x64.ActiveCfg = Debug|x64
		{6D9E4916-07EA-42A9-A2DF-C04992ECA0BB}.Debug|x64.Build.0 = Debug|x64
		{6D9E4916-07EA-42A9-A2DF-C04992ECA0BB}.Debug|x86.ActiveCfg = Debug|Win32
		{6D9E4916-07EA-42A9-A2DF-C04992ECA0BB}.Debug|x86.Build.0 = Debug|Win32
		{6D9E4916-07EA-42A9-A2DF-C04992ECA0BB}.Release|x64.ActiveCfg = Release|x64
		{6D9E4916-07EA-42A9-A2DF-C04992ECA0BB}.Release|x64.Build.0 = Release|x64
		{6D9E4916-07EA-42A9-A2DF-C04992ECA0BB}.Release|x86.ActiveCfg = Release|Win32
		{6D9E4916-07EA-42A9-A2DF-C04992ECA0BB}.Release|x86.Build.0 = Release|Win32
		{04B64CD4-A25B-4333-8FD0-83E480573F50}.Debug|x64.ActiveCfg = Debug|x64
		{04B64CD4-A25B-4333-8FD0-83E480573F50}.Debug|x64.Build.0 = Debug|x64
		{04B64CD4-A25B-4333-8FD0-83E480573F50}.Debug|x86.ActiveCfg = Debug|Win32
		{04B64CD4-A25B-4333-8FD0-83E480573F50}.Debug|x86.Build.0 = Debug|Win32
		{04B64CD4-A25B-4333-8FD0-83E480573F50}.Release|x64.ActiveCfg = Release|x64
		{04B64CD4-A25B-4333-8FD0-83E480573F50}.Release|x64.Build.0 = Release|x64
		{04B64CD4-A25B-4333-8FD0-83E480573F50}.Release|x86.ActiveCfg = Release|Win32
		{04B64CD4-A25B-4333-8FD0-83E480573F50}.Release|x86.Build.0 = Release|Win32
		{7B966B57-BC2D-4B8C-AECA-A5314E8EBAED}.Debug|x64.ActiveCfg = Debug|x64
		{7B966B57-BC2D-4B8C-AECA-A5314E8EBAED}.Debug|x64.Build.0 = Debug|x64
		{7B966B57-BC2D-4B8C-AECA-A5314E8EBAED}.Debug|x86.ActiveCfg = Debug|Win32
		{7B966B57-BC2D-4B8C-AECA-A5314E8EBAED}.Debug|x86.Build.0 = Debug|Win32
		{7B966B57-BC2D-4B8C-AECA-A5314E8EBAED}.Release|x64.ActiveCfg = Release|x64
		{7B966B57-BC2D-4B8C-AECA-A5314E8EBAED}.Release|x64.Build.0 = Release|x64
		{7B966B57-BC2D-4B8C-AECA-A5314E8EBAED}.Release|x86.ActiveCfg = Release|Win32
		{7B966B57-BC2D-4B8C-AECA-A5314E8EBAED}.Release|x86.Build.0 = Release|Win32
		{5DCB38CE-41C7-4EB1-B6A9-1ED2E7F2568F}.Debug|x64.ActiveCfg = Debug|x64
		{5DCB38CE-41C7-4EB1-B6A9-1ED2E7F2568F}.Debug|x64.Build.0 = Debug|x64
		{5DCB38CE-41C7-4EB1-B6A9-1ED2E7F2568F}.Debug|x86.ActiveCfg = Debug|Win32
		{5DCB38CE-41C7-4EB1-B6A9-1ED2E7F2568F}.Debug|x86.Build.0 = Debug|Win32
		{5DCB38CE-41C7-4EB1-B6A9-1ED2E7F2568F}.Release|x64.ActiveCfg = Release|x64
		{5DCB38CE-41C7-4EB1-B6A9-1ED2E7F2568F}.Release|x64.Build.0 = Release|x64
		{5DCB38CE-41C7-4EB1-B6A9-1ED2E7F2568F}.Release|x86.ActiveCfg = Release|Win32
		{5DCB38CE-41C7-4EB1-B6A9-1ED2E7F2568F}.Release|x86.Build.0 = Release|Win32
		{EB049BE8-8F3B-4CAF-8824-6F47A9CCA6FE}.Debug|x64.ActiveCfg = Debug|x64
		{EB049BE8-8F3B-4CAF-8824-6F47A9CCA6FE}.Debug|x64.Build.0 = Debug|x64
		{EB049BE8-8F3B-4CAF-8824-6F47A9CCA6FE}.Debug|x86.ActiveCfg = Debug|Win32
		{EB049BE8-8F3B-4CAF-8824-6F47A9CCA6FE}.Debug|x86.Build.0 = Debug|Win32
		{EB049BE8-8F3B-4CAF-8824-6F47A9CCA6FE}.Release|x64.ActiveCfg = Release|x64
		{EB049BE8-8F3B-4CAF-8824-6F47A9CCA6FE}.Release|x64.Build.0 = Release|x64
		{EB049BE8-8F3B-4CAF-8824-6F47A9CCA6FE}.Release|x86.ActiveCfg = Release|Win32
		{EB049BE8-8F3B-4CAF-8824-6F47A9CCA6FE}.Release|x86.Build.0 = Release|Win32
		{B5817EF5-D8D0-403F-8E48-692B0E69E997}.Debug|x64.ActiveCfg = Debug|x64
		{B5817EF5-D8D0-403F-8E48-692B0E69E997}.Debug|x64.Build.0 = Debug|x64
		{B5817EF5-D8D0-403F-8E48-692B0E69E997}.Debug|x86.ActiveCfg = Debug|Win32
		{B5817EF5-D8D0-403F-8E48-692B0E69E997}.Debug|x86.Build.0 = Debug|Win32
		{B5817EF5-D8D0-403F-8E48-692B0E69E997}.Release|x64.ActiveCfg = Release|x64
		{B5817EF5-D8D0-403F-8E48-692B0E69E997}.Release|x64.Build.0 = Release|x64
		{B5817EF5-D8D0-403F-8E48-692B0E69E997}.Release|x86.ActiveCfg = Release|Win32
		{B5817EF5-D8D0-403F-8E48-692B0E69E997}.Release|x86.Build.0 = Release|Win32
		{EEAE8EF1-2D53-44DF-A3BE-A575DE06931F}.Debug|x64.ActiveCfg = Debug|x64
		{EEAE8EF1-2D53-44DF-A3BE-A575DE06931F}.Debug|x64.Build.0 = Debug|x64
		{EEAE8EF1-2D53-44DF-A3BE-A575DE06931F}.Debug|x86.ActiveCfg = Debug|Win32
		{EEAE8EF1-2D53-44DF-A3BE-A575DE06931F}.Debug|x86.Build.0 = Debug|Win32
		{EEAE8EF1-2D53-44DF-A3BE-A575DE06931F}.Release|x64.ActiveCfg = Release|x64
		{EEAE8EF1-2D53-44DF-A3BE-A575DE06931F}.Release|x64.Build.0 = Release|x64
		{EEAE8EF1-2D53-44DF-A3BE-A575DE06931F}.Release|x86.ActiveCfg = Release|Win32
		{EEAE8EF1-2D53-44DF-A3BE-A575DE06931F}.Release|x86.Build.0 = Release|Win32
		{A0DC5FD3-5B1A-4E9A-8C6D-02C8680203D8}.Debug|x64.ActiveCfg = Debug|x64
		{A0DC5FD3-5B1A-4E9A-8C6D-02C8680203D8}.Debug|x64.Build.0 = Debug|x64
		{A0DC5FD3-5B1A-4E9A-8C6D-02C8680203D8}.Debug|x86.ActiveCfg = Debug|Win32
		{A0DC5FD3-5B1A-4E9A-8C6D-02C8680203D8}.Debug|x86.Build.0 = Debug|Win32
		{A0DC5FD3-5B1A-4E9A-8C6D-02C8680203D8}.Release|x64.ActiveCfg = Release|x64
		{A0DC5FD3-5B1A-4E9A-8C6D-02C8680203D8}.Release|x64.Build.0 = Release|x64
		{A0DC5FD3-5B1A-4E9A-8C6D-02C8680203D8}.Release|x86.ActiveCfg = Release|Win32
		{A0DC5FD3-5B1A-4E9A-8C6D-02C8680203D8}.Release|x86.Build.0 = Release|Win32
		{9112E80D-F188-49B8-AFF1-5317AD94622E}.Debug|x64.ActiveCfg = Debug|x64
		{9112E80D-F188-49B8-AFF1-5317AD94622E}.Debug|x64.Build.0 = Debug|x64
		{9112E80D-F188-49B8-AFF1-5317AD94622E}.Debug|x86.ActiveCfg = Debug|Win32
		{9112E80D-F188-49B8-AFF1-5317AD94622E}.Debug|x86.Build.0 = Debug|Win32
		{9112E80D-F188-49B8-AFF1-5317AD94622E}.Release|x64.ActiveCfg = Release|x64
		{9112E80D-F188-49B8-AFF1-5317AD94622E}.Release|x64.Build.0 = Release|x64
		{9112E80D-F188-49B8-AFF1-5317AD94622E}.Release|x86.ActiveCfg = Release|Win32
		{9112E80D-F188-49B8-AFF1-5317AD94622E}.Release|x86.Build.0 = Release|Win32
		{42224C01-29AA-4FC2-A595-88B040BF71D0}.Debug|x64.ActiveCfg = Debug|x64
		{42224C01-29AA-4FC2-A595-88B040BF71D0}.Debug|x64.Build.0 = Debug|x64
		{42224C01-29AA-4FC2-A595-88B040BF71D0}.Debug|x86.ActiveCfg = Debug|Win32
		{42224C01-29AA-4FC2-A595-88B040BF71D0}.Debug|x86.Build.0 = Debug|Win32
		{42224C01-29AA-4FC2-A595-88B040BF71D0}.Release|x64.ActiveCfg = Release|x64
		{42224C01-29AA-4FC2-A595-88B040BF71D0}.Release|x64.Build.0 = Release|x64
		{42224C01-29AA-4FC2-A595-88B040BF71D0}.Release|x86.ActiveCfg = Release|Win32
		{42224C01-29AA-4FC2-A595-88B040BF71D0}.Release|x86.Build.0 = Release|Win32
		{5C699EB5-5A5D-486D-B454-4C7A1745CD01}.Debug|x64.ActiveCfg = Debug|x64
		{5C699EB5-5A5D-486D-B454-4C7A1745CD01}.Debug|x64.Build.0 = Debug|x64
		{5C699EB5-5A5D-486D-B454-4C7A1745CD01}.Debug|x86.ActiveCfg = Debug|Win32
		{5C699EB5-5A5D-486D-B454-4C7A1745CD01}.Debug|x86.Build.0 = Debug|Win32
		{5C699EB5-5A5D-486D-B454-4C7A1745CD01}.Release|x64.ActiveCfg = Release|x64
		{5C699EB5-5A5D-486D-B454-4C7A1745CD01}.Release|x64.Build.0 = Release|x64
		{5C699EB5-5A5D-486D-B454-4C7A1745CD01}.Release|x86.ActiveCfg = Release|Win32
		{5C699EB5-5A5D-486D-B454-4C7A1745CD01}.Release|x86.Build.0 = Release|Win32
		{9E172F31-9B17-49AE-AE73-9BC32267E478}.Debug|x64.ActiveCfg = Debug|x64
		{9E172F31-9B17-49AE-AE73-9BC32267E478}.Debug|x64.Build.0 = Debug|x64
		{9E172F31-9B17-49AE-AE73-9BC32267E478}.Debug|x86.ActiveCfg = Debug|Win32
		{9E172F31-9B17-49AE-AE73-9BC32267E478}.Debug|x86.Build.0 = Debug|Win32
		{9E172F31-9B17-49AE-AE73-9BC32267E478}.Release|x64.ActiveCfg = Release|x64
		{9E172F31-9B17-49AE-AE73-9BC32267E478}.Release|x64.Build.0 = Release|x64
		{9E172F31-9B17-49AE-AE73-9BC32267E478}.Release|x86.ActiveCfg = Release|Win32
		{9E172F31-9B17-49AE-AE73-9BC32267E478}.Release|x86.Build.0 = Release|Win32
		{2ACC5B80-BC39-481F-90FE-B939EC944172}.Debug|x64.ActiveCfg = Debug|x64
		{2ACC5B80-BC39-481F-90FE-B939EC944172}.Debug|x64.Build.0 = Debug|x64
		{2ACC5B80-BC39-481F-90FE-B939EC944172}.Debug|x86.ActiveCfg = Debug|Win32
		{2ACC5B80-BC39-481F-90FE-B939EC944172}.Debug|x86.Build.0 = Debug|Win32
		{2ACC5B80-BC39-481F-90FE-B939EC944172}.Release|x64.ActiveCfg = Release|x64
		{2ACC5B80-BC39-481F-90FE-B939EC944172}.Release|x64.Build.0 = Release|x64
		{2ACC5B80-BC39-481F-90FE-B939EC944172}.Release|x86.ActiveCfg = Release|Win32
		{2ACC5B80-BC39-481F-90FE-B939EC944172}.Release|x86.Build.0 = Release|Win32
		{39684EB8-77E2-4233-A722-4A7F60E48953}.Debug|x64.ActiveCfg = Debug|x64
		{39684EB8-77E2-4233-A722-4A7F60E48953}.Debug|x64.Build.0 = Debug|x64
		{39684EB8-77E2-4233-A722-4A7F60E48953}.Debug|x86.ActiveCfg = Debug|Win32
		{39684EB8-77E2-4233-A722-4A7F60E48953}.Debug|x86.Build.0 = Debug|Win32
		{39684EB8-77E2-4233-A722-4A7F60E48953}.Release|x64.ActiveCfg = Release|x64
		{39684EB8-77E2-4233-A722-4A7F60E48953}.Release|x64.Build.0 = Release|x64
		{39684EB8-77E2-4233-A722-4A7F60E48953}.Release|x86.ActiveCfg = Release|Win32
		{39684EB8-77E2-4233-A722-4A7F60E48953}.Release|x86.Build.0 = Release|Win32
		{4A793C37-2034-475D-8B49-F5998F7490F3}.Debug|x64.ActiveCfg = Debug|x64
		{4A793C37-2034-475D-8B49-F5998F7490F3}.Debug|x64.Build.0 = Debug|x64
		{4A793C37-2034-475D-8B49-F5998F7490F3}.Debug|x86.ActiveCfg = Debug|Win32
		{4A793C37-2034-475D-8B49-F5998F7490F3}.Debug|x86.Build.0 = Debug|Win32
		{4A793C37-2034-475D-8B49-F5998F7490F3}.Release|x64.ActiveCfg = Release|x64
		{4A793C37-2034-475D-8B49-F5998F7490F3}.Release|x64.Build.0 = Release|x64
		{4A793C37-2034-475D-8B49-F5998F7490F3}.Release|x86.ActiveCfg = Release|Win32
		{4A793C37-2034-475D-8B49-F5998F7490F3}.Release|x86.Build.0 = Release|Win32
		{98BEAD1D-2892-4E9D-B7E8-9D7C965FC596}.Debug|x64.ActiveCfg = Debug|x64
		{98BEAD1D-2892-4E9D-B7E8-9D7C965FC596}.Debug|x64.Build.0 = Debug|x64
		{98BEAD1D-2892-4E9D-B7E8-9D7C965FC596}.Debug|x86.ActiveCfg = Debug|Win32
		{98BEAD1D-2892-4E9D-B7E8-9D7C965FC596}.Debug|x86.Build.0 = Debug|Win32
		{98BEAD1D-2892-4E9D-B7E8-9D7C965FC596}.Release|x64.ActiveCfg = Release|x64
		{98BEAD1D-2892-4E9D-B7E8-9D7C965FC596}.Release|x64.Build.0 = Release|x64
		{98BEAD1D-2892-4E9D-B7E8-9D7C965FC596}.Release|x86.ActiveCfg = Release|Win32
		{98BEAD1D-2892-4E9D-B7E8-9D7C965FC596}.Release|x86.Build.0 = Release|Win32
		{65CC8775-B174-4BF6-8436-8493FE3690A8}.Debug|x64.ActiveCfg = Debug|x64
		{65CC8775-B174-4BF6-8436-8493FE3690A8}.Debug|x64.Build.0 = Debug|x64
		{65CC8775-B174-4BF6-8436-8493FE3690A8}.Debug|x86.ActiveCfg = Debug|Win32
		{65CC8775-B174-4BF6-8436-8493FE3690A8}.Debug|x86.Build.0 = Debug|Win32
		{65CC8775-B174-4BF6-8436-8493FE3690A8}.Release|x64.ActiveCfg = Release|x64
		{65CC8775-B174-4BF6-8436-8493FE3690A8}.Release|x64.Build.0 = Release|x64
		{65CC8775-B174-4BF6-8436-8493FE3690A8}.Release|x86.ActiveCfg = Release|Win32
		{65CC8775-B174-4BF6-8436-8493FE3690A8}.Release|x86.Build.0 = Release|Win32
		{DDB0AE4C-A90B-4420-8CFD-24D6FFF33F48}.Debug|x64.ActiveCfg = Debug|x64
		{DDB0AE4C-A90B-4420-8CFD-24D6FFF33F48}.Debug|x64.Build.0 = Debug|x64
		{DDB0AE4C-A90B-4420-8CFD-24D6FFF33F48}.Debug|x86.ActiveCfg = Debug|Win32
		{DDB0AE4C-A90B-4420-8CFD-24D6FFF33F48}.Debug|x86.Build.0 = Debug|Win32
		{DDB0AE4C-A90B-4420-8CFD-24D6FFF33F48}.Release|x64.ActiveCfg = Release|x64
		{DDB0AE4C-A90B-4420-8CFD-24D6FFF33F48}.Release|x64.Build.0 = Release|x64
		{DDB0AE4C-A90B-4420-8CFD-24D6FFF33F48}.Release|x86.ActiveCfg = Release|Win32
		{DDB0AE4C-A90B-4420-8CFD-24D6FFF33F48}.Release|x86.Build.0 = Release|Win32
		{A547F6F3-18FF-43A3-88FA-429C7851F725}.Debug|x64.ActiveCfg = Debug|x64
		{A547F6F3-18FF-43A3-88FA-429C7851F725}.Debug|x64.Build.0 = Debug|x64
		{A547F6F3-18FF-43A3-88FA-429C7851F725}.Debug|x86.ActiveCfg = Debug|Win32
		{A547F6F3-18FF-43A3-88FA-429C7851F725}.Debug|x86.Build.0 = Debug|Win32
		{A547F6F3-18FF-43A3-88FA-429C7851F725}.Release|x64.ActiveCfg = Release|x64
		{A547F6F3-18FF-43A3-88FA-429C7851F725}.Release|x64.Build.0 = Release|x64
		{A547F6F3-18FF-43A3-88FA-429C7851F725}.Release|x86.ActiveCfg = Release|Win32
		{A547F6F3-18FF-43A3-88FA-429C7851F725}.Release|x86.Build.0 = Release|Win32
		{4AAF4714-B0ED-448F-952E-474B5F28FA34}.Debug|x64.ActiveCfg = Debug|x64
		{4AAF4714-B0ED-448F-952E-474B5F28FA34}.Debug|x64.Build.0 = Debug|x64
		{4AAF4714-B0ED-448F-952E-474B5F28FA34}.Debug|x86.ActiveCfg = Debug|Win32
		{4AAF4714-B0ED-448F-952E-474B5F28FA34}.Debug|x86.Build.0 = Debug|Win32
		{4AAF4714-B0ED-448F-952E-474B5F28FA34}.Release|x64.ActiveCfg = Release|x64
		{4AAF4714-B0ED-448F-952E-474B5F28FA34}.Release|x64.Build.0 = Release|x64
		{4AAF4714-B0ED-448F-952E-474B5F28FA34}.Release|x86.ActiveCfg = Release|Win32
		{4AAF4714-B0ED-448F-952E-474B5F28FA34}.Release|x86.Build.0 = Release|Win32
		{75494475-6444-4C9A-A6E2-A68CFFEC2F60}.Debug|x64.ActiveCfg = Debug|x64
		{75494475-6444-4C9A-A6E2-A68CFFEC2F60}.Debug|x64.Build.0 = Debug|x64
		{75494475-6444-4C9A-A6E2-A68CFFEC2F60}.Debug|x86.ActiveCfg = Debug|Win32
		{75494475-6444-4C9A-A6E2-A68CFFEC2F60}.Debug|x86.Build.0 = Debug|Win32
		{75494475-6444-4C9A-A6E2-A68CFFEC2F60}.Release|x64.ActiveCfg = Release|x64
		{75494475-6444-4C9A-A6E2-A68CFFEC2F60}.Release|x64.Build.0 = Release|x64
		{75494475-6444-4C9A-A6E2-A68CFFEC2F60}.Release|x86.ActiveCfg = Release|Win32
		{75494475-6444-4C9A-A6E2-A68CFFEC2F60}.Release|x86.Build.0 = Release|Win32
		{845CEF24-615E-4A0C-A450-3BD06B026544}.Debug|x64.ActiveCfg = Debug|x64
		{845CEF24-615E-4A0C-A450-3BD06B026544}.Debug|x64.Build.0 = Debug|x64
		{845CEF24-615E-4A0C-A450-3BD06B026544}.Debug|x86.ActiveCfg = Debug|Win32
		{845CEF24-615E-4A0C-A450-3BD06B026544}.Debug|x86.Build.0 = Debug|Win32
		{845CEF24-615E-4A0C-A450-3BD06B026544}.Release|x64.ActiveCfg = Release|x64
		{845CEF24-615E-4A0C-A450-3BD06B026544}.Release|x64.Build.0 = Release|x64
		{845CEF24-615E-4A0C-A450-3BD06B026544}.Release|x86.ActiveCfg = Release|Win32
		{845CEF24-615E-4A0C-A450-3BD06B026544}.Release|x86.Build.0 = Release|Win32
		{80D53DEA-A349-4EAA-968B-56D95DA2E47E}.Debug|x64.ActiveCfg = Debug|x64
		{80D53DEA-A349-4EAA-968B-56D95DA2E47E}.Debug|x64.Build.0 = Debug|x64
		{80D53DEA-A349-4EAA-968B-56D95DA2E47E}.Debug|x86.ActiveCfg = Debug|Win32
		{80D53DEA-A349-4EAA-968B-56D95DA2E47E}.Debug|x86.Build.0 = Debug|Win32
		{80D53DEA-A349-4EAA-968B-56D95DA2E47E}.Release|x64.ActiveCfg = Release|x64
		{80D53DEA-A349-4EAA-968B-56D95DA2E47E}.Release|x64.Build.0 = Release|x64
		{80D53DEA-A349-4EAA-968B-56D95DA2E47E}.Release|x86.ActiveCfg = Release|Win32
		{80D53DEA-A349-4EAA-968B-56D95DA2E47E}.Release|x86.Build.0 = Release|Win32
		{B3249050-8F15-415A-8B4B-7AAE191B424E}.Debug|x64.ActiveCfg = Debug|x64
		{B3249050-8F15-415A-8B4B-7AAE191B424E}.Debug|x64.Build.0 = Debug|x64
		{B3249050-8F15-415A-8B4B-7AAE191B424E}.Debug|x86.ActiveCfg = Debug|Win32
		{B3249050-8F15-415A-8B4B-7AAE191B424E}.Debug|x86.Build.0 = Debug|Win32
		{B3249050-8F15-415A-8B4B-7AAE191B424E}.Release|x64.ActiveCfg = Release|x64
		{B3249050-8F15-415A-8B4B-7AAE191B424E}.Release|x64.Build.0 = Release|x64
		{B3249050-8F15-415A-8B4B-7AAE191B424E}.Release|x86.ActiveCfg = Release|Win32
		{B3249050-8F15-415A-8B4B-7AAE191B424E}.Release|x86.Build.0 = Release|Win32
		{68797853-B9E0-46EA-B7B1-D70CEDCB1DFB}.Debug|x64.ActiveCfg = Debug|x64
		{68797853-B9E0-46EA-B7B1-D70CEDCB1DFB}.Debug|x64.Build.0 = Debug|x64
		{68797853-B9E0-46EA-B7B1-D70CEDCB1DFB}.Debug|x86.ActiveCfg = Debug|Win32
		{68797853-B9E0-46EA-B7B1-D70CEDCB1DFB}.Debug|x86.Build.0 = Debug|Win32
		{68797853-B9E0-46EA-B7B1-D70CEDCB1DFB}.Release|x64.ActiveCfg = Release|x64
		{68797853-B9E0-46EA-B7B1-D70CEDCB1DFB}.Release|x64.Build.0 = Release|x64
		{68797853-B9E0-46EA-B7B1-D70CEDCB1DFB}.Release|x86.ActiveCfg = Release|Win32
		{68797853-B9E0-46EA-B7B1-D70CEDCB1DFB}.Release|x86.Build.0 = Release|Win32
		{F9F69DB1-B164-4089-B057-E2D9E20D0978}.Debug|x64.ActiveCfg = Debug|x64
		{F9F69DB1-B164-4089-B057-E2D9E20D0978}.Debug|x64.Build.0 = Debug|x64
		{F9F69DB1-B164-4089-B057-E2D9E20D0978}.Debug|x86.ActiveCfg = Debug|Win32
		{F9F69DB1-B164-4089-B057-E2D9E20D0978}.Debug|x86.Build.0 = Debug|Win32
		{F9F69DB1-B164-4089-B057-E2D9E20D0978}.Release|x64.ActiveCfg = Release|x64
		{F9F69DB1-B164-4089-B057-E2D9E20D0978}.Release|x64.Build.0 = Release|x64
		{F9F69DB1-B164-4089-B057-E2D9E20D0978}.Release|x86.ActiveCfg = Release|Win32
		{F9F69DB1-B164-4089-B057-E2D9E20D0978}.Release|x86.Build.0 = Release|Win32
		{8ABE43DA-208F-420B-BA0E-886EA65C512E}.Debug|x64.ActiveCfg = Debug|x64
		{8ABE43DA-208F-420B-BA0E-886EA65C512E}.Debug|x64.Build.0 = Debug|x64
		{8ABE43DA-208F-420B-BA0E-886EA65C512E}.Debug|x86.ActiveCfg = Debug|Win32
		{8ABE43DA-208F-420B-BA0E-886EA65C512E}.Debug|x86.Build.0 = Debug|Win32
		{8ABE43DA-208F-420B-BA0E-886EA65C512E}.Release|x64.ActiveCfg = Release|x64
		{8ABE43DA-208F-420B-BA0E-886EA65C512E}.Release|x64.Build.0 = Release|x64
		{8ABE43DA-208F-420B-BA0E-886EA65C512E}.Release|x86.ActiveCfg = Release|Win32
		{8ABE43DA-208F-420B-BA0E-886EA65C512E}.Release|x86.Build.0 = Release|Win32
		{D55DF2FC-A1F2-4795-9AB7-25C88D9198AC}.Debug|x64.ActiveCfg = Debug|x64
		{D55DF2FC-A1F2-4795-9AB7-25C88D9198AC}.Debug|x64.Build.0 = Debug|x64
		{D55DF2FC-A1F2-4795-9AB7-25C88D9198AC}.Debug|x86.ActiveCfg = Debug|Win32
		{D55DF2FC-A1F2-4795-9AB7-25C88D9198AC}.Debug|x86.Build.0 = Debug|Win32
		{D55DF2FC-A1F2-4795-9AB7-25C88D9198AC}.Release|x64.ActiveCfg = Release|x64
		{D55DF2FC-A1F2-4795-9AB7-25C88D9198AC}.Release|x64.Build.0 = Release|x64
		{D55DF2FC-A1F2-4795-9AB7-25C88D9198AC}.Release|x86.ActiveCfg = Release|Win32
		{D55DF2FC-A1F2-4795-9AB7-25C88D9198AC}.Release|x86.Build.0 = Release|Win32
		{3515270F-8E50-4A97-92BF-144510EA8922}.Debug|x64.ActiveCfg = Debug|x64
		{3515270F-8E50-4A97-92BF-144510EA8922}.Debug|x64.Build.0 = Debug|x64
		{3515270F-8E50-4A97-92BF-144510EA8922}.Debug|x86.ActiveCfg = Debug|Win32
		{3515270F-8E50-4A97-92BF-144510EA8922}.Debug|x86.Build.0 = Debug|Win32
		{3515270F-8E50-4A97-92BF-144510EA8922}.Release|x64.ActiveCfg = Release|x64
		{3515270F-8E50-4A97-92BF-144510EA8922}.Release|x64.Build.0 = Release|x64
		{3515270F-8E50-4A97-92BF-144510EA8922}.Release|x86.ActiveCfg = Release|Win32
		{3515270F-8E50-4A97-92BF-144510EA8922}.Release|x86.Build.0 = Release|Win32
		{7282473C-D3A7-4239-8E02-54E022C64377}.Debug|x64.ActiveCfg = Debug|x64
		{7282473C-D3A7-4239-8E02-54E022C64377}.Debug|x64.Build.0 = Debug|x64
		{7282473C-D3A7-4239-8E02-54E022C64377}.Debug|x86.ActiveCfg = Debug|Win32
		{7282473C-D3A7-4239-8E02-54E022C64377}.Debug|x86.Build.0 = Debug|Win32
		{7282473C-D3A7-4239-8E02-54E022C64377}.Release|x64.ActiveCfg = Release|x64
		{7282473C-D3A7-4239-8E02-54E022C64377}.Release|x64.Build.0 = Release|x64
		{7282473C-D3A7-4239-8E02-54E022C64377}.Release|x86.ActiveCfg = Release|Win32
		{7282473C-D3A7-4239-8E02-54E022C64377}.Release|x86.Build.0 = Release|Win32
		{0F7FA4BF-12DF-4F69-B476-54265F3524EB}.Debug|x64.ActiveCfg = Debug|x64
		{0F7FA4BF-12DF-4F69-B476-54265F3524EB}.Debug|x64.Build.0 = Debug|x64
		{0F7FA4BF-12DF-4F69-B476-54265F3524EB}.Debug|x86.ActiveCfg = Debug|Win32
		{0F7FA4BF-12DF-4F69-B476-54265F3524EB}.Debug|x86.Build.0 = Debug|Win32
		{0F7FA4BF-12DF-4F69-B476-54265F3524EB}.Release|x64.ActiveCfg = Release|x64
		{0F7FA4BF-12DF-4F69-B476-54265F3524EB}.Release|x64.Build.0 = Release|x64
		{0F7FA4BF-12DF-4F69-B476-54265F3524EB}.Release|x86.ActiveCfg = Release|Win32
		{0F7FA4BF-12DF-4F69-B476-54265F3524EB}.Release|x86.Build.0 = Release|Win32
		{E0A6A0F0-3B2D-45B4-A7E3-CF74C25AB848}.Debug|x64.ActiveCfg = Debug|x64
		{E0A6A0F0-3B2D-45B4-A7E3-CF74C25AB848}.Debug|x64.Build.0 = Debug|x64
		{E0A6A0F0-3B2D-45B4-A7E3-CF74C25AB848}.Debug|x86.ActiveCfg = Debug|Win32
		{E0A6A0F0-3B2D-45B4-A7E3-CF74C25AB848}.Debug|x86.Build.0 = Debug|Win32
		{E0A6A0F0-3B2D-45B4-A7E3-CF74C25AB848}.Release|x64.ActiveCfg = Release|x64
		{E0A6A0F0-3B2D-45B4-A7E3-CF74C25AB848}.Release|x64.Build.0 = Release|x64
		{E0A6A0F0-3B2D-45B4-A7E3-CF74C25AB848}.Release|x86.ActiveCfg = Release|Win32
		{E0A6A0F0-3B2D-45B4-A7E3-CF74C25AB848}.Release|x86.Build.0 = Release|Win32
		{804A5873-C389-45DA-BEEF-70C1E46EFF0A}.Debug|x64.ActiveCfg = Debug|x64
		{804A5873-C389-45DA-BEEF-70C1E46EFF0A}.Debug|x64.Build.0 = Debug|x64
		{804A5873-C389-45DA-BEEF-70C1E46EFF0A}.Debug|x86.ActiveCfg = Debug|Win32
		{804A5873-C389-45DA-BEEF-70C1E46EFF0A}.Debug|x86.Build.0 = Debug|Win32
		{804A5873-C389-45DA-BEEF-70C1E46EFF0A}.Release|x64.ActiveCfg = Release|x64
		{804A5873-C389-45DA-BEEF-70C1E46EFF0A}.Release|x64.Build.0 = Release|x64
		{804A5873-C389-45DA-BEEF-70C1E46EFF0A}.Release|x86.ActiveCfg = Release|Win32
		{804A5873-C389-45DA-BEEF-70C1E46EFF0A}.Release|x86.Build.0 = Release|Win32
		{1B2A3E6C-7896-4FDB-8F53-B3EB0B9D2CC2}.Debug|x64.ActiveCfg = Debug|x64
		{1B2A3E6C-7896-4FDB-8F53-B3EB0B9D2CC2}.Debug|x64.Build.0 = Debug|x64
		{1B2A3E6C-7896-4FDB-8F53-B3EB0B9D2CC2}.Debug|x86.ActiveCfg = Debug|Win32
		{1B2A3E6C-7896-4FDB-8F53-B3EB0B9D2CC2}.Debug|x86.Build.0 = Debug|Win32
		{1B2A3E6C-7896-4FDB-8F53-B3EB0B9D2CC2}.Release|x64.ActiveCfg = Release|x64
		{1B2A3E6C-7896-4FDB-8F53-B3EB0B9D2CC2}.Release|x64.Build.0 = Release|x64
		{1B2A3E6C-7896-4FDB-8F53-B3EB0B9D2CC2}.Release|x86.ActiveCfg = Release|Win32
		{1B2A3E6C-7896-4FDB-8F53-B3EB0B9D2CC2}.Release|x86.Build.0 = Release|Win32
		{D8999173-CCCC-470D-932C-40271B00485A}.Debug|x64.ActiveCfg = Debug|x64
		{D8999173-CCCC-470D-932C-40271B00485A}.Debug|x64.Build.0 = Debug|x64
		{D8999173-CCCC-470D-932C-40271B00485A}.Debug|x86.ActiveCfg = Debug|Win32
		{D8999173-CCCC-470D-932C-40271B00485A}.Debug|x86.Build.0 = Debug|Win32
		{D8999173-CCCC-470D-932C-40271B00485A}.Release|x64.ActiveCfg = Release|x64
		{D8999173-CCCC-470D-932C-40271B00485A}.Release|x64.Build.0 = Release|x64
		{D8999173-CCCC-470D-932C-40271B00485A}.Release|x86.ActiveCfg = Release|Win32
		{D8999173-CCCC-470D-932C-40271B00485A}.Release|x86.Build.0 = Release|Win32
		{577D9115-637B-49B0-8C1C-839D80E817C0}.Debug|x64.ActiveCfg = Debug|x64
		{577D9115-637B-49B0-8C1C-839D80E817C0}.Debug|x64.Build.0 = Debug|x64
		{577D9115-637B-49B0-8C1C-839D80E817C0}.Debug|x86.ActiveCfg = Debug|Win32
		{577D9115-637B-49B0-8C1C-839D80E817C0}.Debug|x86.Build.0 = Debug|Win32
		{577D9115-637B-49B0-8C1C-839D80E817C0}.Release|x64.ActiveCfg = Release|x64
		{577D9115-637B-49B0-8C1C-839D80E817C0}.Release|x64.Build.0 = Release|x64
		{577D9115-637B-49B0-8C1C-839D80E817C0}.Release|x86.ActiveCfg = Release|Win32
		{577D9115-637B-49B0-8C1C-839D80E817C0}.Release|x86.Build.0 = Release|Win32
		{AA35E3D8-185A-466C-9F4C-E2CCDF455A8A}.Debug|x64.ActiveCfg = Debug|x64
		{AA35E3D8-185A-466C-9F4C-E2CCDF455A8A}.Debug|x64.Build.0 = Debug|x64
		{AA35E3D8-185A-466C-9F4C-E2CCDF455A8A}.Debug|x86.ActiveCfg = Debug|Win32
		{AA35E3D8-185A-466C-9F4C-E2CCDF455A8A}.Debug|x86.Build.0 = Debug|Win32
		{AA35E3D8-185A-466C-9F4C-E2CCDF455A8A}.Release|x64.ActiveCfg = Release|x64
		{AA35E3D8-185A-466C-9F4C-E2CCDF455A8A}.Release|x64.Build.0 = Release|x64
		{AA35E3D8-185A-466C-9F4C-E2CCDF455A8A}.Release|x86.ActiveCfg = Release|Win32
		{AA35E3D8-185A-466C-9F4C-E2CCDF455A8A}.Release|x86.Build.0 = Release|Win32
		{7D0A104D-D4A6-4B7B-AD71-43F86240FA5C}.Debug|x64.ActiveCfg = Debug|x64
		{7D0A104D-D4A6-4B7B-AD71-43F86240FA5C}.Debug|x64.Build.0 = Debug|x64
		{7D0A104D-D4A6-4B7B-AD71-43F86240FA5C}.Debug|x86.ActiveCfg = Debug|Win32
		{7D0A104D-D4A6-4B7B-AD71-43F86240FA5C}.Debug|x86.Build.0 = Debug|Win32
		{7D0A104D-D4A6-4B7B-AD71-43F86240FA5C}.Release|x64.ActiveCfg = Release|x64
		{7D0A104D-D4A6-4B7B-AD71-43F86240FA5C}.Release|x64.Build.0 = Release|x64
		{7D0A104D-D4A6-4B7B-AD71-43F86240FA5C}.Release|x86.ActiveCfg = Release|Win32
		{7D0A104D-D4A6-4B7B-AD71-43F86240FA5C}.Release|x86.Build.0 = Release|Win32
		{9D0B6879-AF63-4C06-A9D0-1A38D755ADC2}.Debug|x64.ActiveCfg = Debug|x64
		{9D0B6879-AF63-4C06-A9D0-1A38D755ADC2}.Debug|x64.Build.0 = Debug|x64
		{9D0B6879-AF63-4C06-A9D0-1A38D755ADC2}.Debug|x86.ActiveCfg = Debug|Win32
		{9D0B6879-AF63-4C06-A9D0-1A38D755ADC2}.Debug|x86.Build.0 = Debug|Win32
		{9D0B6879-AF63-4C06-A9D0-1A38D755ADC2}.Release|x64.ActiveCfg = Release|x64
		{9D0B6879-AF63-4C06-A9D0-1A38D755ADC2}.Release|x64.Build.0 = Release|x64
		{9D0B6879-AF63-4C06-A9D0-1A38D755ADC2}.Release|x86.ActiveCfg = Release|Win32
		{9D0B6879-AF63-4C06-A9D0-1A38D755ADC2}.Release|x86.Build.0 = Release|Win32
		{9C0A4F16-2448-47AA-8A57-103F54F22423}.Debug|x64.ActiveCfg = Debug|x64
		{9C0A4F16-2448-47AA-8A57-103F54F22423}.Debug|x64.Build.0 = Debug|x64
		{9C0A4F16-2448-47AA-8A57-103F54F22423}.Debug|x86.ActiveCfg = Debug|Win32
		{9C0A4F16-2448-47AA-8A57-103F54F22423}.Debug|x86.Build.0 = Debug|Win32
		{9C0A4F16-2448-47AA-8A57-103F54F22423}.Release|x64.ActiveCfg = Release|x64
		{9C0A4F16-2448-47AA-8A57-103F54F22423}.Release|x64.Build.0 = Release|x64
		{9C0A4F16-2448-47AA-8A57-103F54F22423}.Release|x86.ActiveCfg = Release|Win32
		{9C0A4F16-2448-47AA-8A57-103F54F22423}.Release|x86.Build.0 = Release|Win32
		{8AA72E03-91C3-48F2-B97A-F7EF29F61767}.Debug|x64.ActiveCfg = Debug|x64
		{8AA72E03-91C3-48F2-B97A-F7EF29F61767}.Debug|x64.Build.0 = Debug|x64
		{8AA72E03-91C3-48F2-B97A-F7EF29F61767}.Debug|x86.ActiveCfg = Debug|Win32
		{8AA72E03-91C3-48F2-B97A-F7EF29F61767}.Debug|x86.Build.0 = Debug|Win32
		{8AA72E03-91C3-48F2-B97A-F7EF29F61767}.Release|x64.ActiveCfg = Release|x64
		{8AA72E03-91C3-48F2-B97A-F7EF29F61767}.Release|x64.Build.0 = Release|x64
		{8AA72E03-91C3-48F2-B97A-F7EF29F61767}.Release|x86.ActiveCfg = Release|Win32
		{8AA72E03-91C3-48F2-B97A-F7EF29F61767}.Release|x86.Build.0 = Release|Win32
		{B1638509-3A5E-4963-AEAC-B207CD9EE906}.Debug|x64.ActiveCfg = Debug|x64
		{B1638509-3A5E-4963-AEAC-B207CD9EE906}.Debug|x64.Build.0 = Debug|x64
		{B1638509-3A5E-4963-AEAC-B207CD9EE906}.Debug|x86.ActiveCfg = Debug|Win32
		{B1638509-3A5E-4963-AEAC-B207CD9EE906}.Debug|x86.Build.0 = Debug|Win32
		{B1638509-3A5E-4963-AEAC-B207CD9EE906}.Release|x64.ActiveCfg = Release|x64
		{B1638509-3A5E-4963-AEAC-B207CD9EE906}.Release|x64.Build.0 = Release|x64
		{B1638509-3A5E-4963-AEAC-B207CD9EE906}.Release|x86.ActiveCfg = Release|Win32
		{B1638509-3A5E-4963-AEAC-B207CD9EE906}.Release|x86.Build.0 = Release|Win32
		{9D29D12D-9E59-42C4-8BC9-64E1FCF76331}.Debug|x64.ActiveCfg = Debug|x64
		{9D29D12D-9E59-42C4-8BC9-64E1FCF76331}.Debug|x64.Build.0 = Debug|x64
		{9D29D12D-9E59-42C4-8BC9-64E1FCF76331}.Debug|x86.ActiveCfg = Debug|Win32
		{9D29D12D-9E59-42C4-8BC9-64E1FCF76331}.Debug|x86.Build.0 = Debug|Win32
		{9D29D12D-9E59-42C4-8BC9-64E1FCF76331}.Release|x64.ActiveCfg = Release|x64
		{9D29D12D-9E59-42C4-8BC9-64E1FCF76331}.Release|x64.Build.0 = Release|x64
		{9D29D12D-9E59-42C4-8BC9-64E1FCF76331}.Release|x86.ActiveCfg = Release|Win32
		{9D29D12D-9E59-42C4-8BC9-64E1FCF76331}.Release|x86.Build.0 = Release|Win32
		{34CC3B45-3B83-4EDA-A9A6-4076F0DC5DDE}.Debug|x64.ActiveCfg = Debug|x64
		{34CC3B45-3B83-4EDA-A9A6-4076F0DC5DDE}.Debug|x64.Build.0 = Debug|x64
		{34CC3B45-3B83-4EDA-A9A6-4076F0DC5DDE}.Debug|x86.ActiveCfg = Debug|Win32
		{34CC3B45-3B83-4EDA-A9A6-4076F0DC5DDE}.Debug|x86.Build.0 = Debug|Win32
		{34CC3B45-3B83-4EDA-A9A6-4076F0DC5DDE}.Release|x64.ActiveCfg = Release|x64
		{34CC3B45-3B83-4EDA-A9A6-4076F0DC5DDE}.Release|x64.Build.0 = Release|x64
		{34CC3B45-3B83-4EDA-A9A6-4076F0DC5DDE}.Release|x86.ActiveCfg = Release|Win32
		{34CC3B45-3B83-4EDA-A9A6-4076F0DC5DDE}.Release|x86.Build.0 = Release|Win32
		{B1BC6278-E97D-470F-8DFC-AB2E506FBEBB}.Debug|x64.ActiveCfg = Debug|x64
		{B1BC6278-E97D-470F-8DFC-AB2E506FBEBB}.Debug|x64.Build.0 = Debug|x64
		{B1BC6278-E97D-470F-8DFC-AB2E506FBEBB}.Debug|x86.ActiveCfg = Debug|Win32
		{B1BC6278-E97D-470F-8DFC-AB2E506FBEBB}.Debug|x86.Build.0 = Debug|Win32
		{B1BC6278-E97D-470F-8DFC-AB2E506FBEBB}.Release|x64.ActiveCfg = Release|x64
		{B1BC6278-E97D-470F-8DFC-AB2E506FBEBB}.Release|x64.Build.0 = Release|x64
		{B1BC6278-E97D-470F-8DFC-AB2E506FBEBB}.Release|x86.ActiveCfg = Release|Win32
		{B1BC6278-E97D-470F-8DFC-AB2E506FBEBB}.Release|x86.Build.0 = Release|Win32
		{02CF67C6-EF7D-4BCB-843E-75852D9C7A06}.Debug|x64.ActiveCfg = Debug|x64
		{02CF67C6-EF7D-4BCB-843E-75852D9C7A06}.Debug|x64.Build.0 = Debug|x64
		{02CF67C6-EF7D-4BCB-843E-75852D9C7A06}.Debug|x86.ActiveCfg = Debug|Win32
		{02CF67C6-EF7D-4BCB-843E-75852D9C7A06}.Debug|x86.Build.0 = Debug|Win32
		{02CF67C6-EF7D-4BCB-843E-75852D9C7A06}.Release|x64.ActiveCfg = Release|x64
		{02CF67C6-EF7D-4BCB-843E-75852D9C7A06}.Release|x64.Build.0 = Release|x64
		{02CF67C6-EF7D-4BCB-843E-75852D9C7A06}.Release|x86.ActiveCfg = Release|Win32
		{02CF67C6-EF7D-4BCB-843E-75852D9C7A06}.Release|x86.Build.0 = Release|Win32
		{956C89F5-B771-4605-BF58-5D2B49E4DD7F}.Debug|x64.ActiveCfg = Debug|x64
		{956C89F5-B771-4605-BF58-5D2B49E4DD7F}.Debug|x64.Build.0 = Debug|x64
		{956C89F5-B771-4605-BF58-5D2B49E4DD7F}.Debug|x86.ActiveCfg = Debug|Win32
		{956C89F5-B771-4605-BF58-5D2B49E4DD7F}.Debug|x86.Build.0 = Debug|Win32
		{956C89F5-B771-4605-BF58-5D2B49E4DD7F}.Release|x64.ActiveCfg = Release|x64
		{956C89F5-B771-4605-BF58-5D2B49E4DD7F}.Release|x64.Build.0 = Release|x64
		{956C89F5-B771-4605-BF58-5D2B49E4DD7F}.Release|x86.ActiveCfg = Release|Win32
		{956C89F5-B771-4605-BF58-5D2B49E4DD7F}.Release|x86.Build.0 = Release|Win32
		{B02E412B-8A69-473D-91CB-6E0C2F9B1CD0}.Debug|x64.ActiveCfg = Debug|x64
		{B02E412B-8A69-473D-91CB-6E0C2F9B1CD0}.Debug|x64.Build.0 = Debug|x64
		{B02E412B-8A69-473D-91CB-6E0C2F9B1CD0}.Debug|x86.ActiveCfg = Debug|Win32
		{B02E412B-8A69-473D-91CB-6E0C2F9B1CD0}.Debug|x86.Build.0 = Debug|Win32
		{B02E412B-8A69-473D-91CB-6E0C2F9B1CD0}.Release|x64.ActiveCfg = Release|x64
		{B02E412B-8A69-473D-91CB-6E0C2F9B1CD0}.Release|x64.Build.0 = Release|x64
		{B02E412B-8A69-473D-91CB-6E0C2F9B1CD0}.Release|x86.ActiveCfg = Release|Win32
		{B02E412B-8A69-473D-91CB-6E0C2F9B1CD0}.Release|x86.Build.0 = Release|Win32
		{7392A3A1-3370-409C-9944-DBB589083FE9}.Debug|x64.ActiveCfg = Debug|x64
		{7392A3A1-3370-409C-9944-DBB589083FE9}.Debug|x64.Build.0 = Debug|x64
		{7392A3A1-3370-409C-9944-DBB589083FE9}.Debug|x86.ActiveCfg = Debug|Win32
		{7392A3A1-3370-409C-9944-DBB589083FE9}.Debug|x86.Build.0 = Debug|Win32
		{7392A3A1-3370-409C-9944-DBB589083FE9}.Release|x64.ActiveCfg = Release|x64
		{7392A3A1-3370-409C-9944-DBB589083FE9}.Release|x64.Build.0 = Release|x64
		{7392A3A1-3370-409C-9944-DBB589083FE9}.Release|x86.ActiveCfg = Release|Win32
		{7392A3A1-3370-409C-9944-DBB589083FE9}.Release|x86.Build.0 = Release|Win32
		{50D4A90F-1FB6-4734-856A-CA71ABA62CD0}.Debug|x64.ActiveCfg = Debug|x64
		{50D4A90F-1FB6-4734-856A-CA71ABA62CD0}.Debug|x64.Build.0 = Debug|x64
		{50D4A90F-1FB6-4734-856A-CA71ABA62CD0}.Debug|x86.ActiveCfg = Debug|Win32
		{50D4A90F-1FB6-4734-856A-CA71ABA62CD0}.Debug|x86.Build.0 = Debug|Win32
		{50D4A90F-1FB6-4734-856A-CA71ABA62CD0}.Release|x64.ActiveCfg = Release|x64
		{50D4A90F-1FB6-4734-856A-CA71ABA62CD0}.Release|x64.Build.0 = Release|x64
		{50D4A90F-1FB6-4734-856A-CA71ABA62CD0}.Release|x86.ActiveCfg = Release|Win32
		{50D4A90F-1FB6-4734-856A-CA71ABA62CD0}.Release|x86.Build.0 = Release|Win32
		{DE983617-0244-4016-B090-5B0736814AA0}.Debug|x64.ActiveCfg = Debug|x64
		{DE983617-0244-4016-B090-5B0736814AA0}.Debug|x64.Build.0 = Debug|x64
		{DE983617-0244-4016-B090-5B0736814AA0}.Debug|x86.ActiveCfg = Debug|Win32
		{DE983617-0244-4016-B090-5B0736814AA0}.Debug|x86.Build.0 = Debug|Win32
		{DE983617-0244-4016-B090-5B0736814AA0}.Release|x64.ActiveCfg = Release|x64
		{DE983617-0244-4016-B090-5B0736814AA0}.Release|x64.Build.0 = Release|x64
		{DE983617-0244-4016-B090-5B0736814AA0}.Release|x86.ActiveCfg = Release|Win32
		{DE983617-0244-4016-B090-5B0736814AA0}.Release|x86.Build.0 = Release|Win32
		{A77E0474-C353-41E5-8BE2-962F532E959E}.Debug|x64.ActiveCfg = Debug|x64
		{A77E0474-C353-41E5-8BE2-962F532E959E}.Debug|x64.Build.0 = Debug|x64
		{A77E0474-C353-41E5-8BE2-962F532E959E}.Debug|x86.ActiveCfg = Debug|Win32
		{A77E0474-C353-41E5-8BE2-962F532E959E}.Debug|x86.Build.0 = Debug|Win32
		{A77E0474-C353-41E5-8BE2-962F532E959E}.Release|x64.ActiveCfg = Release|x64
		{A77E0474-C353-41E5-8BE2-962F532E959E}.Release|x64.Build.0 = Release|x64
		{A77E0474-C353-41E5-8BE2-962F532E959E}.Release|x86.ActiveCfg = Release|Win32
		{A77E0474-C353-41E5-8BE2-962F532E959E}.Release|x86.Build.0 = Release|Win32
		{A6112CBB-7421-40CC-BE94-DCCEDC9C8FB2}.Debug|x64.ActiveCfg = Debug|x64
		{A6112CBB-7421-40CC-BE94-DCCEDC9C8FB2}.Debug|x64.Build.0 = Debug|x64
		{A6112CBB-7421-40CC-BE94-DCCEDC9C8FB2}.Debug|x86.ActiveCfg = Debug|Win32
		{A6112CBB-7421-40CC-BE94-DCCEDC9C8FB2}.Debug|x86.Build.0 = Debug|Win32
		{A6112CBB-7421-40CC-BE94-DCCEDC9C8FB2}.Release|x64.ActiveCfg = Release|x64
		{A6112CBB-7421-40CC-BE94-DCCEDC9C8FB2}.Release|x64.Build.0 = Release|x64
		{A6112CBB-7421-40CC-BE94-DCCEDC9C8FB2}.Release|x86.ActiveCfg = Release|Win32
		{A6112CBB-7421-40CC-BE94-DCCEDC9C8FB2}.Release|x86.Build.0 = Release|Win32
		{0897151F-DA8A-47A7-8C9F-537F621B75F6}.Debug|x64.ActiveCfg = Debug|x64
		{0897151F-DA8A-47A7-8C9F-537F621B75F6}.Debug|x64.Build.0 = Debug|x64
		{0897151F-DA8A-47A7-8C9F-537F621B75F6}.Debug|x86.ActiveCfg = Debug|Win32
		{0897151F-DA8A-47A7-8C9F-537F621B75F6}.Debug|x86.Build.0 = Debug|Win32
		{0897151F-DA8A-47A7-8C9F-537F621B75F6}.Release|x64.ActiveCfg = Release|x64
		{0897151F-DA8A-47A7-8C9F-537F621B75F6}.Release|x64.Build.0 = Release|x64
		{0897151F-DA8A-47A7-8C9F-537F621B75F6}.Release|x86.ActiveCfg = Release|Win32
		{0897151F-DA8A-47A7-8C9F-537F621B75F6}.Release|x86.Build.0 = Release|Win32
		{25B5E52A-C72D-403E-B506-89A23E911742}.Debug|x64.ActiveCfg = Debug|x64
		{25B5E52A-C72D-403E-B506-89A23E911742}.Debug|x64.Build.0 = Debug|x64
		{25B5E52A-C72D-403E-B506-89A23E911742}.Debug|x86.ActiveCfg = Debug|Win32
		{25B5E52A-C72D-403E-B506-89A23E911742}.Debug|x86.Build.0 = Debug|Win32
		{25B5E52A-C72D-403E-B506-89A23E911742}.Release|x64.ActiveCfg = Release|x64
		{25B5E52A-C72D-403E-B506-89A23E911742}.Release|x64.Build.0 = Release|x64
		{25B5E52A-C72D-403E-B506-89A23E911742}.Release|x86.ActiveCfg = Release|Win32
		{25B5E52A-C72D-403E-B506-89A23E911742}.Release|x86.Build.0 = Release|Win32
		{6803A0F3-16CB-4222-8398-2A2A821DE4B4}.Debug|x64.ActiveCfg = Debug|x64
		{6803A0F3-16CB-4222-8398-2A2A821DE4B4}.Debug|x64.Build.0 = Debug|x64
		{6803A0F3-16CB-4222-8398-2A2A821DE4B4}.Debug|x86.ActiveCfg = Debug|Win32
		{6803A0F3-16CB-4222-8398-2A2A821DE4B4}.Debug|x86.Build.0 = Debug|Win32
		{6803A0F3-16CB-4222-8398-2A2A821DE4B4}.Release|x64.ActiveCfg = Release|x64
		{6803A0F3-16CB-4222-8398-2A2A821DE4B4}.Release|x64.Build.0 = Release|x64
		{6803A0F3-16CB-4222-8398-2A2A821DE4B4}.Release|x86.ActiveCfg = Release|Win32
		{6803A0F3-16CB-4222-8398-2A2A821DE4B4}.Release|x86.Build.0 = Release|Win32
		{9CE9DBB4-A6E0-47F6-8D87-0C8EED932CA3}.Debug|x64.ActiveCfg = Debug|x64
		{9CE9DBB4-A6E0-47F6-8D87-0C8EED932CA3}.Debug|x64.Build.0 = Debug|x64
		{9CE9DBB4-A6E0-47F6-8D87-0C8EED932CA3}.Debug|x86.ActiveCfg = Debug|Win32
		{9CE9DBB4-A6E0-47F6-8D87-0C8EED932CA3}.Debug|x86.Build.0 = Debug|Win32
		{9CE9DBB4-A6E0-47F6-8D87-0C8EED932CA3}.Release|x64.ActiveCfg = Release|x64
		{9CE9DBB4-A6E0-47F6-8D87-0C8EED932CA3}.Release|x64.Build.0 = Release|x64
		{9CE9DBB4-A6E0-47F6-8D87-0C8EED932CA3}.Release|x86.ActiveCfg = Release|Win32
		{9CE9DBB4-A6E0-47F6-8D87-0C8EED932CA3}.Release|x86.Build.0 = Release|Win32
		{046ABB82-C965-4DDE-ABC8-5213D1C53599}.Debug|x64.ActiveCfg = Debug|x64
		{046ABB82-C965-4DDE-ABC8-5213D1C53599}.Debug|x64.Build.0 = Debug|x64
		{046ABB82-C965-4DDE-ABC8-5213D1C53599}.Debug|x86.ActiveCfg = Debug|Win32
		{046ABB82-C965-4DDE-ABC8-5213D1C53599}.Debug|x86.Build.0 = Debug|Win32
		{046ABB82-C965-4DDE-ABC8-5213D1C53599}.Release|x64.ActiveCfg = Release|x64
		{046ABB82-C965-4DDE-ABC8-5213D1C53599}.Release|x64.Build.0 = Release|x64
		{046ABB82-C965-4DDE-ABC8-5213D1C53599}.Release|x86.ActiveCfg = Release|Win32
		{046ABB82-C965-4DDE-ABC8-5213D1C53599}.Release|x86.Build.0 = Release|Win32
		{CA8DC096-D825-4071-B64D-2985C04D541C}.Debug|x64.ActiveCfg = Debug|x64
		{CA8DC096-D825-4071-B64D-2985C04D541C}.Debug|x64.Build.0 = Debug|x64
		{CA8DC096-D825-4071-B64D-2985C04D541C}.Debug|x86.ActiveCfg = Debug|Win32
		{CA8DC096-D825-4071-B64D-2985C04D541C}.Debug|x86.Build.0 = Debug|Win32
		{CA8DC096-D825-4071-B64D-2985C04D541C}.Release|x64.ActiveCfg = Release|x64
		{CA8DC096-D825-4071-B64D-2985C04D541C}.Release|x64.Build.0 = Release|x64
		{CA8DC096-D825-4071-B64D-2985C04D541C}.Release|x86.ActiveCfg = Release|Win32
		{CA8DC096-D825-4071-B64D-2985C04D541C}.Release|x86.Build.0 = Release|Win32
		{DEEE0CDC-F4B7-4CE4-9A09-F274D2399B6E}.Debug|x64.ActiveCfg = Debug|x64
		{DEEE0CDC-F4B7-4CE4-9A09-F274D2399B6E}.Debug|x64.Build.0 = Debug|x64
		{DEEE0CDC-F4B7-4CE4-9A09-F274D2399B6E}.Debug|x86.ActiveCfg = Debug|Win32
		{DEEE0CDC-F4B7-4CE4-9A09-F274D2399B6E}.Debug|x86.Build.0 = Debug|Win32
		{DEEE0CDC-F4B7-4CE4-9A09-F274D2399B6E}.Release|x64.ActiveCfg = Release|x64
		{DEEE0CDC-F4B7-4CE4-9A09-F274D2399B6E}.Release|x64.Build.0 = Release|x64
		{DEEE0CDC-F4B7-4CE4-9A09-F274D2399B6E}.Release|x86.ActiveCfg = Release|Win32
		{DEEE0CDC-F4B7-4CE4-9A09-F274D2399B6E}.Release|x86.Build.0 = Release|Win32
		{DA699820-9DF7-46EF-BD80-924B3CE10104}.Debug|x64.ActiveCfg = Debug|x64
		{DA699820-9DF7-46EF-BD80-924B3CE10104}.Debug|x64.Build.0 = Debug|x64
		{DA699820-9DF7-46EF-BD80-924B3CE10104}.Debug|x86.ActiveCfg = Debug|Win32
		{DA699820-9DF7-46EF-BD80-924B3CE10104}.Debug|x86.Build.0 = Debug|Win32
		{DA699820-9DF7-46EF-BD80-924B3CE10104}.Release|x64.ActiveCfg = Release|x64
		{DA699820-9DF7-46EF-BD80-924B3CE10104}.Release|x64.Build.0 = Release|x64
		{DA699820-9DF7-46EF-BD80-924B3CE10104}.Release|x86.ActiveCfg = Release|Win32
		{DA699820-9DF7-46EF-BD80-924B3CE10104}.Release|x86.Build.0 = Release|Win32
		{AD4DC7E9-EFE4-43B0-9847-A16C388EC08E}.Debug|x64.ActiveCfg = Debug|x64
		{AD4DC7E9-EFE4-43B0-9847-A16C388EC08E}.Debug|x64.Build.0 = Debug|x64
		{AD4DC7E9-EFE4-43B0-9847-A16C388EC08E}.Debug|x86.ActiveCfg = Debug|Win32
		{AD4DC7E9-EFE4-43B0-9847-A16C388EC08E}.Debug|x86.Build.0 = Debug|Win32
		{AD4DC7E9-EFE4-43B0-9847-A16C388EC08E}.Release|x64.ActiveCfg = Release|x64
		{AD4DC7E9-EFE4-43B0-9847-A16C388EC08E}.Release|x64.Build.0 = Release|x64
		{AD4DC7E9-EFE4-43B0-9847-A16C388EC08E}.Release|x86.ActiveCfg = Release|Win32
		{AD4DC7E9-EFE4-43B0-9847-A16C388EC08E}.Release|x86.Build.0 = Release|Win32
		{855AC1A2-7362-46E7-9DBB-FBC735CAC2C0}.Debug|x64.ActiveCfg = Debug|x64
		{855AC1A2-7362-46E7-9DBB-FBC735CAC2C0}.Debug|x64.Build.0 = Debug|x64
		{855AC1A2-7362-46E7-9DBB-FBC735CAC2C0}.Debug|x86.ActiveCfg = Debug|Win32
		{855AC1A2-7362-46E7-9DBB-FBC735CAC2C0}.Debug|x86.Build.0 = Debug|Win32
		{855AC1A2-7362-46E7-9DBB-FBC735CAC2C0}.Release|x64.ActiveCfg = Release|x64
		{855AC1A2-7362-46E7-9DBB-FBC735CAC2C0}.Release|x64.Build.0 = Release|x64
		{855AC1A2-7362-46E7-9DBB-FBC735CAC2C0}.Release|x86.ActiveCfg = Release|Win32
		{855AC1A2-7362-46E7-9DBB-FBC735CAC2C0}.Release|x86.Build.0 = Release|Win32
		{DF4F8BBD-1883-4555-91D8-4107CD005083}.Debug|x64.ActiveCfg = Debug|x64
		{DF4F8BBD-1883-4555-91D8-4107CD005083}.Debug|x64.Build.0 = Debug|x64
		{DF4F8BBD-1883-4555-91D8-4107CD005083}.Debug|x86.ActiveCfg = Debug|Win32
		{DF4F8BBD-1883-4555-91D8-4107CD005083}.Debug|x86.Build.0 = Debug|Win32
		{DF4F8BBD-1883-4555-91D8-4107CD005083}.Release|x64.ActiveCfg = Release|x64
		{DF4F8BBD-1883-4555-91D8-4107CD005083}.Release|x64.Build.0 = Release|x64
		{DF4F8BBD-1883-4555-91D8-4107CD005083}.Release|x86.ActiveCfg = Release|Win32
		{DF4F8BBD-1883-4555-91D8-4107CD005083}.Release|x86.Build.0 = Release|Win32
		{FB229DED-74FB-43B4-86BF-4F972506DB07}.Debug|x64.ActiveCfg = Debug|x64
		{FB229DED-74FB-43B4-86BF-4F972506DB07}.Debug|x64.Build.0 = Debug|x64
		{FB229DED-74FB-43B4-86BF-4F972506DB07}.Debug|x86.ActiveCfg = Debug|Win32
		{FB229DED-74FB-43B4-86BF-4F972506DB07}.Debug|x86.Build.0 = Debug|Win32
		{FB229DED-74FB-43B4-86BF-4F972506DB07}.Release|x64.ActiveCfg = Release|x64
		{FB229DED-74FB-43B4-86BF-4F972506DB07}.Release|x64.Build.0 = Release|x64
		{FB229DED-74FB-43B4-86BF-4F972506DB07}.Release|x86.ActiveCfg = Release|Win32
		{FB229DED-74FB-43B4-86BF-4F972506DB07}.Release|x86.Build.0 = Release|Win32
		{9F61A55C-EB09-4C7C-9125-0340CFA10C96}.Debug|x64.ActiveCfg = Debug|x64
		{9F61A55C-EB09-4C7C-9125-0340CFA10C96}.Debug|x64.Build.0 = Debug|x64
		{9F61A55C-EB09-4C7C-9125-0340CFA10C96}.Debug|x86.ActiveCfg = Debug|Win32
		{9F61A55C-EB09-4C7C-9125-0340CFA10C96}.Debug|x86.Build.0 = Debug|Win32
		{9F61A55C-EB09-4C7C-9125-0340CFA10C96}.Release|x64.ActiveCfg = Release|x64
		{9F61A55C-EB09-4C7C-9125-0340CFA10C96}.Release|x64.Build.0 = Release|x64
		{9F61A55C-EB09-4C7C-9125-0340CFA10C96}.Release|x86.ActiveCfg = Release|Win32
		{9F61A55C-EB09-4C7C-9125-0340CFA10C96}.Release|x86.Build.0 = Release|Win32
		{3F955D82-3342-4A94-8248-E3749456E9AD}.Debug|x64.ActiveCfg = Debug|x64
		{3F955D82-3342-4A94-8248-E3749456E9AD}.Debug|x64.Build.0 = Debug|x64
		{3F955D82-3342-4A94-8248-E3749456E9AD}.Debug|x86.ActiveCfg = Debug|Win32
		{3F955D82-3342-4A94-8248-E3749456E9AD}.Debug|x86.Build.0 = Debug|Win32
		{3F955D82-3342-4A94-8248-E3749456E9AD}.Release|x64.ActiveCfg = Release|x64
		{3F955D82-3342-4A94-8248-E3749456E9AD}.Release|x64.Build.0 = Release|x64
		{3F955D82-3342-4A94-8248-E3749456E9AD}.Release|x86.ActiveCfg = Release|Win32
		{3F955D82-3342-4A94-8248-E3749456E9AD}.Release|x86.Build.0 = Release|Win32
		{1B0D2868-9EEC-4783-B1AB-06F6E32345B7}.Debug|x64.ActiveCfg = Debug|x64
		{1B0D2868-9EEC-4783-B1AB-06F6E32345B7}.Debug|x64.Build.0 = Debug|x64
		{1B0D2868-9EEC-4783-B1AB-06F6E32345B7}.Debug|x86.ActiveCfg = Debug|Win32
		{1B0D2868-9EEC-4783-B1AB-06F6E32345B7}.Debug|x86.Build.0 = Debug|Win32
		{1B0D2868-9EEC-4783-B1AB-06F6E32345B7}.Release|x64.ActiveCfg = Release|x64
		{1B0D2868-9EEC-4783-B1AB-06F6E32345B7}.Release|x64.Build.0 = Release|x64
		{1B0D2868-9EEC-4783-B1AB-06F6E32345B7}.Release|x86.ActiveCfg = Release|Win32
		{1B0D2868-9EEC-4783-B1AB-06F6E32345B7}.Release|x86.Build.0 = Release|Win32
		{A1CCAE07-7DD0-4AE9-8EB5-7C84F1B57EEA}.Debug|x64.ActiveCfg = Debug|x64
		{A1CCAE07-7DD0-4AE9-8EB5-7C84F1B57EEA}.Debug|x64.Build.0 = Debug|x64
		{A1CCAE07-7DD0-4AE9-8EB5-7C84F1B57EEA}.Debug|x86.ActiveCfg = Debug|Win32
		{A1CCAE07-7DD0-4AE9-8EB5-7C84F1B57EEA}.Debug|x86.Build.0 = Debug|Win32
		{A1CCAE07-7DD0-4AE9-8EB5-7C84F1B57EEA}.Release|x64.ActiveCfg = Release|x64
		{A1CCAE07-7DD0-4AE9-8EB5-7C84F1B57EEA}.Release|x64.Build.0 = Release|x64
		{A1CCAE07-7DD0-4AE9-8EB5-7C84F1B57EEA}.Release|x86.ActiveCfg = Release|Win32
		{A1CCAE07-7DD0-4AE9-8EB5-7C84F1B57EEA}.Release|x86.Build.0 = Release|Win32
		{37EDBB6D-8785-4329-8872-FE141A064F2E}.Debug|x64.ActiveCfg = Debug|x64
		{37EDBB6D-8785-4329-8872-FE141A064F2E}.Debug|x64.Build.0 = Debug|x64
		{37EDBB6D-8785-4329-8872-FE141A064F2E}.Debug|x86.ActiveCfg = Debug|Win32
		{37EDBB6D-8785-4329-8872-FE141A064F2E}.Debug|x86.Build.0 = Debug|Win32
		{37EDBB6D-8785-4329-8872-FE141A064F2E}.Release|x64.ActiveCfg = Release|x64
		{37EDBB6D-8785-4329-8872-FE141A064F2E}.Release|x64.Build.0 = Release|x64
		{37EDBB6D-8785-4329-8872-FE141A064F2E}.Release|x86.ActiveCfg = Release|Win32
		{37EDBB6D-8785-4329-8872-FE141A064F2E}.Release|x86.Build.0 = Release|Win32
		{D4BE6975-021A-4B0B-BD8F-7378E80C7E88}.Debug|x64.ActiveCfg = Debug|x64
		{D4BE6975-021A-4B0B-BD8F-7378E80C7E88}.Debug|x64.Build.0 = Debug|x64
		{D4BE6975-021A-4B0B-BD8F-7378E80C7E88}.Debug|x86.ActiveCfg = Debug|Win32
		{D4BE6975-021A-4B0B-BD8F-7378E80C7E88}.Debug|x86.Build.0 = Debug|Win32
		{D4BE6975-021A-4B0B-BD8F-7378E80C7E88}.Release|x64.ActiveCfg = Release|x64
		{D4BE6975-021A-4B0B-BD8F-7378E80C7E88}.Release|x64.Build.0 = Release|x64
		{D4BE6975-021A-4B0B-BD8F-7378E80C7E88}.Release|x86.ActiveCfg = Release|Win32
		{D4BE6975-021A-4B0B-BD8F-7378E80C7E88}.Release|x86.Build.0 = Release|Win32
		{A9912B27-950B-4C7E-AFCA-1E4F9CD5E561}.Debug|x64.ActiveCfg = Debug|x64
		{A9912B27-950B-4C7E-AFCA-1E4F9CD5E561}.Debug|x64.Build.0 = Debug|x64
		{A9912B27-950B-4C7E-AFCA-1E4F9CD5E561}.Debug|x86.ActiveCfg = Debug|Win32
		{A9912B27-950B-4C7E-AFCA-1E4F9CD5E561}.Debug|x86.Build.0 = Debug|Win32
		{A9912B27-950B-4C7E-AFCA-1E4F9CD5E561}.Release|x64.ActiveCfg = Release|x64
		{A9912B27-950B-4C7E-AFCA-1E4F9CD5E561}.Release|x64.Build.0 = Release|x64
		{A9912B27-950B-4C7E-AFCA-1E4F9CD5E561}.Release|x86.ActiveCfg = Release|Win32
		{A9912B27-950B-4C7E-AFCA-1E4F9CD5E561}.Release|x86.Build.0 = Release|Win32
		{802760A5-F84D-4C45-BF6F-84F588A16201}.Debug|x64.ActiveCfg = Debug|x64
		{802760A5-F84D-4C45-BF6F-84F588A16201}.Debug|x64.Build.0 = Debug|x64
		{802760A5-F84D-4C45-BF6F-84F588A16201}.Debug|x86.ActiveCfg = Debug|Win32
		{802760A5-F84D-4C45-BF6F-84F588A16201}.Debug|x86.Build.0 = Debug|Win32
		{802760A5-F84D-4C45-BF6F-84F588A16201}.Release|x64.ActiveCfg = Release|x64
		{802760A5-F84D-4C45-BF6F-84F588A16201}.Release|x64.Build.0 = Release|x64
		{802760A5-F84D-4C45-BF6F-84F588A16201}.Release|x86.ActiveCfg = Release|Win32
		{802760A5-F84D-4C45-BF6F-84F588A16201}.Release|x86.Build.0 = Release|Win32
		{F6EE158D-611B-4BFA-8A3B-2416F88C98C9}.Debug|x64.ActiveCfg = Debug|x64
		{F6EE158D-611B-4BFA-8A3B-2416F88C98C9}.Debug|x64.Build.0 = Debug|x64
		{F6EE158D-611B-4BFA-8A3B-2416F88C98C9}.Debug|x86.ActiveCfg = Debug|Win32
		{F6EE158D-611B-4BFA-8A3B-2416F88C98C9}.Debug|x86.Build.0 = Debug|Win32
		{F6EE158D-611B-4BFA-8A3B-2416F88C98C9}.Release|x64.ActiveCfg = Release|x64
		{F6EE158D-611B-4BFA-8A3B-2416F88C98C9}.Release|x64.Build.0 = Release|x64
		{F6EE158D-611B-4BFA-8A3B-2416F88C98C9}.Release|x86.ActiveCfg = Release|Win32
		{F6EE158D-611B-4BFA-8A3B-2416F88C98C9}.Release|x86.Build.0 = Release|Win32
		{A36A4CDF-DA6F-4578-88E1-394C885A24CA}.Debug|x64.ActiveCfg = Debug|x64
		{A36A4CDF-DA6F-4578-88E1-394C885A24CA}.Debug|x64.Build.0 = Debug|x64
		{A36A4CDF-DA6F-4578-88E1-394C885A24CA}.Debug|x86.ActiveCfg = Debug|Win32
		{A36A4CDF-DA6F-4578-88E1-394C885A24CA}.Debug|x86.Build.0 = Debug|Win32
		{A36A4CDF-DA6F-4578-88E1-394C885A24CA}.Release|x64.ActiveCfg = Release|x64
		{A36A4CDF-DA6F-4578-88E1-394C885A24CA}.Release|x64.Build.0 = Release|x64
		{A36A4CDF-DA6F-4578-88E1-394C885A24CA}.Release|x86.ActiveCfg = Release|Win32
		{A36A4CDF-DA6F-4578-88E1-394C885A24CA}.Release|x86.Build.0 = Release|Win32
		{8C7CA70C-B287-42C4-A2CF-6712BAA759EF}.Debug|x64.ActiveCfg = Debug|x64
		{8C7CA70C-B287-42C4-A2CF-6712BAA759EF}.Debug|x64.Build.0 = Debug|x64
		{8C7CA70C-B287-42C4-A2CF-6712BAA759EF}.Debug|x86.ActiveCfg = Debug|Win32
		{8C7CA70C-B287-42C4-A2CF-6712BAA759EF}.Debug|x86.Build.0 = Debug|Win32
		{8C7CA70C-B287-42C4-A2CF-6712BAA759EF}.Release|x64.ActiveCfg = Release|x64
		{8C7CA70C-B287-42C4-A2CF-6712BAA759EF}.Release|x64.Build.0 = Release|x64
		{8C7CA70C-B287-42C4-A2CF-6712BAA759EF}.Release|x86.ActiveCfg = Release|Win32
		{8C7CA70C-B287-42C4-A2CF-6712BAA759EF}.Release|x86.Build.0 = Release|Win32
	EndGlobalSection
	GlobalSection(SolutionProperties) = preSolution
		HideSolutionNode = FALSE
	EndGlobalSection
	GlobalSection(ExtensibilityGlobals) = postSolution
		SolutionGuid = {4484E2B6-FC02-4FBD-928B-1653EFB63B82}
	EndGlobalSection
EndGlobal
