
Microsoft Visual Studio Solution File, Format Version 12.00
# Visual Studio Version 17
VisualStudioVersion = 17.7.34031.279
MinimumVisualStudioVersion = 10.0.40219.1
Project("{8BC9CEB8-8B4A-11D0-8D11-00A0C91BC942}") = "Bai001", "Bai001\Bai001.vcxproj", "{D8E7CFA6-9642-4EB8-A5E0-586217D64712}"
EndProject
Project("{8BC9CEB8-8B4A-11D0-8D11-00A0C91BC942}") = "Bai002", "Bai002\Bai002.vcxproj", "{A33E7FC3-D92F-4F92-AF1F-6DC903D5D638}"
EndProject
Project("{8BC9CEB8-8B4A-11D0-8D11-00A0C91BC942}") = "Bai003", "Bai003\Bai003.vcxproj", "{62AD7768-7AED-43B0-A0F3-CF2FCBC2A044}"
EndProject
Project("{8BC9CEB8-8B4A-11D0-8D11-00A0C91BC942}") = "Bai004", "Bai004\Bai004.vcxproj", "{46493EC6-92C7-4F11-88FF-6C5669398379}"
EndProject
Project("{8BC9CEB8-8B4A-11D0-8D11-00A0C91BC942}") = "Bai005", "Bai005\Bai005.vcxproj", "{4AAD32D6-7795-4B8A-A6CC-A75B873E1110}"
EndProject
Project("{8BC9CEB8-8B4A-11D0-8D11-00A0C91BC942}") = "Bai006", "Bai006\Bai006.vcxproj", "{8B0C064F-4C57-4AD6-AA94-BC5D521332EB}"
EndProject
Project("{8BC9CEB8-8B4A-11D0-8D11-00A0C91BC942}") = "Bai007", "Bai007\Bai007.vcxproj", "{196C3C7B-BB4C-4C24-8561-DE701F514D81}"
EndProject
Project("{8BC9CEB8-8B4A-11D0-8D11-00A0C91BC942}") = "Bai008", "Bai008\Bai008.vcxproj", "{18D15F54-2091-44BF-AB72-08C8B70A7D9D}"
EndProject
Project("{8BC9CEB8-8B4A-11D0-8D11-00A0C91BC942}") = "Bai009", "Bai009\Bai009.vcxproj", "{D6113205-F3A7-451E-BC2A-1118FD87A683}"
EndProject
Project("{8BC9CEB8-8B4A-11D0-8D11-00A0C91BC942}") = "Bai010", "Bai010\Bai010.vcxproj", "{03D3FA04-5EC2-4D66-877B-F829A95AB16F}"
EndProject
Project("{8BC9CEB8-8B4A-11D0-8D11-00A0C91BC942}") = "Bai011", "Bai011\Bai011.vcxproj", "{F9E6ADAD-CB75-469E-A9EE-B3D202AB920E}"
EndProject
Project("{8BC9CEB8-8B4A-11D0-8D11-00A0C91BC942}") = "Bai012", "Bai012\Bai012.vcxproj", "{451C8001-BFCC-4644-AFE1-610AAA53E69D}"
EndProject
Project("{8BC9CEB8-8B4A-11D0-8D11-00A0C91BC942}") = "Bai013", "Bai013\Bai013.vcxproj", "{48C88195-208D-42F5-9C34-B855CF5D1E10}"
EndProject
Project("{8BC9CEB8-8B4A-11D0-8D11-00A0C91BC942}") = "Bai014", "Bai014\Bai014.vcxproj", "{A2F4E698-6E40-4094-948F-3ABC94C141B1}"
EndProject
Project("{8BC9CEB8-8B4A-11D0-8D11-00A0C91BC942}") = "Bai015", "Bai015\Bai015.vcxproj", "{064BFC8E-5E5D-4F7E-8CDF-9EE412CA9980}"
EndProject
Project("{8BC9CEB8-8B4A-11D0-8D11-00A0C91BC942}") = "Bai016", "Bai016\Bai016.vcxproj", "{DB3F80C3-13B1-44BD-83E3-B2550EC8BCAD}"
EndProject
Project("{8BC9CEB8-8B4A-11D0-8D11-00A0C91BC942}") = "Bai017", "Bai017\Bai017.vcxproj", "{4958D2DC-AE2E-49F8-A648-DE82A464BC3D}"
EndProject
Project("{8BC9CEB8-8B4A-11D0-8D11-00A0C91BC942}") = "Bai018", "Bai018\Bai018.vcxproj", "{E44D7DED-DDD2-46C8-AC9E-294E7B9E30D7}"
EndProject
Project("{8BC9CEB8-8B4A-11D0-8D11-00A0C91BC942}") = "Bai019", "Bai019\Bai019.vcxproj", "{DF93B9EA-887A-4B1C-A364-9B3728624AF0}"
EndProject
Project("{8BC9CEB8-8B4A-11D0-8D11-00A0C91BC942}") = "Bai020", "Bai020\Bai020.vcxproj", "{E54B9922-9206-49EC-A90B-3EB60D6CCF90}"
EndProject
Project("{8BC9CEB8-8B4A-11D0-8D11-00A0C91BC942}") = "Bai021", "Bai021\Bai021.vcxproj", "{2E0C61E4-4567-4605-AC30-F86F2557AEEF}"
EndProject
Project("{8BC9CEB8-8B4A-11D0-8D11-00A0C91BC942}") = "Bai022", "Bai022\Bai022.vcxproj", "{F51D158B-2E4A-49A5-A67D-793CBE7CFEDB}"
EndProject
Project("{8BC9CEB8-8B4A-11D0-8D11-00A0C91BC942}") = "Bai023", "Bai023\Bai023.vcxproj", "{B4DCC4A1-E9CD-418D-8127-A412C63DC445}"
EndProject
Project("{8BC9CEB8-8B4A-11D0-8D11-00A0C91BC942}") = "Bai024", "Bai024\Bai024.vcxproj", "{699522BB-298E-43D0-8431-A3514F6EAF58}"
EndProject
Project("{8BC9CEB8-8B4A-11D0-8D11-00A0C91BC942}") = "Bai025", "Bai025\Bai025.vcxproj", "{0CE090D0-0AC2-4EA5-8D59-1E774EDC6C40}"
EndProject
Project("{8BC9CEB8-8B4A-11D0-8D11-00A0C91BC942}") = "Bai026", "Bai026\Bai026.vcxproj", "{8BFB5529-5560-40AA-AB53-B58C89491E2A}"
EndProject
Project("{8BC9CEB8-8B4A-11D0-8D11-00A0C91BC942}") = "Bai027", "Bai027\Bai027.vcxproj", "{1CEB92FB-EE1E-4A02-8D46-0B9574C97A98}"
EndProject
Project("{8BC9CEB8-8B4A-11D0-8D11-00A0C91BC942}") = "Bai028", "Bai028\Bai028.vcxproj", "{1D65A78A-FABF-4803-83ED-457EA3D2DDC7}"
EndProject
Project("{8BC9CEB8-8B4A-11D0-8D11-00A0C91BC942}") = "Bai029", "Bai029\Bai029.vcxproj", "{72288E0A-F59A-41DD-96B7-C2643A16ADF9}"
EndProject
Project("{8BC9CEB8-8B4A-11D0-8D11-00A0C91BC942}") = "Bai030", "Bai030\Bai030.vcxproj", "{262C0305-B200-40C9-98BD-D9CB7E21697C}"
EndProject
Project("{8BC9CEB8-8B4A-11D0-8D11-00A0C91BC942}") = "Bai031", "Bai031\Bai031.vcxproj", "{5FC2F6B7-F086-4F3D-98B9-5067A6AAE5FE}"
EndProject
Project("{8BC9CEB8-8B4A-11D0-8D11-00A0C91BC942}") = "Bai032", "Bai032\Bai032.vcxproj", "{6F3DE71D-A5D2-4BD7-9AEE-E81D52565B20}"
EndProject
Project("{8BC9CEB8-8B4A-11D0-8D11-00A0C91BC942}") = "Bai033", "Bai033\Bai033.vcxproj", "{BD414B84-6DA7-45E5-B974-7F413005B4F3}"
EndProject
Project("{8BC9CEB8-8B4A-11D0-8D11-00A0C91BC942}") = "Bai034", "Bai034\Bai034.vcxproj", "{3FC83EC2-B391-479D-BEBD-20AD5C81A42E}"
EndProject
Project("{8BC9CEB8-8B4A-11D0-8D11-00A0C91BC942}") = "Bai035", "Bai035\Bai035.vcxproj", "{14A607C3-55B3-456E-A35D-C59B465ADC8C}"
EndProject
Project("{8BC9CEB8-8B4A-11D0-8D11-00A0C91BC942}") = "Bai036", "Bai036\Bai036.vcxproj", "{8ED171DC-1751-403F-8E88-01BEC544BEA6}"
EndProject
Project("{8BC9CEB8-8B4A-11D0-8D11-00A0C91BC942}") = "Bai037", "Bai037\Bai037.vcxproj", "{3122FD22-5A44-4ACB-8202-6D7F5A93C84B}"
EndProject
Project("{8BC9CEB8-8B4A-11D0-8D11-00A0C91BC942}") = "Bai038", "Bai038\Bai038.vcxproj", "{B2AF6795-8F2F-43F5-9D65-CED2B731A6BB}"
EndProject
Project("{8BC9CEB8-8B4A-11D0-8D11-00A0C91BC942}") = "Bai039", "Bai039\Bai039.vcxproj", "{0CAAA969-4014-4364-9B9B-62621C9C7E4D}"
EndProject
Project("{8BC9CEB8-8B4A-11D0-8D11-00A0C91BC942}") = "Bai040", "Bai040\Bai040.vcxproj", "{F6B020A4-5A49-413D-B741-66484E60B43D}"
EndProject
Project("{8BC9CEB8-8B4A-11D0-8D11-00A0C91BC942}") = "Bai041", "Bai041\Bai041.vcxproj", "{257088C7-5F13-4024-B246-060E54DBDD08}"
EndProject
Project("{8BC9CEB8-8B4A-11D0-8D11-00A0C91BC942}") = "Bai042", "Bai042\Bai042.vcxproj", "{4DEF1585-F976-42DC-9EC2-EA3198108348}"
EndProject
Project("{8BC9CEB8-8B4A-11D0-8D11-00A0C91BC942}") = "Bai043", "Bai043\Bai043.vcxproj", "{C8901148-887B-4708-B92F-3209DDA02E53}"
EndProject
Project("{8BC9CEB8-8B4A-11D0-8D11-00A0C91BC942}") = "Bai044", "Bai044\Bai044.vcxproj", "{29B25437-BE8C-417D-9E9C-F976A3C67B7D}"
EndProject
Project("{8BC9CEB8-8B4A-11D0-8D11-00A0C91BC942}") = "Bai045", "Bai045\Bai045.vcxproj", "{BDC3CEBF-6102-441A-825A-3CB4F4A600FA}"
EndProject
Project("{8BC9CEB8-8B4A-11D0-8D11-00A0C91BC942}") = "Bai046", "Bai046\Bai046.vcxproj", "{C59E8DBE-5CF1-4528-8DF7-14CBA8B28861}"
EndProject
Project("{8BC9CEB8-8B4A-11D0-8D11-00A0C91BC942}") = "Bai047", "Bai047\Bai047.vcxproj", "{031FC844-ABF9-45C2-BEC8-6746C72E4581}"
EndProject
Project("{8BC9CEB8-8B4A-11D0-8D11-00A0C91BC942}") = "Bai048", "Bai048\Bai048.vcxproj", "{8D5D4D53-85BE-47CC-A4D3-B4F10A8DDD2B}"
EndProject
Project("{8BC9CEB8-8B4A-11D0-8D11-00A0C91BC942}") = "Bai049", "Bai049\Bai049.vcxproj", "{1EF8DD18-CDA5-4230-AEA7-826D80A4187B}"
EndProject
Project("{8BC9CEB8-8B4A-11D0-8D11-00A0C91BC942}") = "Bai050", "Bai050\Bai050.vcxproj", "{50331717-7684-4047-9355-A0FE5D128DA6}"
EndProject
Project("{8BC9CEB8-8B4A-11D0-8D11-00A0C91BC942}") = "Bai051", "Bai051\Bai051.vcxproj", "{6EB77E7C-E0F2-454D-862A-47055989993C}"
EndProject
Project("{8BC9CEB8-8B4A-11D0-8D11-00A0C91BC942}") = "Bai052", "Bai052\Bai052.vcxproj", "{8ED09229-BB6B-4F61-8FAE-2DCC67069783}"
EndProject
Project("{8BC9CEB8-8B4A-11D0-8D11-00A0C91BC942}") = "Bai053", "Bai053\Bai053.vcxproj", "{5DAAD9F3-F6E7-43DF-B9A7-BE27BE9A2BD5}"
EndProject
Project("{8BC9CEB8-8B4A-11D0-8D11-00A0C91BC942}") = "Bai054", "Bai054\Bai054.vcxproj", "{7DB41DD0-8E55-42E6-BC05-AC96D403D186}"
EndProject
Project("{8BC9CEB8-8B4A-11D0-8D11-00A0C91BC942}") = "Bai055", "Bai055\Bai055.vcxproj", "{D0173D76-DB82-4443-A583-83DCDEB4B27A}"
EndProject
Project("{8BC9CEB8-8B4A-11D0-8D11-00A0C91BC942}") = "Bai056", "Bai056\Bai056.vcxproj", "{437F411C-E6D4-4F1A-970E-9733C57F5442}"
EndProject
Project("{8BC9CEB8-8B4A-11D0-8D11-00A0C91BC942}") = "Bai057", "Bai057\Bai057.vcxproj", "{CCCC6176-4FC6-4E54-8B67-F5EFE4ADBC7F}"
EndProject
Project("{8BC9CEB8-8B4A-11D0-8D11-00A0C91BC942}") = "Bai058", "Bai058\Bai058.vcxproj", "{76B0D8DA-025A-4382-A3FD-59ED37985E8F}"
EndProject
Project("{8BC9CEB8-8B4A-11D0-8D11-00A0C91BC942}") = "Bai059", "Bai059\Bai059.vcxproj", "{D2F0364C-764A-467D-B9F8-11D735B901EF}"
EndProject
Project("{8BC9CEB8-8B4A-11D0-8D11-00A0C91BC942}") = "Bai060", "Bai060\Bai060.vcxproj", "{125F1381-64D7-4B41-9CD0-050058879F8E}"
EndProject
Project("{8BC9CEB8-8B4A-11D0-8D11-00A0C91BC942}") = "Bai061", "Bai061\Bai061.vcxproj", "{EF2C8142-9475-46DF-851F-5BCAC3C6E42B}"
EndProject
Project("{8BC9CEB8-8B4A-11D0-8D11-00A0C91BC942}") = "Bai062", "Bai062\Bai062.vcxproj", "{8A1CEE29-24E0-49FE-8457-CA95E19860F1}"
EndProject
Project("{8BC9CEB8-8B4A-11D0-8D11-00A0C91BC942}") = "Bai063", "Bai063\Bai063.vcxproj", "{BB1DC5E9-436F-4DEF-B7A1-E76D6DA22BA4}"
EndProject
Project("{8BC9CEB8-8B4A-11D0-8D11-00A0C91BC942}") = "Bai064", "Bai064\Bai064.vcxproj", "{8DD7532E-578B-467F-B55C-1771B9703146}"
EndProject
Project("{8BC9CEB8-8B4A-11D0-8D11-00A0C91BC942}") = "Bai065", "Bai065\Bai065.vcxproj", "{59A268E3-E021-4EEF-82F1-FA8DEC557838}"
EndProject
Project("{8BC9CEB8-8B4A-11D0-8D11-00A0C91BC942}") = "Bai066", "Bai066\Bai066.vcxproj", "{410D31D5-8C55-4C43-834B-72D9EAD0C846}"
EndProject
Project("{8BC9CEB8-8B4A-11D0-8D11-00A0C91BC942}") = "Bai067", "Bai067\Bai067.vcxproj", "{6EB29FA6-242B-4D28-BC34-E2043F124041}"
EndProject
Project("{8BC9CEB8-8B4A-11D0-8D11-00A0C91BC942}") = "Bai068", "Bai068\Bai068.vcxproj", "{F8A39120-63E1-497C-910E-15FC92AD77BB}"
EndProject
Project("{8BC9CEB8-8B4A-11D0-8D11-00A0C91BC942}") = "Bai069", "Bai069\Bai069.vcxproj", "{293222AE-DB41-42A9-A9E8-2EE9CD092372}"
EndProject
Project("{8BC9CEB8-8B4A-11D0-8D11-00A0C91BC942}") = "Bai070", "Bai070\Bai070.vcxproj", "{63968DCD-D830-438E-A045-0CEA56B7D95B}"
EndProject
Project("{8BC9CEB8-8B4A-11D0-8D11-00A0C91BC942}") = "Bai071", "Bai071\Bai071.vcxproj", "{9DB673C0-25E0-4DC8-85A6-68F516205FA2}"
EndProject
Project("{8BC9CEB8-8B4A-11D0-8D11-00A0C91BC942}") = "Bai072", "Bai072\Bai072.vcxproj", "{785EA3ED-13F7-4860-8860-453A20EAD182}"
EndProject
Project("{8BC9CEB8-8B4A-11D0-8D11-00A0C91BC942}") = "Bai073", "Bai073\Bai073.vcxproj", "{97E61E63-95D9-4AD3-8369-AD87FC3124D3}"
EndProject
Project("{8BC9CEB8-8B4A-11D0-8D11-00A0C91BC942}") = "Bai074", "Bai074\Bai074.vcxproj", "{C039E40E-34B2-4ADC-B11E-5620274824FF}"
EndProject
Project("{8BC9CEB8-8B4A-11D0-8D11-00A0C91BC942}") = "Bai075", "Bai075\Bai075.vcxproj", "{705CE6E0-093A-48A7-A64A-AD5AD4AF7075}"
EndProject
Project("{8BC9CEB8-8B4A-11D0-8D11-00A0C91BC942}") = "Bai076", "Bai076\Bai076.vcxproj", "{D99E1A0D-8A76-4E6B-A54C-EA374C1EBBEF}"
EndProject
Project("{8BC9CEB8-8B4A-11D0-8D11-00A0C91BC942}") = "Bai077", "Bai077\Bai077.vcxproj", "{BDF358C5-601C-4BBA-AA5D-ACD55B0C711C}"
EndProject
Project("{8BC9CEB8-8B4A-11D0-8D11-00A0C91BC942}") = "Bai078", "Bai078\Bai078.vcxproj", "{525CA8E6-B6AB-44A3-B2BE-D1EA64631D5B}"
EndProject
Project("{8BC9CEB8-8B4A-11D0-8D11-00A0C91BC942}") = "Bai079", "Bai079\Bai079.vcxproj", "{1E915FE4-A639-402D-AE7A-B3BF0F9C7D90}"
EndProject
Project("{8BC9CEB8-8B4A-11D0-8D11-00A0C91BC942}") = "Bai080", "Bai080\Bai080.vcxproj", "{6B3BCBAD-7258-419C-8AD2-911AEACC18F1}"
EndProject
Project("{8BC9CEB8-8B4A-11D0-8D11-00A0C91BC942}") = "Bai081", "Bai081\Bai081.vcxproj", "{F53B3D00-611D-418C-B130-217228085927}"
EndProject
Project("{8BC9CEB8-8B4A-11D0-8D11-00A0C91BC942}") = "Bai082", "Bai082\Bai082.vcxproj", "{1B628668-ADDE-4EF6-B1A4-FCB8A66A8924}"
EndProject
Project("{8BC9CEB8-8B4A-11D0-8D11-00A0C91BC942}") = "Bai083", "Bai083\Bai083.vcxproj", "{C2F8845F-6EC1-45C3-9DFC-6D6B5C4B3B26}"
EndProject
Project("{8BC9CEB8-8B4A-11D0-8D11-00A0C91BC942}") = "Bai084", "Bai084\Bai084.vcxproj", "{DD1BF2A0-8335-4F32-8AB4-3BD38B04A84D}"
EndProject
Project("{8BC9CEB8-8B4A-11D0-8D11-00A0C91BC942}") = "Bai085", "Bai085\Bai085.vcxproj", "{14D7CCC8-BC41-4C4A-AB3E-90F509C2BF60}"
EndProject
Global
	GlobalSection(SolutionConfigurationPlatforms) = preSolution
		Debug|x64 = Debug|x64
		Debug|x86 = Debug|x86
		Release|x64 = Release|x64
		Release|x86 = Release|x86
	EndGlobalSection
	GlobalSection(ProjectConfigurationPlatforms) = postSolution
		{D8E7CFA6-9642-4EB8-A5E0-586217D64712}.Debug|x64.ActiveCfg = Debug|x64
		{D8E7CFA6-9642-4EB8-A5E0-586217D64712}.Debug|x64.Build.0 = Debug|x64
		{D8E7CFA6-9642-4EB8-A5E0-586217D64712}.Debug|x86.ActiveCfg = Debug|Win32
		{D8E7CFA6-9642-4EB8-A5E0-586217D64712}.Debug|x86.Build.0 = Debug|Win32
		{D8E7CFA6-9642-4EB8-A5E0-586217D64712}.Release|x64.ActiveCfg = Release|x64
		{D8E7CFA6-9642-4EB8-A5E0-586217D64712}.Release|x64.Build.0 = Release|x64
		{D8E7CFA6-9642-4EB8-A5E0-586217D64712}.Release|x86.ActiveCfg = Release|Win32
		{D8E7CFA6-9642-4EB8-A5E0-586217D64712}.Release|x86.Build.0 = Release|Win32
		{A33E7FC3-D92F-4F92-AF1F-6DC903D5D638}.Debug|x64.ActiveCfg = Debug|x64
		{A33E7FC3-D92F-4F92-AF1F-6DC903D5D638}.Debug|x64.Build.0 = Debug|x64
		{A33E7FC3-D92F-4F92-AF1F-6DC903D5D638}.Debug|x86.ActiveCfg = Debug|Win32
		{A33E7FC3-D92F-4F92-AF1F-6DC903D5D638}.Debug|x86.Build.0 = Debug|Win32
		{A33E7FC3-D92F-4F92-AF1F-6DC903D5D638}.Release|x64.ActiveCfg = Release|x64
		{A33E7FC3-D92F-4F92-AF1F-6DC903D5D638}.Release|x64.Build.0 = Release|x64
		{A33E7FC3-D92F-4F92-AF1F-6DC903D5D638}.Release|x86.ActiveCfg = Release|Win32
		{A33E7FC3-D92F-4F92-AF1F-6DC903D5D638}.Release|x86.Build.0 = Release|Win32
		{62AD7768-7AED-43B0-A0F3-CF2FCBC2A044}.Debug|x64.ActiveCfg = Debug|x64
		{62AD7768-7AED-43B0-A0F3-CF2FCBC2A044}.Debug|x64.Build.0 = Debug|x64
		{62AD7768-7AED-43B0-A0F3-CF2FCBC2A044}.Debug|x86.ActiveCfg = Debug|Win32
		{62AD7768-7AED-43B0-A0F3-CF2FCBC2A044}.Debug|x86.Build.0 = Debug|Win32
		{62AD7768-7AED-43B0-A0F3-CF2FCBC2A044}.Release|x64.ActiveCfg = Release|x64
		{62AD7768-7AED-43B0-A0F3-CF2FCBC2A044}.Release|x64.Build.0 = Release|x64
		{62AD7768-7AED-43B0-A0F3-CF2FCBC2A044}.Release|x86.ActiveCfg = Release|Win32
		{62AD7768-7AED-43B0-A0F3-CF2FCBC2A044}.Release|x86.Build.0 = Release|Win32
		{46493EC6-92C7-4F11-88FF-6C5669398379}.Debug|x64.ActiveCfg = Debug|x64
		{46493EC6-92C7-4F11-88FF-6C5669398379}.Debug|x64.Build.0 = Debug|x64
		{46493EC6-92C7-4F11-88FF-6C5669398379}.Debug|x86.ActiveCfg = Debug|Win32
		{46493EC6-92C7-4F11-88FF-6C5669398379}.Debug|x86.Build.0 = Debug|Win32
		{46493EC6-92C7-4F11-88FF-6C5669398379}.Release|x64.ActiveCfg = Release|x64
		{46493EC6-92C7-4F11-88FF-6C5669398379}.Release|x64.Build.0 = Release|x64
		{46493EC6-92C7-4F11-88FF-6C5669398379}.Release|x86.ActiveCfg = Release|Win32
		{46493EC6-92C7-4F11-88FF-6C5669398379}.Release|x86.Build.0 = Release|Win32
		{4AAD32D6-7795-4B8A-A6CC-A75B873E1110}.Debug|x64.ActiveCfg = Debug|x64
		{4AAD32D6-7795-4B8A-A6CC-A75B873E1110}.Debug|x64.Build.0 = Debug|x64
		{4AAD32D6-7795-4B8A-A6CC-A75B873E1110}.Debug|x86.ActiveCfg = Debug|Win32
		{4AAD32D6-7795-4B8A-A6CC-A75B873E1110}.Debug|x86.Build.0 = Debug|Win32
		{4AAD32D6-7795-4B8A-A6CC-A75B873E1110}.Release|x64.ActiveCfg = Release|x64
		{4AAD32D6-7795-4B8A-A6CC-A75B873E1110}.Release|x64.Build.0 = Release|x64
		{4AAD32D6-7795-4B8A-A6CC-A75B873E1110}.Release|x86.ActiveCfg = Release|Win32
		{4AAD32D6-7795-4B8A-A6CC-A75B873E1110}.Release|x86.Build.0 = Release|Win32
		{8B0C064F-4C57-4AD6-AA94-BC5D521332EB}.Debug|x64.ActiveCfg = Debug|x64
		{8B0C064F-4C57-4AD6-AA94-BC5D521332EB}.Debug|x64.Build.0 = Debug|x64
		{8B0C064F-4C57-4AD6-AA94-BC5D521332EB}.Debug|x86.ActiveCfg = Debug|Win32
		{8B0C064F-4C57-4AD6-AA94-BC5D521332EB}.Debug|x86.Build.0 = Debug|Win32
		{8B0C064F-4C57-4AD6-AA94-BC5D521332EB}.Release|x64.ActiveCfg = Release|x64
		{8B0C064F-4C57-4AD6-AA94-BC5D521332EB}.Release|x64.Build.0 = Release|x64
		{8B0C064F-4C57-4AD6-AA94-BC5D521332EB}.Release|x86.ActiveCfg = Release|Win32
		{8B0C064F-4C57-4AD6-AA94-BC5D521332EB}.Release|x86.Build.0 = Release|Win32
		{196C3C7B-BB4C-4C24-8561-DE701F514D81}.Debug|x64.ActiveCfg = Debug|x64
		{196C3C7B-BB4C-4C24-8561-DE701F514D81}.Debug|x64.Build.0 = Debug|x64
		{196C3C7B-BB4C-4C24-8561-DE701F514D81}.Debug|x86.ActiveCfg = Debug|Win32
		{196C3C7B-BB4C-4C24-8561-DE701F514D81}.Debug|x86.Build.0 = Debug|Win32
		{196C3C7B-BB4C-4C24-8561-DE701F514D81}.Release|x64.ActiveCfg = Release|x64
		{196C3C7B-BB4C-4C24-8561-DE701F514D81}.Release|x64.Build.0 = Release|x64
		{196C3C7B-BB4C-4C24-8561-DE701F514D81}.Release|x86.ActiveCfg = Release|Win32
		{196C3C7B-BB4C-4C24-8561-DE701F514D81}.Release|x86.Build.0 = Release|Win32
		{18D15F54-2091-44BF-AB72-08C8B70A7D9D}.Debug|x64.ActiveCfg = Debug|x64
		{18D15F54-2091-44BF-AB72-08C8B70A7D9D}.Debug|x64.Build.0 = Debug|x64
		{18D15F54-2091-44BF-AB72-08C8B70A7D9D}.Debug|x86.ActiveCfg = Debug|Win32
		{18D15F54-2091-44BF-AB72-08C8B70A7D9D}.Debug|x86.Build.0 = Debug|Win32
		{18D15F54-2091-44BF-AB72-08C8B70A7D9D}.Release|x64.ActiveCfg = Release|x64
		{18D15F54-2091-44BF-AB72-08C8B70A7D9D}.Release|x64.Build.0 = Release|x64
		{18D15F54-2091-44BF-AB72-08C8B70A7D9D}.Release|x86.ActiveCfg = Release|Win32
		{18D15F54-2091-44BF-AB72-08C8B70A7D9D}.Release|x86.Build.0 = Release|Win32
		{D6113205-F3A7-451E-BC2A-1118FD87A683}.Debug|x64.ActiveCfg = Debug|x64
		{D6113205-F3A7-451E-BC2A-1118FD87A683}.Debug|x64.Build.0 = Debug|x64
		{D6113205-F3A7-451E-BC2A-1118FD87A683}.Debug|x86.ActiveCfg = Debug|Win32
		{D6113205-F3A7-451E-BC2A-1118FD87A683}.Debug|x86.Build.0 = Debug|Win32
		{D6113205-F3A7-451E-BC2A-1118FD87A683}.Release|x64.ActiveCfg = Release|x64
		{D6113205-F3A7-451E-BC2A-1118FD87A683}.Release|x64.Build.0 = Release|x64
		{D6113205-F3A7-451E-BC2A-1118FD87A683}.Release|x86.ActiveCfg = Release|Win32
		{D6113205-F3A7-451E-BC2A-1118FD87A683}.Release|x86.Build.0 = Release|Win32
		{03D3FA04-5EC2-4D66-877B-F829A95AB16F}.Debug|x64.ActiveCfg = Debug|x64
		{03D3FA04-5EC2-4D66-877B-F829A95AB16F}.Debug|x64.Build.0 = Debug|x64
		{03D3FA04-5EC2-4D66-877B-F829A95AB16F}.Debug|x86.ActiveCfg = Debug|Win32
		{03D3FA04-5EC2-4D66-877B-F829A95AB16F}.Debug|x86.Build.0 = Debug|Win32
		{03D3FA04-5EC2-4D66-877B-F829A95AB16F}.Release|x64.ActiveCfg = Release|x64
		{03D3FA04-5EC2-4D66-877B-F829A95AB16F}.Release|x64.Build.0 = Release|x64
		{03D3FA04-5EC2-4D66-877B-F829A95AB16F}.Release|x86.ActiveCfg = Release|Win32
		{03D3FA04-5EC2-4D66-877B-F829A95AB16F}.Release|x86.Build.0 = Release|Win32
		{F9E6ADAD-CB75-469E-A9EE-B3D202AB920E}.Debug|x64.ActiveCfg = Debug|x64
		{F9E6ADAD-CB75-469E-A9EE-B3D202AB920E}.Debug|x64.Build.0 = Debug|x64
		{F9E6ADAD-CB75-469E-A9EE-B3D202AB920E}.Debug|x86.ActiveCfg = Debug|Win32
		{F9E6ADAD-CB75-469E-A9EE-B3D202AB920E}.Debug|x86.Build.0 = Debug|Win32
		{F9E6ADAD-CB75-469E-A9EE-B3D202AB920E}.Release|x64.ActiveCfg = Release|x64
		{F9E6ADAD-CB75-469E-A9EE-B3D202AB920E}.Release|x64.Build.0 = Release|x64
		{F9E6ADAD-CB75-469E-A9EE-B3D202AB920E}.Release|x86.ActiveCfg = Release|Win32
		{F9E6ADAD-CB75-469E-A9EE-B3D202AB920E}.Release|x86.Build.0 = Release|Win32
		{451C8001-BFCC-4644-AFE1-610AAA53E69D}.Debug|x64.ActiveCfg = Debug|x64
		{451C8001-BFCC-4644-AFE1-610AAA53E69D}.Debug|x64.Build.0 = Debug|x64
		{451C8001-BFCC-4644-AFE1-610AAA53E69D}.Debug|x86.ActiveCfg = Debug|Win32
		{451C8001-BFCC-4644-AFE1-610AAA53E69D}.Debug|x86.Build.0 = Debug|Win32
		{451C8001-BFCC-4644-AFE1-610AAA53E69D}.Release|x64.ActiveCfg = Release|x64
		{451C8001-BFCC-4644-AFE1-610AAA53E69D}.Release|x64.Build.0 = Release|x64
		{451C8001-BFCC-4644-AFE1-610AAA53E69D}.Release|x86.ActiveCfg = Release|Win32
		{451C8001-BFCC-4644-AFE1-610AAA53E69D}.Release|x86.Build.0 = Release|Win32
		{48C88195-208D-42F5-9C34-B855CF5D1E10}.Debug|x64.ActiveCfg = Debug|x64
		{48C88195-208D-42F5-9C34-B855CF5D1E10}.Debug|x64.Build.0 = Debug|x64
		{48C88195-208D-42F5-9C34-B855CF5D1E10}.Debug|x86.ActiveCfg = Debug|Win32
		{48C88195-208D-42F5-9C34-B855CF5D1E10}.Debug|x86.Build.0 = Debug|Win32
		{48C88195-208D-42F5-9C34-B855CF5D1E10}.Release|x64.ActiveCfg = Release|x64
		{48C88195-208D-42F5-9C34-B855CF5D1E10}.Release|x64.Build.0 = Release|x64
		{48C88195-208D-42F5-9C34-B855CF5D1E10}.Release|x86.ActiveCfg = Release|Win32
		{48C88195-208D-42F5-9C34-B855CF5D1E10}.Release|x86.Build.0 = Release|Win32
		{A2F4E698-6E40-4094-948F-3ABC94C141B1}.Debug|x64.ActiveCfg = Debug|x64
		{A2F4E698-6E40-4094-948F-3ABC94C141B1}.Debug|x64.Build.0 = Debug|x64
		{A2F4E698-6E40-4094-948F-3ABC94C141B1}.Debug|x86.ActiveCfg = Debug|Win32
		{A2F4E698-6E40-4094-948F-3ABC94C141B1}.Debug|x86.Build.0 = Debug|Win32
		{A2F4E698-6E40-4094-948F-3ABC94C141B1}.Release|x64.ActiveCfg = Release|x64
		{A2F4E698-6E40-4094-948F-3ABC94C141B1}.Release|x64.Build.0 = Release|x64
		{A2F4E698-6E40-4094-948F-3ABC94C141B1}.Release|x86.ActiveCfg = Release|Win32
		{A2F4E698-6E40-4094-948F-3ABC94C141B1}.Release|x86.Build.0 = Release|Win32
		{064BFC8E-5E5D-4F7E-8CDF-9EE412CA9980}.Debug|x64.ActiveCfg = Debug|x64
		{064BFC8E-5E5D-4F7E-8CDF-9EE412CA9980}.Debug|x64.Build.0 = Debug|x64
		{064BFC8E-5E5D-4F7E-8CDF-9EE412CA9980}.Debug|x86.ActiveCfg = Debug|Win32
		{064BFC8E-5E5D-4F7E-8CDF-9EE412CA9980}.Debug|x86.Build.0 = Debug|Win32
		{064BFC8E-5E5D-4F7E-8CDF-9EE412CA9980}.Release|x64.ActiveCfg = Release|x64
		{064BFC8E-5E5D-4F7E-8CDF-9EE412CA9980}.Release|x64.Build.0 = Release|x64
		{064BFC8E-5E5D-4F7E-8CDF-9EE412CA9980}.Release|x86.ActiveCfg = Release|Win32
		{064BFC8E-5E5D-4F7E-8CDF-9EE412CA9980}.Release|x86.Build.0 = Release|Win32
		{DB3F80C3-13B1-44BD-83E3-B2550EC8BCAD}.Debug|x64.ActiveCfg = Debug|x64
		{DB3F80C3-13B1-44BD-83E3-B2550EC8BCAD}.Debug|x64.Build.0 = Debug|x64
		{DB3F80C3-13B1-44BD-83E3-B2550EC8BCAD}.Debug|x86.ActiveCfg = Debug|Win32
		{DB3F80C3-13B1-44BD-83E3-B2550EC8BCAD}.Debug|x86.Build.0 = Debug|Win32
		{DB3F80C3-13B1-44BD-83E3-B2550EC8BCAD}.Release|x64.ActiveCfg = Release|x64
		{DB3F80C3-13B1-44BD-83E3-B2550EC8BCAD}.Release|x64.Build.0 = Release|x64
		{DB3F80C3-13B1-44BD-83E3-B2550EC8BCAD}.Release|x86.ActiveCfg = Release|Win32
		{DB3F80C3-13B1-44BD-83E3-B2550EC8BCAD}.Release|x86.Build.0 = Release|Win32
		{4958D2DC-AE2E-49F8-A648-DE82A464BC3D}.Debug|x64.ActiveCfg = Debug|x64
		{4958D2DC-AE2E-49F8-A648-DE82A464BC3D}.Debug|x64.Build.0 = Debug|x64
		{4958D2DC-AE2E-49F8-A648-DE82A464BC3D}.Debug|x86.ActiveCfg = Debug|Win32
		{4958D2DC-AE2E-49F8-A648-DE82A464BC3D}.Debug|x86.Build.0 = Debug|Win32
		{4958D2DC-AE2E-49F8-A648-DE82A464BC3D}.Release|x64.ActiveCfg = Release|x64
		{4958D2DC-AE2E-49F8-A648-DE82A464BC3D}.Release|x64.Build.0 = Release|x64
		{4958D2DC-AE2E-49F8-A648-DE82A464BC3D}.Release|x86.ActiveCfg = Release|Win32
		{4958D2DC-AE2E-49F8-A648-DE82A464BC3D}.Release|x86.Build.0 = Release|Win32
		{E44D7DED-DDD2-46C8-AC9E-294E7B9E30D7}.Debug|x64.ActiveCfg = Debug|x64
		{E44D7DED-DDD2-46C8-AC9E-294E7B9E30D7}.Debug|x64.Build.0 = Debug|x64
		{E44D7DED-DDD2-46C8-AC9E-294E7B9E30D7}.Debug|x86.ActiveCfg = Debug|Win32
		{E44D7DED-DDD2-46C8-AC9E-294E7B9E30D7}.Debug|x86.Build.0 = Debug|Win32
		{E44D7DED-DDD2-46C8-AC9E-294E7B9E30D7}.Release|x64.ActiveCfg = Release|x64
		{E44D7DED-DDD2-46C8-AC9E-294E7B9E30D7}.Release|x64.Build.0 = Release|x64
		{E44D7DED-DDD2-46C8-AC9E-294E7B9E30D7}.Release|x86.ActiveCfg = Release|Win32
		{E44D7DED-DDD2-46C8-AC9E-294E7B9E30D7}.Release|x86.Build.0 = Release|Win32
		{DF93B9EA-887A-4B1C-A364-9B3728624AF0}.Debug|x64.ActiveCfg = Debug|x64
		{DF93B9EA-887A-4B1C-A364-9B3728624AF0}.Debug|x64.Build.0 = Debug|x64
		{DF93B9EA-887A-4B1C-A364-9B3728624AF0}.Debug|x86.ActiveCfg = Debug|Win32
		{DF93B9EA-887A-4B1C-A364-9B3728624AF0}.Debug|x86.Build.0 = Debug|Win32
		{DF93B9EA-887A-4B1C-A364-9B3728624AF0}.Release|x64.ActiveCfg = Release|x64
		{DF93B9EA-887A-4B1C-A364-9B3728624AF0}.Release|x64.Build.0 = Release|x64
		{DF93B9EA-887A-4B1C-A364-9B3728624AF0}.Release|x86.ActiveCfg = Release|Win32
		{DF93B9EA-887A-4B1C-A364-9B3728624AF0}.Release|x86.Build.0 = Release|Win32
		{E54B9922-9206-49EC-A90B-3EB60D6CCF90}.Debug|x64.ActiveCfg = Debug|x64
		{E54B9922-9206-49EC-A90B-3EB60D6CCF90}.Debug|x64.Build.0 = Debug|x64
		{E54B9922-9206-49EC-A90B-3EB60D6CCF90}.Debug|x86.ActiveCfg = Debug|Win32
		{E54B9922-9206-49EC-A90B-3EB60D6CCF90}.Debug|x86.Build.0 = Debug|Win32
		{E54B9922-9206-49EC-A90B-3EB60D6CCF90}.Release|x64.ActiveCfg = Release|x64
		{E54B9922-9206-49EC-A90B-3EB60D6CCF90}.Release|x64.Build.0 = Release|x64
		{E54B9922-9206-49EC-A90B-3EB60D6CCF90}.Release|x86.ActiveCfg = Release|Win32
		{E54B9922-9206-49EC-A90B-3EB60D6CCF90}.Release|x86.Build.0 = Release|Win32
		{2E0C61E4-4567-4605-AC30-F86F2557AEEF}.Debug|x64.ActiveCfg = Debug|x64
		{2E0C61E4-4567-4605-AC30-F86F2557AEEF}.Debug|x64.Build.0 = Debug|x64
		{2E0C61E4-4567-4605-AC30-F86F2557AEEF}.Debug|x86.ActiveCfg = Debug|Win32
		{2E0C61E4-4567-4605-AC30-F86F2557AEEF}.Debug|x86.Build.0 = Debug|Win32
		{2E0C61E4-4567-4605-AC30-F86F2557AEEF}.Release|x64.ActiveCfg = Release|x64
		{2E0C61E4-4567-4605-AC30-F86F2557AEEF}.Release|x64.Build.0 = Release|x64
		{2E0C61E4-4567-4605-AC30-F86F2557AEEF}.Release|x86.ActiveCfg = Release|Win32
		{2E0C61E4-4567-4605-AC30-F86F2557AEEF}.Release|x86.Build.0 = Release|Win32
		{F51D158B-2E4A-49A5-A67D-793CBE7CFEDB}.Debug|x64.ActiveCfg = Debug|x64
		{F51D158B-2E4A-49A5-A67D-793CBE7CFEDB}.Debug|x64.Build.0 = Debug|x64
		{F51D158B-2E4A-49A5-A67D-793CBE7CFEDB}.Debug|x86.ActiveCfg = Debug|Win32
		{F51D158B-2E4A-49A5-A67D-793CBE7CFEDB}.Debug|x86.Build.0 = Debug|Win32
		{F51D158B-2E4A-49A5-A67D-793CBE7CFEDB}.Release|x64.ActiveCfg = Release|x64
		{F51D158B-2E4A-49A5-A67D-793CBE7CFEDB}.Release|x64.Build.0 = Release|x64
		{F51D158B-2E4A-49A5-A67D-793CBE7CFEDB}.Release|x86.ActiveCfg = Release|Win32
		{F51D158B-2E4A-49A5-A67D-793CBE7CFEDB}.Release|x86.Build.0 = Release|Win32
		{B4DCC4A1-E9CD-418D-8127-A412C63DC445}.Debug|x64.ActiveCfg = Debug|x64
		{B4DCC4A1-E9CD-418D-8127-A412C63DC445}.Debug|x64.Build.0 = Debug|x64
		{B4DCC4A1-E9CD-418D-8127-A412C63DC445}.Debug|x86.ActiveCfg = Debug|Win32
		{B4DCC4A1-E9CD-418D-8127-A412C63DC445}.Debug|x86.Build.0 = Debug|Win32
		{B4DCC4A1-E9CD-418D-8127-A412C63DC445}.Release|x64.ActiveCfg = Release|x64
		{B4DCC4A1-E9CD-418D-8127-A412C63DC445}.Release|x64.Build.0 = Release|x64
		{B4DCC4A1-E9CD-418D-8127-A412C63DC445}.Release|x86.ActiveCfg = Release|Win32
		{B4DCC4A1-E9CD-418D-8127-A412C63DC445}.Release|x86.Build.0 = Release|Win32
		{699522BB-298E-43D0-8431-A3514F6EAF58}.Debug|x64.ActiveCfg = Debug|x64
		{699522BB-298E-43D0-8431-A3514F6EAF58}.Debug|x64.Build.0 = Debug|x64
		{699522BB-298E-43D0-8431-A3514F6EAF58}.Debug|x86.ActiveCfg = Debug|Win32
		{699522BB-298E-43D0-8431-A3514F6EAF58}.Debug|x86.Build.0 = Debug|Win32
		{699522BB-298E-43D0-8431-A3514F6EAF58}.Release|x64.ActiveCfg = Release|x64
		{699522BB-298E-43D0-8431-A3514F6EAF58}.Release|x64.Build.0 = Release|x64
		{699522BB-298E-43D0-8431-A3514F6EAF58}.Release|x86.ActiveCfg = Release|Win32
		{699522BB-298E-43D0-8431-A3514F6EAF58}.Release|x86.Build.0 = Release|Win32
		{0CE090D0-0AC2-4EA5-8D59-1E774EDC6C40}.Debug|x64.ActiveCfg = Debug|x64
		{0CE090D0-0AC2-4EA5-8D59-1E774EDC6C40}.Debug|x64.Build.0 = Debug|x64
		{0CE090D0-0AC2-4EA5-8D59-1E774EDC6C40}.Debug|x86.ActiveCfg = Debug|Win32
		{0CE090D0-0AC2-4EA5-8D59-1E774EDC6C40}.Debug|x86.Build.0 = Debug|Win32
		{0CE090D0-0AC2-4EA5-8D59-1E774EDC6C40}.Release|x64.ActiveCfg = Release|x64
		{0CE090D0-0AC2-4EA5-8D59-1E774EDC6C40}.Release|x64.Build.0 = Release|x64
		{0CE090D0-0AC2-4EA5-8D59-1E774EDC6C40}.Release|x86.ActiveCfg = Release|Win32
		{0CE090D0-0AC2-4EA5-8D59-1E774EDC6C40}.Release|x86.Build.0 = Release|Win32
		{8BFB5529-5560-40AA-AB53-B58C89491E2A}.Debug|x64.ActiveCfg = Debug|x64
		{8BFB5529-5560-40AA-AB53-B58C89491E2A}.Debug|x64.Build.0 = Debug|x64
		{8BFB5529-5560-40AA-AB53-B58C89491E2A}.Debug|x86.ActiveCfg = Debug|Win32
		{8BFB5529-5560-40AA-AB53-B58C89491E2A}.Debug|x86.Build.0 = Debug|Win32
		{8BFB5529-5560-40AA-AB53-B58C89491E2A}.Release|x64.ActiveCfg = Release|x64
		{8BFB5529-5560-40AA-AB53-B58C89491E2A}.Release|x64.Build.0 = Release|x64
		{8BFB5529-5560-40AA-AB53-B58C89491E2A}.Release|x86.ActiveCfg = Release|Win32
		{8BFB5529-5560-40AA-AB53-B58C89491E2A}.Release|x86.Build.0 = Release|Win32
		{1CEB92FB-EE1E-4A02-8D46-0B9574C97A98}.Debug|x64.ActiveCfg = Debug|x64
		{1CEB92FB-EE1E-4A02-8D46-0B9574C97A98}.Debug|x64.Build.0 = Debug|x64
		{1CEB92FB-EE1E-4A02-8D46-0B9574C97A98}.Debug|x86.ActiveCfg = Debug|Win32
		{1CEB92FB-EE1E-4A02-8D46-0B9574C97A98}.Debug|x86.Build.0 = Debug|Win32
		{1CEB92FB-EE1E-4A02-8D46-0B9574C97A98}.Release|x64.ActiveCfg = Release|x64
		{1CEB92FB-EE1E-4A02-8D46-0B9574C97A98}.Release|x64.Build.0 = Release|x64
		{1CEB92FB-EE1E-4A02-8D46-0B9574C97A98}.Release|x86.ActiveCfg = Release|Win32
		{1CEB92FB-EE1E-4A02-8D46-0B9574C97A98}.Release|x86.Build.0 = Release|Win32
		{1D65A78A-FABF-4803-83ED-457EA3D2DDC7}.Debug|x64.ActiveCfg = Debug|x64
		{1D65A78A-FABF-4803-83ED-457EA3D2DDC7}.Debug|x64.Build.0 = Debug|x64
		{1D65A78A-FABF-4803-83ED-457EA3D2DDC7}.Debug|x86.ActiveCfg = Debug|Win32
		{1D65A78A-FABF-4803-83ED-457EA3D2DDC7}.Debug|x86.Build.0 = Debug|Win32
		{1D65A78A-FABF-4803-83ED-457EA3D2DDC7}.Release|x64.ActiveCfg = Release|x64
		{1D65A78A-FABF-4803-83ED-457EA3D2DDC7}.Release|x64.Build.0 = Release|x64
		{1D65A78A-FABF-4803-83ED-457EA3D2DDC7}.Release|x86.ActiveCfg = Release|Win32
		{1D65A78A-FABF-4803-83ED-457EA3D2DDC7}.Release|x86.Build.0 = Release|Win32
		{72288E0A-F59A-41DD-96B7-C2643A16ADF9}.Debug|x64.ActiveCfg = Debug|x64
		{72288E0A-F59A-41DD-96B7-C2643A16ADF9}.Debug|x64.Build.0 = Debug|x64
		{72288E0A-F59A-41DD-96B7-C2643A16ADF9}.Debug|x86.ActiveCfg = Debug|Win32
		{72288E0A-F59A-41DD-96B7-C2643A16ADF9}.Debug|x86.Build.0 = Debug|Win32
		{72288E0A-F59A-41DD-96B7-C2643A16ADF9}.Release|x64.ActiveCfg = Release|x64
		{72288E0A-F59A-41DD-96B7-C2643A16ADF9}.Release|x64.Build.0 = Release|x64
		{72288E0A-F59A-41DD-96B7-C2643A16ADF9}.Release|x86.ActiveCfg = Release|Win32
		{72288E0A-F59A-41DD-96B7-C2643A16ADF9}.Release|x86.Build.0 = Release|Win32
		{262C0305-B200-40C9-98BD-D9CB7E21697C}.Debug|x64.ActiveCfg = Debug|x64
		{262C0305-B200-40C9-98BD-D9CB7E21697C}.Debug|x64.Build.0 = Debug|x64
		{262C0305-B200-40C9-98BD-D9CB7E21697C}.Debug|x86.ActiveCfg = Debug|Win32
		{262C0305-B200-40C9-98BD-D9CB7E21697C}.Debug|x86.Build.0 = Debug|Win32
		{262C0305-B200-40C9-98BD-D9CB7E21697C}.Release|x64.ActiveCfg = Release|x64
		{262C0305-B200-40C9-98BD-D9CB7E21697C}.Release|x64.Build.0 = Release|x64
		{262C0305-B200-40C9-98BD-D9CB7E21697C}.Release|x86.ActiveCfg = Release|Win32
		{262C0305-B200-40C9-98BD-D9CB7E21697C}.Release|x86.Build.0 = Release|Win32
		{5FC2F6B7-F086-4F3D-98B9-5067A6AAE5FE}.Debug|x64.ActiveCfg = Debug|x64
		{5FC2F6B7-F086-4F3D-98B9-5067A6AAE5FE}.Debug|x64.Build.0 = Debug|x64
		{5FC2F6B7-F086-4F3D-98B9-5067A6AAE5FE}.Debug|x86.ActiveCfg = Debug|Win32
		{5FC2F6B7-F086-4F3D-98B9-5067A6AAE5FE}.Debug|x86.Build.0 = Debug|Win32
		{5FC2F6B7-F086-4F3D-98B9-5067A6AAE5FE}.Release|x64.ActiveCfg = Release|x64
		{5FC2F6B7-F086-4F3D-98B9-5067A6AAE5FE}.Release|x64.Build.0 = Release|x64
		{5FC2F6B7-F086-4F3D-98B9-5067A6AAE5FE}.Release|x86.ActiveCfg = Release|Win32
		{5FC2F6B7-F086-4F3D-98B9-5067A6AAE5FE}.Release|x86.Build.0 = Release|Win32
		{6F3DE71D-A5D2-4BD7-9AEE-E81D52565B20}.Debug|x64.ActiveCfg = Debug|x64
		{6F3DE71D-A5D2-4BD7-9AEE-E81D52565B20}.Debug|x64.Build.0 = Debug|x64
		{6F3DE71D-A5D2-4BD7-9AEE-E81D52565B20}.Debug|x86.ActiveCfg = Debug|Win32
		{6F3DE71D-A5D2-4BD7-9AEE-E81D52565B20}.Debug|x86.Build.0 = Debug|Win32
		{6F3DE71D-A5D2-4BD7-9AEE-E81D52565B20}.Release|x64.ActiveCfg = Release|x64
		{6F3DE71D-A5D2-4BD7-9AEE-E81D52565B20}.Release|x64.Build.0 = Release|x64
		{6F3DE71D-A5D2-4BD7-9AEE-E81D52565B20}.Release|x86.ActiveCfg = Release|Win32
		{6F3DE71D-A5D2-4BD7-9AEE-E81D52565B20}.Release|x86.Build.0 = Release|Win32
		{BD414B84-6DA7-45E5-B974-7F413005B4F3}.Debug|x64.ActiveCfg = Debug|x64
		{BD414B84-6DA7-45E5-B974-7F413005B4F3}.Debug|x64.Build.0 = Debug|x64
		{BD414B84-6DA7-45E5-B974-7F413005B4F3}.Debug|x86.ActiveCfg = Debug|Win32
		{BD414B84-6DA7-45E5-B974-7F413005B4F3}.Debug|x86.Build.0 = Debug|Win32
		{BD414B84-6DA7-45E5-B974-7F413005B4F3}.Release|x64.ActiveCfg = Release|x64
		{BD414B84-6DA7-45E5-B974-7F413005B4F3}.Release|x64.Build.0 = Release|x64
		{BD414B84-6DA7-45E5-B974-7F413005B4F3}.Release|x86.ActiveCfg = Release|Win32
		{BD414B84-6DA7-45E5-B974-7F413005B4F3}.Release|x86.Build.0 = Release|Win32
		{3FC83EC2-B391-479D-BEBD-20AD5C81A42E}.Debug|x64.ActiveCfg = Debug|x64
		{3FC83EC2-B391-479D-BEBD-20AD5C81A42E}.Debug|x64.Build.0 = Debug|x64
		{3FC83EC2-B391-479D-BEBD-20AD5C81A42E}.Debug|x86.ActiveCfg = Debug|Win32
		{3FC83EC2-B391-479D-BEBD-20AD5C81A42E}.Debug|x86.Build.0 = Debug|Win32
		{3FC83EC2-B391-479D-BEBD-20AD5C81A42E}.Release|x64.ActiveCfg = Release|x64
		{3FC83EC2-B391-479D-BEBD-20AD5C81A42E}.Release|x64.Build.0 = Release|x64
		{3FC83EC2-B391-479D-BEBD-20AD5C81A42E}.Release|x86.ActiveCfg = Release|Win32
		{3FC83EC2-B391-479D-BEBD-20AD5C81A42E}.Release|x86.Build.0 = Release|Win32
		{14A607C3-55B3-456E-A35D-C59B465ADC8C}.Debug|x64.ActiveCfg = Debug|x64
		{14A607C3-55B3-456E-A35D-C59B465ADC8C}.Debug|x64.Build.0 = Debug|x64
		{14A607C3-55B3-456E-A35D-C59B465ADC8C}.Debug|x86.ActiveCfg = Debug|Win32
		{14A607C3-55B3-456E-A35D-C59B465ADC8C}.Debug|x86.Build.0 = Debug|Win32
		{14A607C3-55B3-456E-A35D-C59B465ADC8C}.Release|x64.ActiveCfg = Release|x64
		{14A607C3-55B3-456E-A35D-C59B465ADC8C}.Release|x64.Build.0 = Release|x64
		{14A607C3-55B3-456E-A35D-C59B465ADC8C}.Release|x86.ActiveCfg = Release|Win32
		{14A607C3-55B3-456E-A35D-C59B465ADC8C}.Release|x86.Build.0 = Release|Win32
		{8ED171DC-1751-403F-8E88-01BEC544BEA6}.Debug|x64.ActiveCfg = Debug|x64
		{8ED171DC-1751-403F-8E88-01BEC544BEA6}.Debug|x64.Build.0 = Debug|x64
		{8ED171DC-1751-403F-8E88-01BEC544BEA6}.Debug|x86.ActiveCfg = Debug|Win32
		{8ED171DC-1751-403F-8E88-01BEC544BEA6}.Debug|x86.Build.0 = Debug|Win32
		{8ED171DC-1751-403F-8E88-01BEC544BEA6}.Release|x64.ActiveCfg = Release|x64
		{8ED171DC-1751-403F-8E88-01BEC544BEA6}.Release|x64.Build.0 = Release|x64
		{8ED171DC-1751-403F-8E88-01BEC544BEA6}.Release|x86.ActiveCfg = Release|Win32
		{8ED171DC-1751-403F-8E88-01BEC544BEA6}.Release|x86.Build.0 = Release|Win32
		{3122FD22-5A44-4ACB-8202-6D7F5A93C84B}.Debug|x64.ActiveCfg = Debug|x64
		{3122FD22-5A44-4ACB-8202-6D7F5A93C84B}.Debug|x64.Build.0 = Debug|x64
		{3122FD22-5A44-4ACB-8202-6D7F5A93C84B}.Debug|x86.ActiveCfg = Debug|Win32
		{3122FD22-5A44-4ACB-8202-6D7F5A93C84B}.Debug|x86.Build.0 = Debug|Win32
		{3122FD22-5A44-4ACB-8202-6D7F5A93C84B}.Release|x64.ActiveCfg = Release|x64
		{3122FD22-5A44-4ACB-8202-6D7F5A93C84B}.Release|x64.Build.0 = Release|x64
		{3122FD22-5A44-4ACB-8202-6D7F5A93C84B}.Release|x86.ActiveCfg = Release|Win32
		{3122FD22-5A44-4ACB-8202-6D7F5A93C84B}.Release|x86.Build.0 = Release|Win32
		{B2AF6795-8F2F-43F5-9D65-CED2B731A6BB}.Debug|x64.ActiveCfg = Debug|x64
		{B2AF6795-8F2F-43F5-9D65-CED2B731A6BB}.Debug|x64.Build.0 = Debug|x64
		{B2AF6795-8F2F-43F5-9D65-CED2B731A6BB}.Debug|x86.ActiveCfg = Debug|Win32
		{B2AF6795-8F2F-43F5-9D65-CED2B731A6BB}.Debug|x86.Build.0 = Debug|Win32
		{B2AF6795-8F2F-43F5-9D65-CED2B731A6BB}.Release|x64.ActiveCfg = Release|x64
		{B2AF6795-8F2F-43F5-9D65-CED2B731A6BB}.Release|x64.Build.0 = Release|x64
		{B2AF6795-8F2F-43F5-9D65-CED2B731A6BB}.Release|x86.ActiveCfg = Release|Win32
		{B2AF6795-8F2F-43F5-9D65-CED2B731A6BB}.Release|x86.Build.0 = Release|Win32
		{0CAAA969-4014-4364-9B9B-62621C9C7E4D}.Debug|x64.ActiveCfg = Debug|x64
		{0CAAA969-4014-4364-9B9B-62621C9C7E4D}.Debug|x64.Build.0 = Debug|x64
		{0CAAA969-4014-4364-9B9B-62621C9C7E4D}.Debug|x86.ActiveCfg = Debug|Win32
		{0CAAA969-4014-4364-9B9B-62621C9C7E4D}.Debug|x86.Build.0 = Debug|Win32
		{0CAAA969-4014-4364-9B9B-62621C9C7E4D}.Release|x64.ActiveCfg = Release|x64
		{0CAAA969-4014-4364-9B9B-62621C9C7E4D}.Release|x64.Build.0 = Release|x64
		{0CAAA969-4014-4364-9B9B-62621C9C7E4D}.Release|x86.ActiveCfg = Release|Win32
		{0CAAA969-4014-4364-9B9B-62621C9C7E4D}.Release|x86.Build.0 = Release|Win32
		{F6B020A4-5A49-413D-B741-66484E60B43D}.Debug|x64.ActiveCfg = Debug|x64
		{F6B020A4-5A49-413D-B741-66484E60B43D}.Debug|x64.Build.0 = Debug|x64
		{F6B020A4-5A49-413D-B741-66484E60B43D}.Debug|x86.ActiveCfg = Debug|Win32
		{F6B020A4-5A49-413D-B741-66484E60B43D}.Debug|x86.Build.0 = Debug|Win32
		{F6B020A4-5A49-413D-B741-66484E60B43D}.Release|x64.ActiveCfg = Release|x64
		{F6B020A4-5A49-413D-B741-66484E60B43D}.Release|x64.Build.0 = Release|x64
		{F6B020A4-5A49-413D-B741-66484E60B43D}.Release|x86.ActiveCfg = Release|Win32
		{F6B020A4-5A49-413D-B741-66484E60B43D}.Release|x86.Build.0 = Release|Win32
		{257088C7-5F13-4024-B246-060E54DBDD08}.Debug|x64.ActiveCfg = Debug|x64
		{257088C7-5F13-4024-B246-060E54DBDD08}.Debug|x64.Build.0 = Debug|x64
		{257088C7-5F13-4024-B246-060E54DBDD08}.Debug|x86.ActiveCfg = Debug|Win32
		{257088C7-5F13-4024-B246-060E54DBDD08}.Debug|x86.Build.0 = Debug|Win32
		{257088C7-5F13-4024-B246-060E54DBDD08}.Release|x64.ActiveCfg = Release|x64
		{257088C7-5F13-4024-B246-060E54DBDD08}.Release|x64.Build.0 = Release|x64
		{257088C7-5F13-4024-B246-060E54DBDD08}.Release|x86.ActiveCfg = Release|Win32
		{257088C7-5F13-4024-B246-060E54DBDD08}.Release|x86.Build.0 = Release|Win32
		{4DEF1585-F976-42DC-9EC2-EA3198108348}.Debug|x64.ActiveCfg = Debug|x64
		{4DEF1585-F976-42DC-9EC2-EA3198108348}.Debug|x64.Build.0 = Debug|x64
		{4DEF1585-F976-42DC-9EC2-EA3198108348}.Debug|x86.ActiveCfg = Debug|Win32
		{4DEF1585-F976-42DC-9EC2-EA3198108348}.Debug|x86.Build.0 = Debug|Win32
		{4DEF1585-F976-42DC-9EC2-EA3198108348}.Release|x64.ActiveCfg = Release|x64
		{4DEF1585-F976-42DC-9EC2-EA3198108348}.Release|x64.Build.0 = Release|x64
		{4DEF1585-F976-42DC-9EC2-EA3198108348}.Release|x86.ActiveCfg = Release|Win32
		{4DEF1585-F976-42DC-9EC2-EA3198108348}.Release|x86.Build.0 = Release|Win32
		{C8901148-887B-4708-B92F-3209DDA02E53}.Debug|x64.ActiveCfg = Debug|x64
		{C8901148-887B-4708-B92F-3209DDA02E53}.Debug|x64.Build.0 = Debug|x64
		{C8901148-887B-4708-B92F-3209DDA02E53}.Debug|x86.ActiveCfg = Debug|Win32
		{C8901148-887B-4708-B92F-3209DDA02E53}.Debug|x86.Build.0 = Debug|Win32
		{C8901148-887B-4708-B92F-3209DDA02E53}.Release|x64.ActiveCfg = Release|x64
		{C8901148-887B-4708-B92F-3209DDA02E53}.Release|x64.Build.0 = Release|x64
		{C8901148-887B-4708-B92F-3209DDA02E53}.Release|x86.ActiveCfg = Release|Win32
		{C8901148-887B-4708-B92F-3209DDA02E53}.Release|x86.Build.0 = Release|Win32
		{29B25437-BE8C-417D-9E9C-F976A3C67B7D}.Debug|x64.ActiveCfg = Debug|x64
		{29B25437-BE8C-417D-9E9C-F976A3C67B7D}.Debug|x64.Build.0 = Debug|x64
		{29B25437-BE8C-417D-9E9C-F976A3C67B7D}.Debug|x86.ActiveCfg = Debug|Win32
		{29B25437-BE8C-417D-9E9C-F976A3C67B7D}.Debug|x86.Build.0 = Debug|Win32
		{29B25437-BE8C-417D-9E9C-F976A3C67B7D}.Release|x64.ActiveCfg = Release|x64
		{29B25437-BE8C-417D-9E9C-F976A3C67B7D}.Release|x64.Build.0 = Release|x64
		{29B25437-BE8C-417D-9E9C-F976A3C67B7D}.Release|x86.ActiveCfg = Release|Win32
		{29B25437-BE8C-417D-9E9C-F976A3C67B7D}.Release|x86.Build.0 = Release|Win32
		{BDC3CEBF-6102-441A-825A-3CB4F4A600FA}.Debug|x64.ActiveCfg = Debug|x64
		{BDC3CEBF-6102-441A-825A-3CB4F4A600FA}.Debug|x64.Build.0 = Debug|x64
		{BDC3CEBF-6102-441A-825A-3CB4F4A600FA}.Debug|x86.ActiveCfg = Debug|Win32
		{BDC3CEBF-6102-441A-825A-3CB4F4A600FA}.Debug|x86.Build.0 = Debug|Win32
		{BDC3CEBF-6102-441A-825A-3CB4F4A600FA}.Release|x64.ActiveCfg = Release|x64
		{BDC3CEBF-6102-441A-825A-3CB4F4A600FA}.Release|x64.Build.0 = Release|x64
		{BDC3CEBF-6102-441A-825A-3CB4F4A600FA}.Release|x86.ActiveCfg = Release|Win32
		{BDC3CEBF-6102-441A-825A-3CB4F4A600FA}.Release|x86.Build.0 = Release|Win32
		{C59E8DBE-5CF1-4528-8DF7-14CBA8B28861}.Debug|x64.ActiveCfg = Debug|x64
		{C59E8DBE-5CF1-4528-8DF7-14CBA8B28861}.Debug|x64.Build.0 = Debug|x64
		{C59E8DBE-5CF1-4528-8DF7-14CBA8B28861}.Debug|x86.ActiveCfg = Debug|Win32
		{C59E8DBE-5CF1-4528-8DF7-14CBA8B28861}.Debug|x86.Build.0 = Debug|Win32
		{C59E8DBE-5CF1-4528-8DF7-14CBA8B28861}.Release|x64.ActiveCfg = Release|x64
		{C59E8DBE-5CF1-4528-8DF7-14CBA8B28861}.Release|x64.Build.0 = Release|x64
		{C59E8DBE-5CF1-4528-8DF7-14CBA8B28861}.Release|x86.ActiveCfg = Release|Win32
		{C59E8DBE-5CF1-4528-8DF7-14CBA8B28861}.Release|x86.Build.0 = Release|Win32
		{031FC844-ABF9-45C2-BEC8-6746C72E4581}.Debug|x64.ActiveCfg = Debug|x64
		{031FC844-ABF9-45C2-BEC8-6746C72E4581}.Debug|x64.Build.0 = Debug|x64
		{031FC844-ABF9-45C2-BEC8-6746C72E4581}.Debug|x86.ActiveCfg = Debug|Win32
		{031FC844-ABF9-45C2-BEC8-6746C72E4581}.Debug|x86.Build.0 = Debug|Win32
		{031FC844-ABF9-45C2-BEC8-6746C72E4581}.Release|x64.ActiveCfg = Release|x64
		{031FC844-ABF9-45C2-BEC8-6746C72E4581}.Release|x64.Build.0 = Release|x64
		{031FC844-ABF9-45C2-BEC8-6746C72E4581}.Release|x86.ActiveCfg = Release|Win32
		{031FC844-ABF9-45C2-BEC8-6746C72E4581}.Release|x86.Build.0 = Release|Win32
		{8D5D4D53-85BE-47CC-A4D3-B4F10A8DDD2B}.Debug|x64.ActiveCfg = Debug|x64
		{8D5D4D53-85BE-47CC-A4D3-B4F10A8DDD2B}.Debug|x64.Build.0 = Debug|x64
		{8D5D4D53-85BE-47CC-A4D3-B4F10A8DDD2B}.Debug|x86.ActiveCfg = Debug|Win32
		{8D5D4D53-85BE-47CC-A4D3-B4F10A8DDD2B}.Debug|x86.Build.0 = Debug|Win32
		{8D5D4D53-85BE-47CC-A4D3-B4F10A8DDD2B}.Release|x64.ActiveCfg = Release|x64
		{8D5D4D53-85BE-47CC-A4D3-B4F10A8DDD2B}.Release|x64.Build.0 = Release|x64
		{8D5D4D53-85BE-47CC-A4D3-B4F10A8DDD2B}.Release|x86.ActiveCfg = Release|Win32
		{8D5D4D53-85BE-47CC-A4D3-B4F10A8DDD2B}.Release|x86.Build.0 = Release|Win32
		{1EF8DD18-CDA5-4230-AEA7-826D80A4187B}.Debug|x64.ActiveCfg = Debug|x64
		{1EF8DD18-CDA5-4230-AEA7-826D80A4187B}.Debug|x64.Build.0 = Debug|x64
		{1EF8DD18-CDA5-4230-AEA7-826D80A4187B}.Debug|x86.ActiveCfg = Debug|Win32
		{1EF8DD18-CDA5-4230-AEA7-826D80A4187B}.Debug|x86.Build.0 = Debug|Win32
		{1EF8DD18-CDA5-4230-AEA7-826D80A4187B}.Release|x64.ActiveCfg = Release|x64
		{1EF8DD18-CDA5-4230-AEA7-826D80A4187B}.Release|x64.Build.0 = Release|x64
		{1EF8DD18-CDA5-4230-AEA7-826D80A4187B}.Release|x86.ActiveCfg = Release|Win32
		{1EF8DD18-CDA5-4230-AEA7-826D80A4187B}.Release|x86.Build.0 = Release|Win32
		{50331717-7684-4047-9355-A0FE5D128DA6}.Debug|x64.ActiveCfg = Debug|x64
		{50331717-7684-4047-9355-A0FE5D128DA6}.Debug|x64.Build.0 = Debug|x64
		{50331717-7684-4047-9355-A0FE5D128DA6}.Debug|x86.ActiveCfg = Debug|Win32
		{50331717-7684-4047-9355-A0FE5D128DA6}.Debug|x86.Build.0 = Debug|Win32
		{50331717-7684-4047-9355-A0FE5D128DA6}.Release|x64.ActiveCfg = Release|x64
		{50331717-7684-4047-9355-A0FE5D128DA6}.Release|x64.Build.0 = Release|x64
		{50331717-7684-4047-9355-A0FE5D128DA6}.Release|x86.ActiveCfg = Release|Win32
		{50331717-7684-4047-9355-A0FE5D128DA6}.Release|x86.Build.0 = Release|Win32
		{6EB77E7C-E0F2-454D-862A-47055989993C}.Debug|x64.ActiveCfg = Debug|x64
		{6EB77E7C-E0F2-454D-862A-47055989993C}.Debug|x64.Build.0 = Debug|x64
		{6EB77E7C-E0F2-454D-862A-47055989993C}.Debug|x86.ActiveCfg = Debug|Win32
		{6EB77E7C-E0F2-454D-862A-47055989993C}.Debug|x86.Build.0 = Debug|Win32
		{6EB77E7C-E0F2-454D-862A-47055989993C}.Release|x64.ActiveCfg = Release|x64
		{6EB77E7C-E0F2-454D-862A-47055989993C}.Release|x64.Build.0 = Release|x64
		{6EB77E7C-E0F2-454D-862A-47055989993C}.Release|x86.ActiveCfg = Release|Win32
		{6EB77E7C-E0F2-454D-862A-47055989993C}.Release|x86.Build.0 = Release|Win32
		{8ED09229-BB6B-4F61-8FAE-2DCC67069783}.Debug|x64.ActiveCfg = Debug|x64
		{8ED09229-BB6B-4F61-8FAE-2DCC67069783}.Debug|x64.Build.0 = Debug|x64
		{8ED09229-BB6B-4F61-8FAE-2DCC67069783}.Debug|x86.ActiveCfg = Debug|Win32
		{8ED09229-BB6B-4F61-8FAE-2DCC67069783}.Debug|x86.Build.0 = Debug|Win32
		{8ED09229-BB6B-4F61-8FAE-2DCC67069783}.Release|x64.ActiveCfg = Release|x64
		{8ED09229-BB6B-4F61-8FAE-2DCC67069783}.Release|x64.Build.0 = Release|x64
		{8ED09229-BB6B-4F61-8FAE-2DCC67069783}.Release|x86.ActiveCfg = Release|Win32
		{8ED09229-BB6B-4F61-8FAE-2DCC67069783}.Release|x86.Build.0 = Release|Win32
		{5DAAD9F3-F6E7-43DF-B9A7-BE27BE9A2BD5}.Debug|x64.ActiveCfg = Debug|x64
		{5DAAD9F3-F6E7-43DF-B9A7-BE27BE9A2BD5}.Debug|x64.Build.0 = Debug|x64
		{5DAAD9F3-F6E7-43DF-B9A7-BE27BE9A2BD5}.Debug|x86.ActiveCfg = Debug|Win32
		{5DAAD9F3-F6E7-43DF-B9A7-BE27BE9A2BD5}.Debug|x86.Build.0 = Debug|Win32
		{5DAAD9F3-F6E7-43DF-B9A7-BE27BE9A2BD5}.Release|x64.ActiveCfg = Release|x64
		{5DAAD9F3-F6E7-43DF-B9A7-BE27BE9A2BD5}.Release|x64.Build.0 = Release|x64
		{5DAAD9F3-F6E7-43DF-B9A7-BE27BE9A2BD5}.Release|x86.ActiveCfg = Release|Win32
		{5DAAD9F3-F6E7-43DF-B9A7-BE27BE9A2BD5}.Release|x86.Build.0 = Release|Win32
		{7DB41DD0-8E55-42E6-BC05-AC96D403D186}.Debug|x64.ActiveCfg = Debug|x64
		{7DB41DD0-8E55-42E6-BC05-AC96D403D186}.Debug|x64.Build.0 = Debug|x64
		{7DB41DD0-8E55-42E6-BC05-AC96D403D186}.Debug|x86.ActiveCfg = Debug|Win32
		{7DB41DD0-8E55-42E6-BC05-AC96D403D186}.Debug|x86.Build.0 = Debug|Win32
		{7DB41DD0-8E55-42E6-BC05-AC96D403D186}.Release|x64.ActiveCfg = Release|x64
		{7DB41DD0-8E55-42E6-BC05-AC96D403D186}.Release|x64.Build.0 = Release|x64
		{7DB41DD0-8E55-42E6-BC05-AC96D403D186}.Release|x86.ActiveCfg = Release|Win32
		{7DB41DD0-8E55-42E6-BC05-AC96D403D186}.Release|x86.Build.0 = Release|Win32
		{D0173D76-DB82-4443-A583-83DCDEB4B27A}.Debug|x64.ActiveCfg = Debug|x64
		{D0173D76-DB82-4443-A583-83DCDEB4B27A}.Debug|x64.Build.0 = Debug|x64
		{D0173D76-DB82-4443-A583-83DCDEB4B27A}.Debug|x86.ActiveCfg = Debug|Win32
		{D0173D76-DB82-4443-A583-83DCDEB4B27A}.Debug|x86.Build.0 = Debug|Win32
		{D0173D76-DB82-4443-A583-83DCDEB4B27A}.Release|x64.ActiveCfg = Release|x64
		{D0173D76-DB82-4443-A583-83DCDEB4B27A}.Release|x64.Build.0 = Release|x64
		{D0173D76-DB82-4443-A583-83DCDEB4B27A}.Release|x86.ActiveCfg = Release|Win32
		{D0173D76-DB82-4443-A583-83DCDEB4B27A}.Release|x86.Build.0 = Release|Win32
		{437F411C-E6D4-4F1A-970E-9733C57F5442}.Debug|x64.ActiveCfg = Debug|x64
		{437F411C-E6D4-4F1A-970E-9733C57F5442}.Debug|x64.Build.0 = Debug|x64
		{437F411C-E6D4-4F1A-970E-9733C57F5442}.Debug|x86.ActiveCfg = Debug|Win32
		{437F411C-E6D4-4F1A-970E-9733C57F5442}.Debug|x86.Build.0 = Debug|Win32
		{437F411C-E6D4-4F1A-970E-9733C57F5442}.Release|x64.ActiveCfg = Release|x64
		{437F411C-E6D4-4F1A-970E-9733C57F5442}.Release|x64.Build.0 = Release|x64
		{437F411C-E6D4-4F1A-970E-9733C57F5442}.Release|x86.ActiveCfg = Release|Win32
		{437F411C-E6D4-4F1A-970E-9733C57F5442}.Release|x86.Build.0 = Release|Win32
		{CCCC6176-4FC6-4E54-8B67-F5EFE4ADBC7F}.Debug|x64.ActiveCfg = Debug|x64
		{CCCC6176-4FC6-4E54-8B67-F5EFE4ADBC7F}.Debug|x64.Build.0 = Debug|x64
		{CCCC6176-4FC6-4E54-8B67-F5EFE4ADBC7F}.Debug|x86.ActiveCfg = Debug|Win32
		{CCCC6176-4FC6-4E54-8B67-F5EFE4ADBC7F}.Debug|x86.Build.0 = Debug|Win32
		{CCCC6176-4FC6-4E54-8B67-F5EFE4ADBC7F}.Release|x64.ActiveCfg = Release|x64
		{CCCC6176-4FC6-4E54-8B67-F5EFE4ADBC7F}.Release|x64.Build.0 = Release|x64
		{CCCC6176-4FC6-4E54-8B67-F5EFE4ADBC7F}.Release|x86.ActiveCfg = Release|Win32
		{CCCC6176-4FC6-4E54-8B67-F5EFE4ADBC7F}.Release|x86.Build.0 = Release|Win32
		{76B0D8DA-025A-4382-A3FD-59ED37985E8F}.Debug|x64.ActiveCfg = Debug|x64
		{76B0D8DA-025A-4382-A3FD-59ED37985E8F}.Debug|x64.Build.0 = Debug|x64
		{76B0D8DA-025A-4382-A3FD-59ED37985E8F}.Debug|x86.ActiveCfg = Debug|Win32
		{76B0D8DA-025A-4382-A3FD-59ED37985E8F}.Debug|x86.Build.0 = Debug|Win32
		{76B0D8DA-025A-4382-A3FD-59ED37985E8F}.Release|x64.ActiveCfg = Release|x64
		{76B0D8DA-025A-4382-A3FD-59ED37985E8F}.Release|x64.Build.0 = Release|x64
		{76B0D8DA-025A-4382-A3FD-59ED37985E8F}.Release|x86.ActiveCfg = Release|Win32
		{76B0D8DA-025A-4382-A3FD-59ED37985E8F}.Release|x86.Build.0 = Release|Win32
		{D2F0364C-764A-467D-B9F8-11D735B901EF}.Debug|x64.ActiveCfg = Debug|x64
		{D2F0364C-764A-467D-B9F8-11D735B901EF}.Debug|x64.Build.0 = Debug|x64
		{D2F0364C-764A-467D-B9F8-11D735B901EF}.Debug|x86.ActiveCfg = Debug|Win32
		{D2F0364C-764A-467D-B9F8-11D735B901EF}.Debug|x86.Build.0 = Debug|Win32
		{D2F0364C-764A-467D-B9F8-11D735B901EF}.Release|x64.ActiveCfg = Release|x64
		{D2F0364C-764A-467D-B9F8-11D735B901EF}.Release|x64.Build.0 = Release|x64
		{D2F0364C-764A-467D-B9F8-11D735B901EF}.Release|x86.ActiveCfg = Release|Win32
		{D2F0364C-764A-467D-B9F8-11D735B901EF}.Release|x86.Build.0 = Release|Win32
		{125F1381-64D7-4B41-9CD0-050058879F8E}.Debug|x64.ActiveCfg = Debug|x64
		{125F1381-64D7-4B41-9CD0-050058879F8E}.Debug|x64.Build.0 = Debug|x64
		{125F1381-64D7-4B41-9CD0-050058879F8E}.Debug|x86.ActiveCfg = Debug|Win32
		{125F1381-64D7-4B41-9CD0-050058879F8E}.Debug|x86.Build.0 = Debug|Win32
		{125F1381-64D7-4B41-9CD0-050058879F8E}.Release|x64.ActiveCfg = Release|x64
		{125F1381-64D7-4B41-9CD0-050058879F8E}.Release|x64.Build.0 = Release|x64
		{125F1381-64D7-4B41-9CD0-050058879F8E}.Release|x86.ActiveCfg = Release|Win32
		{125F1381-64D7-4B41-9CD0-050058879F8E}.Release|x86.Build.0 = Release|Win32
		{EF2C8142-9475-46DF-851F-5BCAC3C6E42B}.Debug|x64.ActiveCfg = Debug|x64
		{EF2C8142-9475-46DF-851F-5BCAC3C6E42B}.Debug|x64.Build.0 = Debug|x64
		{EF2C8142-9475-46DF-851F-5BCAC3C6E42B}.Debug|x86.ActiveCfg = Debug|Win32
		{EF2C8142-9475-46DF-851F-5BCAC3C6E42B}.Debug|x86.Build.0 = Debug|Win32
		{EF2C8142-9475-46DF-851F-5BCAC3C6E42B}.Release|x64.ActiveCfg = Release|x64
		{EF2C8142-9475-46DF-851F-5BCAC3C6E42B}.Release|x64.Build.0 = Release|x64
		{EF2C8142-9475-46DF-851F-5BCAC3C6E42B}.Release|x86.ActiveCfg = Release|Win32
		{EF2C8142-9475-46DF-851F-5BCAC3C6E42B}.Release|x86.Build.0 = Release|Win32
		{8A1CEE29-24E0-49FE-8457-CA95E19860F1}.Debug|x64.ActiveCfg = Debug|x64
		{8A1CEE29-24E0-49FE-8457-CA95E19860F1}.Debug|x64.Build.0 = Debug|x64
		{8A1CEE29-24E0-49FE-8457-CA95E19860F1}.Debug|x86.ActiveCfg = Debug|Win32
		{8A1CEE29-24E0-49FE-8457-CA95E19860F1}.Debug|x86.Build.0 = Debug|Win32
		{8A1CEE29-24E0-49FE-8457-CA95E19860F1}.Release|x64.ActiveCfg = Release|x64
		{8A1CEE29-24E0-49FE-8457-CA95E19860F1}.Release|x64.Build.0 = Release|x64
		{8A1CEE29-24E0-49FE-8457-CA95E19860F1}.Release|x86.ActiveCfg = Release|Win32
		{8A1CEE29-24E0-49FE-8457-CA95E19860F1}.Release|x86.Build.0 = Release|Win32
		{BB1DC5E9-436F-4DEF-B7A1-E76D6DA22BA4}.Debug|x64.ActiveCfg = Debug|x64
		{BB1DC5E9-436F-4DEF-B7A1-E76D6DA22BA4}.Debug|x64.Build.0 = Debug|x64
		{BB1DC5E9-436F-4DEF-B7A1-E76D6DA22BA4}.Debug|x86.ActiveCfg = Debug|Win32
		{BB1DC5E9-436F-4DEF-B7A1-E76D6DA22BA4}.Debug|x86.Build.0 = Debug|Win32
		{BB1DC5E9-436F-4DEF-B7A1-E76D6DA22BA4}.Release|x64.ActiveCfg = Release|x64
		{BB1DC5E9-436F-4DEF-B7A1-E76D6DA22BA4}.Release|x64.Build.0 = Release|x64
		{BB1DC5E9-436F-4DEF-B7A1-E76D6DA22BA4}.Release|x86.ActiveCfg = Release|Win32
		{BB1DC5E9-436F-4DEF-B7A1-E76D6DA22BA4}.Release|x86.Build.0 = Release|Win32
		{8DD7532E-578B-467F-B55C-1771B9703146}.Debug|x64.ActiveCfg = Debug|x64
		{8DD7532E-578B-467F-B55C-1771B9703146}.Debug|x64.Build.0 = Debug|x64
		{8DD7532E-578B-467F-B55C-1771B9703146}.Debug|x86.ActiveCfg = Debug|Win32
		{8DD7532E-578B-467F-B55C-1771B9703146}.Debug|x86.Build.0 = Debug|Win32
		{8DD7532E-578B-467F-B55C-1771B9703146}.Release|x64.ActiveCfg = Release|x64
		{8DD7532E-578B-467F-B55C-1771B9703146}.Release|x64.Build.0 = Release|x64
		{8DD7532E-578B-467F-B55C-1771B9703146}.Release|x86.ActiveCfg = Release|Win32
		{8DD7532E-578B-467F-B55C-1771B9703146}.Release|x86.Build.0 = Release|Win32
		{59A268E3-E021-4EEF-82F1-FA8DEC557838}.Debug|x64.ActiveCfg = Debug|x64
		{59A268E3-E021-4EEF-82F1-FA8DEC557838}.Debug|x64.Build.0 = Debug|x64
		{59A268E3-E021-4EEF-82F1-FA8DEC557838}.Debug|x86.ActiveCfg = Debug|Win32
		{59A268E3-E021-4EEF-82F1-FA8DEC557838}.Debug|x86.Build.0 = Debug|Win32
		{59A268E3-E021-4EEF-82F1-FA8DEC557838}.Release|x64.ActiveCfg = Release|x64
		{59A268E3-E021-4EEF-82F1-FA8DEC557838}.Release|x64.Build.0 = Release|x64
		{59A268E3-E021-4EEF-82F1-FA8DEC557838}.Release|x86.ActiveCfg = Release|Win32
		{59A268E3-E021-4EEF-82F1-FA8DEC557838}.Release|x86.Build.0 = Release|Win32
		{410D31D5-8C55-4C43-834B-72D9EAD0C846}.Debug|x64.ActiveCfg = Debug|x64
		{410D31D5-8C55-4C43-834B-72D9EAD0C846}.Debug|x64.Build.0 = Debug|x64
		{410D31D5-8C55-4C43-834B-72D9EAD0C846}.Debug|x86.ActiveCfg = Debug|Win32
		{410D31D5-8C55-4C43-834B-72D9EAD0C846}.Debug|x86.Build.0 = Debug|Win32
		{410D31D5-8C55-4C43-834B-72D9EAD0C846}.Release|x64.ActiveCfg = Release|x64
		{410D31D5-8C55-4C43-834B-72D9EAD0C846}.Release|x64.Build.0 = Release|x64
		{410D31D5-8C55-4C43-834B-72D9EAD0C846}.Release|x86.ActiveCfg = Release|Win32
		{410D31D5-8C55-4C43-834B-72D9EAD0C846}.Release|x86.Build.0 = Release|Win32
		{6EB29FA6-242B-4D28-BC34-E2043F124041}.Debug|x64.ActiveCfg = Debug|x64
		{6EB29FA6-242B-4D28-BC34-E2043F124041}.Debug|x64.Build.0 = Debug|x64
		{6EB29FA6-242B-4D28-BC34-E2043F124041}.Debug|x86.ActiveCfg = Debug|Win32
		{6EB29FA6-242B-4D28-BC34-E2043F124041}.Debug|x86.Build.0 = Debug|Win32
		{6EB29FA6-242B-4D28-BC34-E2043F124041}.Release|x64.ActiveCfg = Release|x64
		{6EB29FA6-242B-4D28-BC34-E2043F124041}.Release|x64.Build.0 = Release|x64
		{6EB29FA6-242B-4D28-BC34-E2043F124041}.Release|x86.ActiveCfg = Release|Win32
		{6EB29FA6-242B-4D28-BC34-E2043F124041}.Release|x86.Build.0 = Release|Win32
		{F8A39120-63E1-497C-910E-15FC92AD77BB}.Debug|x64.ActiveCfg = Debug|x64
		{F8A39120-63E1-497C-910E-15FC92AD77BB}.Debug|x64.Build.0 = Debug|x64
		{F8A39120-63E1-497C-910E-15FC92AD77BB}.Debug|x86.ActiveCfg = Debug|Win32
		{F8A39120-63E1-497C-910E-15FC92AD77BB}.Debug|x86.Build.0 = Debug|Win32
		{F8A39120-63E1-497C-910E-15FC92AD77BB}.Release|x64.ActiveCfg = Release|x64
		{F8A39120-63E1-497C-910E-15FC92AD77BB}.Release|x64.Build.0 = Release|x64
		{F8A39120-63E1-497C-910E-15FC92AD77BB}.Release|x86.ActiveCfg = Release|Win32
		{F8A39120-63E1-497C-910E-15FC92AD77BB}.Release|x86.Build.0 = Release|Win32
		{293222AE-DB41-42A9-A9E8-2EE9CD092372}.Debug|x64.ActiveCfg = Debug|x64
		{293222AE-DB41-42A9-A9E8-2EE9CD092372}.Debug|x64.Build.0 = Debug|x64
		{293222AE-DB41-42A9-A9E8-2EE9CD092372}.Debug|x86.ActiveCfg = Debug|Win32
		{293222AE-DB41-42A9-A9E8-2EE9CD092372}.Debug|x86.Build.0 = Debug|Win32
		{293222AE-DB41-42A9-A9E8-2EE9CD092372}.Release|x64.ActiveCfg = Release|x64
		{293222AE-DB41-42A9-A9E8-2EE9CD092372}.Release|x64.Build.0 = Release|x64
		{293222AE-DB41-42A9-A9E8-2EE9CD092372}.Release|x86.ActiveCfg = Release|Win32
		{293222AE-DB41-42A9-A9E8-2EE9CD092372}.Release|x86.Build.0 = Release|Win32
		{63968DCD-D830-438E-A045-0CEA56B7D95B}.Debug|x64.ActiveCfg = Debug|x64
		{63968DCD-D830-438E-A045-0CEA56B7D95B}.Debug|x64.Build.0 = Debug|x64
		{63968DCD-D830-438E-A045-0CEA56B7D95B}.Debug|x86.ActiveCfg = Debug|Win32
		{63968DCD-D830-438E-A045-0CEA56B7D95B}.Debug|x86.Build.0 = Debug|Win32
		{63968DCD-D830-438E-A045-0CEA56B7D95B}.Release|x64.ActiveCfg = Release|x64
		{63968DCD-D830-438E-A045-0CEA56B7D95B}.Release|x64.Build.0 = Release|x64
		{63968DCD-D830-438E-A045-0CEA56B7D95B}.Release|x86.ActiveCfg = Release|Win32
		{63968DCD-D830-438E-A045-0CEA56B7D95B}.Release|x86.Build.0 = Release|Win32
		{9DB673C0-25E0-4DC8-85A6-68F516205FA2}.Debug|x64.ActiveCfg = Debug|x64
		{9DB673C0-25E0-4DC8-85A6-68F516205FA2}.Debug|x64.Build.0 = Debug|x64
		{9DB673C0-25E0-4DC8-85A6-68F516205FA2}.Debug|x86.ActiveCfg = Debug|Win32
		{9DB673C0-25E0-4DC8-85A6-68F516205FA2}.Debug|x86.Build.0 = Debug|Win32
		{9DB673C0-25E0-4DC8-85A6-68F516205FA2}.Release|x64.ActiveCfg = Release|x64
		{9DB673C0-25E0-4DC8-85A6-68F516205FA2}.Release|x64.Build.0 = Release|x64
		{9DB673C0-25E0-4DC8-85A6-68F516205FA2}.Release|x86.ActiveCfg = Release|Win32
		{9DB673C0-25E0-4DC8-85A6-68F516205FA2}.Release|x86.Build.0 = Release|Win32
		{785EA3ED-13F7-4860-8860-453A20EAD182}.Debug|x64.ActiveCfg = Debug|x64
		{785EA3ED-13F7-4860-8860-453A20EAD182}.Debug|x64.Build.0 = Debug|x64
		{785EA3ED-13F7-4860-8860-453A20EAD182}.Debug|x86.ActiveCfg = Debug|Win32
		{785EA3ED-13F7-4860-8860-453A20EAD182}.Debug|x86.Build.0 = Debug|Win32
		{785EA3ED-13F7-4860-8860-453A20EAD182}.Release|x64.ActiveCfg = Release|x64
		{785EA3ED-13F7-4860-8860-453A20EAD182}.Release|x64.Build.0 = Release|x64
		{785EA3ED-13F7-4860-8860-453A20EAD182}.Release|x86.ActiveCfg = Release|Win32
		{785EA3ED-13F7-4860-8860-453A20EAD182}.Release|x86.Build.0 = Release|Win32
		{97E61E63-95D9-4AD3-8369-AD87FC3124D3}.Debug|x64.ActiveCfg = Debug|x64
		{97E61E63-95D9-4AD3-8369-AD87FC3124D3}.Debug|x64.Build.0 = Debug|x64
		{97E61E63-95D9-4AD3-8369-AD87FC3124D3}.Debug|x86.ActiveCfg = Debug|Win32
		{97E61E63-95D9-4AD3-8369-AD87FC3124D3}.Debug|x86.Build.0 = Debug|Win32
		{97E61E63-95D9-4AD3-8369-AD87FC3124D3}.Release|x64.ActiveCfg = Release|x64
		{97E61E63-95D9-4AD3-8369-AD87FC3124D3}.Release|x64.Build.0 = Release|x64
		{97E61E63-95D9-4AD3-8369-AD87FC3124D3}.Release|x86.ActiveCfg = Release|Win32
		{97E61E63-95D9-4AD3-8369-AD87FC3124D3}.Release|x86.Build.0 = Release|Win32
		{C039E40E-34B2-4ADC-B11E-5620274824FF}.Debug|x64.ActiveCfg = Debug|x64
		{C039E40E-34B2-4ADC-B11E-5620274824FF}.Debug|x64.Build.0 = Debug|x64
		{C039E40E-34B2-4ADC-B11E-5620274824FF}.Debug|x86.ActiveCfg = Debug|Win32
		{C039E40E-34B2-4ADC-B11E-5620274824FF}.Debug|x86.Build.0 = Debug|Win32
		{C039E40E-34B2-4ADC-B11E-5620274824FF}.Release|x64.ActiveCfg = Release|x64
		{C039E40E-34B2-4ADC-B11E-5620274824FF}.Release|x64.Build.0 = Release|x64
		{C039E40E-34B2-4ADC-B11E-5620274824FF}.Release|x86.ActiveCfg = Release|Win32
		{C039E40E-34B2-4ADC-B11E-5620274824FF}.Release|x86.Build.0 = Release|Win32
		{705CE6E0-093A-48A7-A64A-AD5AD4AF7075}.Debug|x64.ActiveCfg = Debug|x64
		{705CE6E0-093A-48A7-A64A-AD5AD4AF7075}.Debug|x64.Build.0 = Debug|x64
		{705CE6E0-093A-48A7-A64A-AD5AD4AF7075}.Debug|x86.ActiveCfg = Debug|Win32
		{705CE6E0-093A-48A7-A64A-AD5AD4AF7075}.Debug|x86.Build.0 = Debug|Win32
		{705CE6E0-093A-48A7-A64A-AD5AD4AF7075}.Release|x64.ActiveCfg = Release|x64
		{705CE6E0-093A-48A7-A64A-AD5AD4AF7075}.Release|x64.Build.0 = Release|x64
		{705CE6E0-093A-48A7-A64A-AD5AD4AF7075}.Release|x86.ActiveCfg = Release|Win32
		{705CE6E0-093A-48A7-A64A-AD5AD4AF7075}.Release|x86.Build.0 = Release|Win32
		{D99E1A0D-8A76-4E6B-A54C-EA374C1EBBEF}.Debug|x64.ActiveCfg = Debug|x64
		{D99E1A0D-8A76-4E6B-A54C-EA374C1EBBEF}.Debug|x64.Build.0 = Debug|x64
		{D99E1A0D-8A76-4E6B-A54C-EA374C1EBBEF}.Debug|x86.ActiveCfg = Debug|Win32
		{D99E1A0D-8A76-4E6B-A54C-EA374C1EBBEF}.Debug|x86.Build.0 = Debug|Win32
		{D99E1A0D-8A76-4E6B-A54C-EA374C1EBBEF}.Release|x64.ActiveCfg = Release|x64
		{D99E1A0D-8A76-4E6B-A54C-EA374C1EBBEF}.Release|x64.Build.0 = Release|x64
		{D99E1A0D-8A76-4E6B-A54C-EA374C1EBBEF}.Release|x86.ActiveCfg = Release|Win32
		{D99E1A0D-8A76-4E6B-A54C-EA374C1EBBEF}.Release|x86.Build.0 = Release|Win32
		{BDF358C5-601C-4BBA-AA5D-ACD55B0C711C}.Debug|x64.ActiveCfg = Debug|x64
		{BDF358C5-601C-4BBA-AA5D-ACD55B0C711C}.Debug|x64.Build.0 = Debug|x64
		{BDF358C5-601C-4BBA-AA5D-ACD55B0C711C}.Debug|x86.ActiveCfg = Debug|Win32
		{BDF358C5-601C-4BBA-AA5D-ACD55B0C711C}.Debug|x86.Build.0 = Debug|Win32
		{BDF358C5-601C-4BBA-AA5D-ACD55B0C711C}.Release|x64.ActiveCfg = Release|x64
		{BDF358C5-601C-4BBA-AA5D-ACD55B0C711C}.Release|x64.Build.0 = Release|x64
		{BDF358C5-601C-4BBA-AA5D-ACD55B0C711C}.Release|x86.ActiveCfg = Release|Win32
		{BDF358C5-601C-4BBA-AA5D-ACD55B0C711C}.Release|x86.Build.0 = Release|Win32
		{525CA8E6-B6AB-44A3-B2BE-D1EA64631D5B}.Debug|x64.ActiveCfg = Debug|x64
		{525CA8E6-B6AB-44A3-B2BE-D1EA64631D5B}.Debug|x64.Build.0 = Debug|x64
		{525CA8E6-B6AB-44A3-B2BE-D1EA64631D5B}.Debug|x86.ActiveCfg = Debug|Win32
		{525CA8E6-B6AB-44A3-B2BE-D1EA64631D5B}.Debug|x86.Build.0 = Debug|Win32
		{525CA8E6-B6AB-44A3-B2BE-D1EA64631D5B}.Release|x64.ActiveCfg = Release|x64
		{525CA8E6-B6AB-44A3-B2BE-D1EA64631D5B}.Release|x64.Build.0 = Release|x64
		{525CA8E6-B6AB-44A3-B2BE-D1EA64631D5B}.Release|x86.ActiveCfg = Release|Win32
		{525CA8E6-B6AB-44A3-B2BE-D1EA64631D5B}.Release|x86.Build.0 = Release|Win32
		{1E915FE4-A639-402D-AE7A-B3BF0F9C7D90}.Debug|x64.ActiveCfg = Debug|x64
		{1E915FE4-A639-402D-AE7A-B3BF0F9C7D90}.Debug|x64.Build.0 = Debug|x64
		{1E915FE4-A639-402D-AE7A-B3BF0F9C7D90}.Debug|x86.ActiveCfg = Debug|Win32
		{1E915FE4-A639-402D-AE7A-B3BF0F9C7D90}.Debug|x86.Build.0 = Debug|Win32
		{1E915FE4-A639-402D-AE7A-B3BF0F9C7D90}.Release|x64.ActiveCfg = Release|x64
		{1E915FE4-A639-402D-AE7A-B3BF0F9C7D90}.Release|x64.Build.0 = Release|x64
		{1E915FE4-A639-402D-AE7A-B3BF0F9C7D90}.Release|x86.ActiveCfg = Release|Win32
		{1E915FE4-A639-402D-AE7A-B3BF0F9C7D90}.Release|x86.Build.0 = Release|Win32
		{6B3BCBAD-7258-419C-8AD2-911AEACC18F1}.Debug|x64.ActiveCfg = Debug|x64
		{6B3BCBAD-7258-419C-8AD2-911AEACC18F1}.Debug|x64.Build.0 = Debug|x64
		{6B3BCBAD-7258-419C-8AD2-911AEACC18F1}.Debug|x86.ActiveCfg = Debug|Win32
		{6B3BCBAD-7258-419C-8AD2-911AEACC18F1}.Debug|x86.Build.0 = Debug|Win32
		{6B3BCBAD-7258-419C-8AD2-911AEACC18F1}.Release|x64.ActiveCfg = Release|x64
		{6B3BCBAD-7258-419C-8AD2-911AEACC18F1}.Release|x64.Build.0 = Release|x64
		{6B3BCBAD-7258-419C-8AD2-911AEACC18F1}.Release|x86.ActiveCfg = Release|Win32
		{6B3BCBAD-7258-419C-8AD2-911AEACC18F1}.Release|x86.Build.0 = Release|Win32
		{F53B3D00-611D-418C-B130-217228085927}.Debug|x64.ActiveCfg = Debug|x64
		{F53B3D00-611D-418C-B130-217228085927}.Debug|x64.Build.0 = Debug|x64
		{F53B3D00-611D-418C-B130-217228085927}.Debug|x86.ActiveCfg = Debug|Win32
		{F53B3D00-611D-418C-B130-217228085927}.Debug|x86.Build.0 = Debug|Win32
		{F53B3D00-611D-418C-B130-217228085927}.Release|x64.ActiveCfg = Release|x64
		{F53B3D00-611D-418C-B130-217228085927}.Release|x64.Build.0 = Release|x64
		{F53B3D00-611D-418C-B130-217228085927}.Release|x86.ActiveCfg = Release|Win32
		{F53B3D00-611D-418C-B130-217228085927}.Release|x86.Build.0 = Release|Win32
		{1B628668-ADDE-4EF6-B1A4-FCB8A66A8924}.Debug|x64.ActiveCfg = Debug|x64
		{1B628668-ADDE-4EF6-B1A4-FCB8A66A8924}.Debug|x64.Build.0 = Debug|x64
		{1B628668-ADDE-4EF6-B1A4-FCB8A66A8924}.Debug|x86.ActiveCfg = Debug|Win32
		{1B628668-ADDE-4EF6-B1A4-FCB8A66A8924}.Debug|x86.Build.0 = Debug|Win32
		{1B628668-ADDE-4EF6-B1A4-FCB8A66A8924}.Release|x64.ActiveCfg = Release|x64
		{1B628668-ADDE-4EF6-B1A4-FCB8A66A8924}.Release|x64.Build.0 = Release|x64
		{1B628668-ADDE-4EF6-B1A4-FCB8A66A8924}.Release|x86.ActiveCfg = Release|Win32
		{1B628668-ADDE-4EF6-B1A4-FCB8A66A8924}.Release|x86.Build.0 = Release|Win32
		{C2F8845F-6EC1-45C3-9DFC-6D6B5C4B3B26}.Debug|x64.ActiveCfg = Debug|x64
		{C2F8845F-6EC1-45C3-9DFC-6D6B5C4B3B26}.Debug|x64.Build.0 = Debug|x64
		{C2F8845F-6EC1-45C3-9DFC-6D6B5C4B3B26}.Debug|x86.ActiveCfg = Debug|Win32
		{C2F8845F-6EC1-45C3-9DFC-6D6B5C4B3B26}.Debug|x86.Build.0 = Debug|Win32
		{C2F8845F-6EC1-45C3-9DFC-6D6B5C4B3B26}.Release|x64.ActiveCfg = Release|x64
		{C2F8845F-6EC1-45C3-9DFC-6D6B5C4B3B26}.Release|x64.Build.0 = Release|x64
		{C2F8845F-6EC1-45C3-9DFC-6D6B5C4B3B26}.Release|x86.ActiveCfg = Release|Win32
		{C2F8845F-6EC1-45C3-9DFC-6D6B5C4B3B26}.Release|x86.Build.0 = Release|Win32
		{DD1BF2A0-8335-4F32-8AB4-3BD38B04A84D}.Debug|x64.ActiveCfg = Debug|x64
		{DD1BF2A0-8335-4F32-8AB4-3BD38B04A84D}.Debug|x64.Build.0 = Debug|x64
		{DD1BF2A0-8335-4F32-8AB4-3BD38B04A84D}.Debug|x86.ActiveCfg = Debug|Win32
		{DD1BF2A0-8335-4F32-8AB4-3BD38B04A84D}.Debug|x86.Build.0 = Debug|Win32
		{DD1BF2A0-8335-4F32-8AB4-3BD38B04A84D}.Release|x64.ActiveCfg = Release|x64
		{DD1BF2A0-8335-4F32-8AB4-3BD38B04A84D}.Release|x64.Build.0 = Release|x64
		{DD1BF2A0-8335-4F32-8AB4-3BD38B04A84D}.Release|x86.ActiveCfg = Release|Win32
		{DD1BF2A0-8335-4F32-8AB4-3BD38B04A84D}.Release|x86.Build.0 = Release|Win32
		{14D7CCC8-BC41-4C4A-AB3E-90F509C2BF60}.Debug|x64.ActiveCfg = Debug|x64
		{14D7CCC8-BC41-4C4A-AB3E-90F509C2BF60}.Debug|x64.Build.0 = Debug|x64
		{14D7CCC8-BC41-4C4A-AB3E-90F509C2BF60}.Debug|x86.ActiveCfg = Debug|Win32
		{14D7CCC8-BC41-4C4A-AB3E-90F509C2BF60}.Debug|x86.Build.0 = Debug|Win32
		{14D7CCC8-BC41-4C4A-AB3E-90F509C2BF60}.Release|x64.ActiveCfg = Release|x64
		{14D7CCC8-BC41-4C4A-AB3E-90F509C2BF60}.Release|x64.Build.0 = Release|x64
		{14D7CCC8-BC41-4C4A-AB3E-90F509C2BF60}.Release|x86.ActiveCfg = Release|Win32
		{14D7CCC8-BC41-4C4A-AB3E-90F509C2BF60}.Release|x86.Build.0 = Release|Win32
	EndGlobalSection
	GlobalSection(SolutionProperties) = preSolution
		HideSolutionNode = FALSE
	EndGlobalSection
	GlobalSection(ExtensibilityGlobals) = postSolution
		SolutionGuid = {30078264-1FB7-47C1-99F5-4359D66D5602}
	EndGlobalSection
EndGlobal
